{
  "version": 4,
  "terraform_version": "1.13.5",
  "serial": 201,
  "lineage": "39326bbc-8f00-de2d-2091-e26a62b3890d",
  "outputs": {},
  "resources": [
    {
      "module": "module.acm",
      "mode": "managed",
      "type": "aws_acm_certificate",
      "name": "cert",
      "provider": "provider[\"registry.terraform.io/hashicorp/aws\"]",
      "instances": [
        {
          "schema_version": 0,
          "attributes": {
            "arn": "arn:aws:acm:us-east-1:263427518575:certificate/de9732bb-5e2a-4786-97de-972735fe01bf",
            "certificate_authority_arn": "",
            "certificate_body": null,
            "certificate_chain": null,
            "domain_name": "api.opalinkapp.com",
            "domain_validation_options": [
              {
                "domain_name": "api.opalinkapp.com",
                "resource_record_name": "_d9ec23083772e228078644541f71eddf.api.opalinkapp.com.",
                "resource_record_type": "CNAME",
                "resource_record_value": "_db80afdb0b95a33937b961c90d482b9f.tftwdmzmwn.acm-validations.aws."
              }
            ],
            "early_renewal_duration": "",
            "id": "arn:aws:acm:us-east-1:263427518575:certificate/de9732bb-5e2a-4786-97de-972735fe01bf",
            "key_algorithm": "RSA_2048",
            "not_after": "2026-03-05T23:59:59Z",
            "not_before": "2025-02-03T00:00:00Z",
            "options": [
              {
                "certificate_transparency_logging_preference": "ENABLED",
                "export": "DISABLED"
              }
            ],
            "pending_renewal": false,
            "private_key": null,
            "region": "us-east-1",
            "renewal_eligibility": "ELIGIBLE",
            "renewal_summary": [
              {
                "renewal_status": "SUCCESS",
                "renewal_status_reason": "",
                "updated_at": "2025-02-03T06:35:51Z"
              }
            ],
            "status": "ISSUED",
            "subject_alternative_names": [
              "api.opalinkapp.com"
            ],
            "tags": {
              "environment": "prod"
            },
            "tags_all": {
              "environment": "prod"
            },
            "type": "AMAZON_ISSUED",
            "validation_emails": [],
            "validation_method": "DNS",
            "validation_option": []
          },
          "sensitive_attributes": [
            [
              {
                "type": "get_attr",
                "value": "private_key"
              }
            ]
          ],
          "identity_schema_version": 0,
          "identity": {
            "arn": "arn:aws:acm:us-east-1:263427518575:certificate/de9732bb-5e2a-4786-97de-972735fe01bf"
          },
          "private": "eyJzY2hlbWFfdmVyc2lvbiI6IjAifQ=="
        }
      ]
    },
    {
      "module": "module.acm",
      "mode": "managed",
      "type": "aws_acm_certificate",
      "name": "cert_kowl",
      "provider": "provider[\"registry.terraform.io/hashicorp/aws\"]",
      "instances": [
        {
          "schema_version": 0,
          "attributes": {
            "arn": "arn:aws:acm:us-east-1:263427518575:certificate/d44774d1-1d91-4fe5-94e2-5ed41fe4820b",
            "certificate_authority_arn": "",
            "certificate_body": null,
            "certificate_chain": null,
            "domain_name": "kowl.opalinkapp.com",
            "domain_validation_options": [
              {
                "domain_name": "kowl.opalinkapp.com",
                "resource_record_name": "_0f546f2e1ca19293eab387461a1b41e5.kowl.opalinkapp.com.",
                "resource_record_type": "CNAME",
                "resource_record_value": "_efc59e4f2c2a9c698655d0e6fc0b5e8c.tftwdmzmwn.acm-validations.aws."
              }
            ],
            "early_renewal_duration": "",
            "id": "arn:aws:acm:us-east-1:263427518575:certificate/d44774d1-1d91-4fe5-94e2-5ed41fe4820b",
            "key_algorithm": "RSA_2048",
            "not_after": "2026-03-05T23:59:59Z",
            "not_before": "2025-02-03T00:00:00Z",
            "options": [
              {
                "certificate_transparency_logging_preference": "ENABLED",
                "export": "DISABLED"
              }
            ],
            "pending_renewal": false,
            "private_key": null,
            "region": "us-east-1",
            "renewal_eligibility": "ELIGIBLE",
            "renewal_summary": [
              {
                "renewal_status": "SUCCESS",
                "renewal_status_reason": "",
                "updated_at": "2025-02-03T06:23:37Z"
              }
            ],
            "status": "ISSUED",
            "subject_alternative_names": [
              "kowl.opalinkapp.com"
            ],
            "tags": {
              "environment": "prod"
            },
            "tags_all": {
              "environment": "prod"
            },
            "type": "AMAZON_ISSUED",
            "validation_emails": [],
            "validation_method": "DNS",
            "validation_option": []
          },
          "sensitive_attributes": [
            [
              {
                "type": "get_attr",
                "value": "private_key"
              }
            ]
          ],
          "identity_schema_version": 0,
          "identity": {
            "arn": "arn:aws:acm:us-east-1:263427518575:certificate/d44774d1-1d91-4fe5-94e2-5ed41fe4820b"
          },
          "private": "eyJzY2hlbWFfdmVyc2lvbiI6IjAifQ=="
        }
      ]
    },
    {
      "module": "module.ecr",
      "mode": "managed",
      "type": "aws_ecr_repository",
      "name": "accounting",
      "provider": "provider[\"registry.terraform.io/hashicorp/aws\"]",
      "instances": [
        {
          "schema_version": 0,
          "attributes": {
            "arn": "arn:aws:ecr:us-east-1:263427518575:repository/accounting-prod",
            "encryption_configuration": [
              {
                "encryption_type": "AES256",
                "kms_key": ""
              }
            ],
            "force_delete": null,
            "id": "accounting-prod",
            "image_scanning_configuration": [
              {
                "scan_on_push": false
              }
            ],
            "image_tag_mutability": "MUTABLE",
            "image_tag_mutability_exclusion_filter": [],
            "name": "accounting-prod",
            "region": "us-east-1",
            "registry_id": "263427518575",
            "repository_url": "263427518575.dkr.ecr.us-east-1.amazonaws.com/accounting-prod",
            "tags": {},
            "tags_all": {},
            "timeouts": null
          },
          "sensitive_attributes": [],
          "identity_schema_version": 0,
          "identity": {
            "account_id": "263427518575",
            "name": "accounting-prod",
            "region": "us-east-1"
          },
          "private": "eyJlMmJmYjczMC1lY2FhLTExZTYtOGY4OC0zNDM2M2JjN2M0YzAiOnsiZGVsZXRlIjoxMjAwMDAwMDAwMDAwfSwic2NoZW1hX3ZlcnNpb24iOiIwIn0="
        }
      ]
    },
    {
      "module": "module.ecr",
      "mode": "managed",
      "type": "aws_ecr_repository",
      "name": "auth",
      "provider": "provider[\"registry.terraform.io/hashicorp/aws\"]",
      "instances": [
        {
          "schema_version": 0,
          "attributes": {
            "arn": "arn:aws:ecr:us-east-1:263427518575:repository/auth-prod",
            "encryption_configuration": [
              {
                "encryption_type": "AES256",
                "kms_key": ""
              }
            ],
            "force_delete": null,
            "id": "auth-prod",
            "image_scanning_configuration": [
              {
                "scan_on_push": false
              }
            ],
            "image_tag_mutability": "MUTABLE",
            "image_tag_mutability_exclusion_filter": [],
            "name": "auth-prod",
            "region": "us-east-1",
            "registry_id": "263427518575",
            "repository_url": "263427518575.dkr.ecr.us-east-1.amazonaws.com/auth-prod",
            "tags": {},
            "tags_all": {},
            "timeouts": null
          },
          "sensitive_attributes": [],
          "identity_schema_version": 0,
          "identity": {
            "account_id": "263427518575",
            "name": "auth-prod",
            "region": "us-east-1"
          },
          "private": "eyJlMmJmYjczMC1lY2FhLTExZTYtOGY4OC0zNDM2M2JjN2M0YzAiOnsiZGVsZXRlIjoxMjAwMDAwMDAwMDAwfSwic2NoZW1hX3ZlcnNpb24iOiIwIn0="
        }
      ]
    },
    {
      "module": "module.ecr",
      "mode": "managed",
      "type": "aws_ecr_repository",
      "name": "customer_support",
      "provider": "provider[\"registry.terraform.io/hashicorp/aws\"]",
      "instances": [
        {
          "schema_version": 0,
          "attributes": {
            "arn": "arn:aws:ecr:us-east-1:263427518575:repository/customer-support-prod",
            "encryption_configuration": [
              {
                "encryption_type": "AES256",
                "kms_key": ""
              }
            ],
            "force_delete": null,
            "id": "customer-support-prod",
            "image_scanning_configuration": [
              {
                "scan_on_push": false
              }
            ],
            "image_tag_mutability": "MUTABLE",
            "image_tag_mutability_exclusion_filter": [],
            "name": "customer-support-prod",
            "region": "us-east-1",
            "registry_id": "263427518575",
            "repository_url": "263427518575.dkr.ecr.us-east-1.amazonaws.com/customer-support-prod",
            "tags": {},
            "tags_all": {},
            "timeouts": null
          },
          "sensitive_attributes": [],
          "identity_schema_version": 0,
          "identity": {
            "account_id": "263427518575",
            "name": "customer-support-prod",
            "region": "us-east-1"
          },
          "private": "eyJlMmJmYjczMC1lY2FhLTExZTYtOGY4OC0zNDM2M2JjN2M0YzAiOnsiZGVsZXRlIjoxMjAwMDAwMDAwMDAwfSwic2NoZW1hX3ZlcnNpb24iOiIwIn0="
        }
      ]
    },
    {
      "module": "module.ecr",
      "mode": "managed",
      "type": "aws_ecr_repository",
      "name": "gift",
      "provider": "provider[\"registry.terraform.io/hashicorp/aws\"]",
      "instances": [
        {
          "schema_version": 0,
          "attributes": {
            "arn": "arn:aws:ecr:us-east-1:263427518575:repository/gift-prod",
            "encryption_configuration": [
              {
                "encryption_type": "AES256",
                "kms_key": ""
              }
            ],
            "force_delete": null,
            "id": "gift-prod",
            "image_scanning_configuration": [
              {
                "scan_on_push": false
              }
            ],
            "image_tag_mutability": "MUTABLE",
            "image_tag_mutability_exclusion_filter": [],
            "name": "gift-prod",
            "region": "us-east-1",
            "registry_id": "263427518575",
            "repository_url": "263427518575.dkr.ecr.us-east-1.amazonaws.com/gift-prod",
            "tags": {},
            "tags_all": {},
            "timeouts": null
          },
          "sensitive_attributes": [],
          "identity_schema_version": 0,
          "identity": {
            "account_id": "263427518575",
            "name": "gift-prod",
            "region": "us-east-1"
          },
          "private": "eyJlMmJmYjczMC1lY2FhLTExZTYtOGY4OC0zNDM2M2JjN2M0YzAiOnsiZGVsZXRlIjoxMjAwMDAwMDAwMDAwfSwic2NoZW1hX3ZlcnNpb24iOiIwIn0="
        }
      ]
    },
    {
      "module": "module.ecr",
      "mode": "managed",
      "type": "aws_ecr_repository",
      "name": "mobile",
      "provider": "provider[\"registry.terraform.io/hashicorp/aws\"]",
      "instances": [
        {
          "schema_version": 0,
          "attributes": {
            "arn": "arn:aws:ecr:us-east-1:263427518575:repository/mobile-prod",
            "encryption_configuration": [
              {
                "encryption_type": "AES256",
                "kms_key": ""
              }
            ],
            "force_delete": null,
            "id": "mobile-prod",
            "image_scanning_configuration": [
              {
                "scan_on_push": false
              }
            ],
            "image_tag_mutability": "MUTABLE",
            "image_tag_mutability_exclusion_filter": [],
            "name": "mobile-prod",
            "region": "us-east-1",
            "registry_id": "263427518575",
            "repository_url": "263427518575.dkr.ecr.us-east-1.amazonaws.com/mobile-prod",
            "tags": {},
            "tags_all": {},
            "timeouts": null
          },
          "sensitive_attributes": [],
          "identity_schema_version": 0,
          "identity": {
            "account_id": "263427518575",
            "name": "mobile-prod",
            "region": "us-east-1"
          },
          "private": "eyJlMmJmYjczMC1lY2FhLTExZTYtOGY4OC0zNDM2M2JjN2M0YzAiOnsiZGVsZXRlIjoxMjAwMDAwMDAwMDAwfSwic2NoZW1hX3ZlcnNpb24iOiIwIn0="
        }
      ]
    },
    {
      "module": "module.ecr",
      "mode": "managed",
      "type": "aws_ecr_repository",
      "name": "nginx_auth",
      "provider": "provider[\"registry.terraform.io/hashicorp/aws\"]",
      "instances": [
        {
          "schema_version": 0,
          "attributes": {
            "arn": "arn:aws:ecr:us-east-1:263427518575:repository/opalink/prod/nginx/auth",
            "encryption_configuration": [
              {
                "encryption_type": "AES256",
                "kms_key": ""
              }
            ],
            "force_delete": null,
            "id": "opalink/prod/nginx/auth",
            "image_scanning_configuration": [
              {
                "scan_on_push": false
              }
            ],
            "image_tag_mutability": "MUTABLE",
            "image_tag_mutability_exclusion_filter": [],
            "name": "opalink/prod/nginx/auth",
            "region": "us-east-1",
            "registry_id": "263427518575",
            "repository_url": "263427518575.dkr.ecr.us-east-1.amazonaws.com/opalink/prod/nginx/auth",
            "tags": {},
            "tags_all": {},
            "timeouts": null
          },
          "sensitive_attributes": [],
          "identity_schema_version": 0,
          "identity": {
            "account_id": "263427518575",
            "name": "opalink/prod/nginx/auth",
            "region": "us-east-1"
          },
          "private": "eyJlMmJmYjczMC1lY2FhLTExZTYtOGY4OC0zNDM2M2JjN2M0YzAiOnsiZGVsZXRlIjoxMjAwMDAwMDAwMDAwfSwic2NoZW1hX3ZlcnNpb24iOiIwIn0="
        }
      ]
    },
    {
      "module": "module.ecr",
      "mode": "managed",
      "type": "aws_ecr_repository",
      "name": "notification",
      "provider": "provider[\"registry.terraform.io/hashicorp/aws\"]",
      "instances": [
        {
          "schema_version": 0,
          "attributes": {
            "arn": "arn:aws:ecr:us-east-1:263427518575:repository/notification-prod",
            "encryption_configuration": [
              {
                "encryption_type": "AES256",
                "kms_key": ""
              }
            ],
            "force_delete": null,
            "id": "notification-prod",
            "image_scanning_configuration": [
              {
                "scan_on_push": false
              }
            ],
            "image_tag_mutability": "MUTABLE",
            "image_tag_mutability_exclusion_filter": [],
            "name": "notification-prod",
            "region": "us-east-1",
            "registry_id": "263427518575",
            "repository_url": "263427518575.dkr.ecr.us-east-1.amazonaws.com/notification-prod",
            "tags": {},
            "tags_all": {},
            "timeouts": null
          },
          "sensitive_attributes": [],
          "identity_schema_version": 0,
          "identity": {
            "account_id": "263427518575",
            "name": "notification-prod",
            "region": "us-east-1"
          },
          "private": "eyJlMmJmYjczMC1lY2FhLTExZTYtOGY4OC0zNDM2M2JjN2M0YzAiOnsiZGVsZXRlIjoxMjAwMDAwMDAwMDAwfSwic2NoZW1hX3ZlcnNpb24iOiIwIn0="
        }
      ]
    },
    {
      "module": "module.ecr",
      "mode": "managed",
      "type": "aws_ecr_repository",
      "name": "restaurant",
      "provider": "provider[\"registry.terraform.io/hashicorp/aws\"]",
      "instances": [
        {
          "schema_version": 0,
          "attributes": {
            "arn": "arn:aws:ecr:us-east-1:263427518575:repository/resturant-prod",
            "encryption_configuration": [
              {
                "encryption_type": "AES256",
                "kms_key": ""
              }
            ],
            "force_delete": null,
            "id": "resturant-prod",
            "image_scanning_configuration": [
              {
                "scan_on_push": false
              }
            ],
            "image_tag_mutability": "MUTABLE",
            "image_tag_mutability_exclusion_filter": [],
            "name": "resturant-prod",
            "region": "us-east-1",
            "registry_id": "263427518575",
            "repository_url": "263427518575.dkr.ecr.us-east-1.amazonaws.com/resturant-prod",
            "tags": {},
            "tags_all": {},
            "timeouts": null
          },
          "sensitive_attributes": [],
          "identity_schema_version": 0,
          "identity": {
            "account_id": "263427518575",
            "name": "resturant-prod",
            "region": "us-east-1"
          },
          "private": "eyJlMmJmYjczMC1lY2FhLTExZTYtOGY4OC0zNDM2M2JjN2M0YzAiOnsiZGVsZXRlIjoxMjAwMDAwMDAwMDAwfSwic2NoZW1hX3ZlcnNpb24iOiIwIn0="
        }
      ]
    },
    {
      "module": "module.ecr",
      "mode": "managed",
      "type": "aws_ecr_repository",
      "name": "super_admin",
      "provider": "provider[\"registry.terraform.io/hashicorp/aws\"]",
      "instances": [
        {
          "schema_version": 0,
          "attributes": {
            "arn": "arn:aws:ecr:us-east-1:263427518575:repository/super-admin-prod",
            "encryption_configuration": [
              {
                "encryption_type": "AES256",
                "kms_key": ""
              }
            ],
            "force_delete": null,
            "id": "super-admin-prod",
            "image_scanning_configuration": [
              {
                "scan_on_push": false
              }
            ],
            "image_tag_mutability": "MUTABLE",
            "image_tag_mutability_exclusion_filter": [],
            "name": "super-admin-prod",
            "region": "us-east-1",
            "registry_id": "263427518575",
            "repository_url": "263427518575.dkr.ecr.us-east-1.amazonaws.com/super-admin-prod",
            "tags": {},
            "tags_all": {},
            "timeouts": null
          },
          "sensitive_attributes": [],
          "identity_schema_version": 0,
          "identity": {
            "account_id": "263427518575",
            "name": "super-admin-prod",
            "region": "us-east-1"
          },
          "private": "eyJlMmJmYjczMC1lY2FhLTExZTYtOGY4OC0zNDM2M2JjN2M0YzAiOnsiZGVsZXRlIjoxMjAwMDAwMDAwMDAwfSwic2NoZW1hX3ZlcnNpb24iOiIwIn0="
        }
      ]
    },
    {
      "module": "module.ecr",
      "mode": "managed",
      "type": "aws_ecr_repository",
      "name": "user",
      "provider": "provider[\"registry.terraform.io/hashicorp/aws\"]",
      "instances": [
        {
          "schema_version": 0,
          "attributes": {
            "arn": "arn:aws:ecr:us-east-1:263427518575:repository/user-prod",
            "encryption_configuration": [
              {
                "encryption_type": "AES256",
                "kms_key": ""
              }
            ],
            "force_delete": null,
            "id": "user-prod",
            "image_scanning_configuration": [
              {
                "scan_on_push": false
              }
            ],
            "image_tag_mutability": "MUTABLE",
            "image_tag_mutability_exclusion_filter": [],
            "name": "user-prod",
            "region": "us-east-1",
            "registry_id": "263427518575",
            "repository_url": "263427518575.dkr.ecr.us-east-1.amazonaws.com/user-prod",
            "tags": {},
            "tags_all": {},
            "timeouts": null
          },
          "sensitive_attributes": [],
          "identity_schema_version": 0,
          "identity": {
            "account_id": "263427518575",
            "name": "user-prod",
            "region": "us-east-1"
          },
          "private": "eyJlMmJmYjczMC1lY2FhLTExZTYtOGY4OC0zNDM2M2JjN2M0YzAiOnsiZGVsZXRlIjoxMjAwMDAwMDAwMDAwfSwic2NoZW1hX3ZlcnNpb24iOiIwIn0="
        }
      ]
    },
    {
      "module": "module.ecs",
      "mode": "managed",
      "type": "aws_cloudwatch_log_group",
      "name": "accounting",
      "provider": "provider[\"registry.terraform.io/hashicorp/aws\"]",
      "instances": [
        {
          "schema_version": 0,
          "attributes": {
            "arn": "arn:aws:logs:us-east-1:263427518575:log-group:/ecs/accounting-prod-task-defination",
            "id": "/ecs/accounting-prod-task-defination",
            "kms_key_id": "",
            "log_group_class": "STANDARD",
            "name": "/ecs/accounting-prod-task-defination",
            "name_prefix": "",
            "region": "us-east-1",
            "retention_in_days": 0,
            "skip_destroy": false,
            "tags": {},
            "tags_all": {}
          },
          "sensitive_attributes": [],
          "identity_schema_version": 0,
          "identity": {
            "account_id": "263427518575",
            "name": "/ecs/accounting-prod-task-defination",
            "region": "us-east-1"
          },
          "private": "eyJzY2hlbWFfdmVyc2lvbiI6IjAifQ=="
        }
      ]
    },
    {
      "module": "module.ecs",
      "mode": "managed",
      "type": "aws_cloudwatch_log_group",
      "name": "accounting_otel_sidecar_collector",
      "provider": "provider[\"registry.terraform.io/hashicorp/aws\"]",
      "instances": [
        {
          "schema_version": 0,
          "attributes": {
            "arn": "arn:aws:logs:us-east-1:263427518575:log-group:/ecs/ecs-aws-otel-sidecar-collector",
            "id": "/ecs/ecs-aws-otel-sidecar-collector",
            "kms_key_id": "",
            "log_group_class": "STANDARD",
            "name": "/ecs/ecs-aws-otel-sidecar-collector",
            "name_prefix": "",
            "region": "us-east-1",
            "retention_in_days": 0,
            "skip_destroy": false,
            "tags": {},
            "tags_all": {}
          },
          "sensitive_attributes": [],
          "identity_schema_version": 0,
          "identity": {
            "account_id": "263427518575",
            "name": "/ecs/ecs-aws-otel-sidecar-collector",
            "region": "us-east-1"
          },
          "private": "eyJzY2hlbWFfdmVyc2lvbiI6IjAifQ=="
        }
      ]
    },
    {
      "module": "module.ecs",
      "mode": "managed",
      "type": "aws_ecs_cluster",
      "name": "ecs_cluster",
      "provider": "provider[\"registry.terraform.io/hashicorp/aws\"]",
      "instances": [
        {
          "schema_version": 0,
          "attributes": {
            "arn": "arn:aws:ecs:us-east-1:263427518575:cluster/ProdCluster",
            "configuration": [],
            "id": "arn:aws:ecs:us-east-1:263427518575:cluster/ProdCluster",
            "name": "ProdCluster",
            "region": "us-east-1",
            "service_connect_defaults": [],
            "setting": [
              {
                "name": "containerInsights",
                "value": "enhanced"
              }
            ],
            "tags": {},
            "tags_all": {}
          },
          "sensitive_attributes": [],
          "identity_schema_version": 0,
          "private": "eyJzY2hlbWFfdmVyc2lvbiI6IjAifQ=="
        }
      ]
    },
    {
      "module": "module.ecs",
      "mode": "managed",
      "type": "aws_ecs_service",
      "name": "accounting",
      "provider": "provider[\"registry.terraform.io/hashicorp/aws\"]",
      "instances": [
        {
          "schema_version": 1,
          "attributes": {
            "alarms": [
              {
                "alarm_names": [],
                "enable": false,
                "rollback": false
              }
            ],
            "arn": "arn:aws:ecs:us-east-1:263427518575:service/ProdCluster/accounting-prod-service-8ia6ni4r",
            "availability_zone_rebalancing": "ENABLED",
            "capacity_provider_strategy": [
              {
                "base": 0,
                "capacity_provider": "FARGATE",
                "weight": 1
              }
            ],
            "cluster": "arn:aws:ecs:us-east-1:263427518575:cluster/ProdCluster",
            "deployment_circuit_breaker": [
              {
                "enable": true,
                "rollback": true
              }
            ],
            "deployment_configuration": [
              {
                "bake_time_in_minutes": "0",
                "canary_configuration": [],
                "lifecycle_hook": [],
                "linear_configuration": [],
                "strategy": "ROLLING"
              }
            ],
            "deployment_controller": [
              {
                "type": "ECS"
              }
            ],
            "deployment_maximum_percent": 200,
            "deployment_minimum_healthy_percent": 100,
            "desired_count": 1,
            "enable_ecs_managed_tags": true,
            "enable_execute_command": true,
            "force_delete": null,
            "force_new_deployment": null,
            "health_check_grace_period_seconds": 0,
            "iam_role": "/aws-service-role/ecs.amazonaws.com/AWSServiceRoleForECS",
            "id": "arn:aws:ecs:us-east-1:263427518575:service/ProdCluster/accounting-prod-service-8ia6ni4r",
            "launch_type": "",
            "load_balancer": [
              {
                "advanced_configuration": [],
                "container_name": "accounting",
                "container_port": 3000,
                "elb_name": "",
                "target_group_arn": "arn:aws:elasticloadbalancing:us-east-1:263427518575:targetgroup/opalink-prod-accounting-service/46f7b71e985aa042"
              }
            ],
            "name": "accounting-prod-service-8ia6ni4r",
            "network_configuration": [
              {
                "assign_public_ip": true,
                "security_groups": [
                  "sg-09b4feef0b81163ac"
                ],
                "subnets": [
                  "subnet-024eae79168ce7b83",
                  "subnet-07d7e43e5ac5d45df",
                  "subnet-0b69f9d961f0d658e"
                ]
              }
            ],
            "ordered_placement_strategy": [],
            "placement_constraints": [],
            "platform_version": "1.4.0",
            "propagate_tags": "NONE",
            "region": "us-east-1",
            "scheduling_strategy": "REPLICA",
            "service_connect_configuration": [],
            "service_registries": [],
            "sigint_rollback": null,
            "tags": {},
            "tags_all": {},
            "task_definition": "accounting-prod-task-defination:93",
            "timeouts": null,
            "triggers": {},
            "volume_configuration": [],
            "vpc_lattice_configurations": [],
            "wait_for_steady_state": null
          },
          "sensitive_attributes": [],
          "identity_schema_version": 0,
          "private": "eyJlMmJmYjczMC1lY2FhLTExZTYtOGY4OC0zNDM2M2JjN2M0YzAiOnsiY3JlYXRlIjoxMjAwMDAwMDAwMDAwLCJkZWxldGUiOjEyMDAwMDAwMDAwMDAsInVwZGF0ZSI6MTIwMDAwMDAwMDAwMH0sInNjaGVtYV92ZXJzaW9uIjoiMSJ9"
        }
      ]
    },
    {
      "module": "module.ecs",
      "mode": "managed",
      "type": "aws_ecs_service",
      "name": "auth_service",
      "provider": "provider[\"registry.terraform.io/hashicorp/aws\"]",
      "instances": [
        {
          "schema_version": 1,
          "attributes": {
            "alarms": [
              {
                "alarm_names": [],
                "enable": false,
                "rollback": false
              }
            ],
            "arn": "arn:aws:ecs:us-east-1:263427518575:service/ProdCluster/auth-prod-service",
            "availability_zone_rebalancing": "ENABLED",
            "capacity_provider_strategy": [
              {
                "base": 0,
                "capacity_provider": "FARGATE",
                "weight": 1
              }
            ],
            "cluster": "arn:aws:ecs:us-east-1:263427518575:cluster/ProdCluster",
            "deployment_circuit_breaker": [
              {
                "enable": true,
                "rollback": true
              }
            ],
            "deployment_configuration": [
              {
                "bake_time_in_minutes": "0",
                "canary_configuration": [],
                "lifecycle_hook": [],
                "linear_configuration": [],
                "strategy": "ROLLING"
              }
            ],
            "deployment_controller": [
              {
                "type": "ECS"
              }
            ],
            "deployment_maximum_percent": 200,
            "deployment_minimum_healthy_percent": 100,
            "desired_count": 1,
            "enable_ecs_managed_tags": true,
            "enable_execute_command": true,
            "force_delete": null,
            "force_new_deployment": null,
            "health_check_grace_period_seconds": 0,
            "iam_role": "/aws-service-role/ecs.amazonaws.com/AWSServiceRoleForECS",
            "id": "arn:aws:ecs:us-east-1:263427518575:service/ProdCluster/auth-prod-service",
            "launch_type": "",
            "load_balancer": [
              {
                "advanced_configuration": [],
                "container_name": "auth",
                "container_port": 3001,
                "elb_name": "",
                "target_group_arn": "arn:aws:elasticloadbalancing:us-east-1:263427518575:targetgroup/opalink-prod-auth-service/a6a422e6df8e5e0b"
              }
            ],
            "name": "auth-prod-service",
            "network_configuration": [
              {
                "assign_public_ip": true,
                "security_groups": [
                  "sg-08898209a9b0801cd"
                ],
                "subnets": [
                  "subnet-024eae79168ce7b83",
                  "subnet-07d7e43e5ac5d45df",
                  "subnet-0b69f9d961f0d658e"
                ]
              }
            ],
            "ordered_placement_strategy": [],
            "placement_constraints": [],
            "platform_version": "1.4.0",
            "propagate_tags": "NONE",
            "region": "us-east-1",
            "scheduling_strategy": "REPLICA",
            "service_connect_configuration": [],
            "service_registries": [],
            "sigint_rollback": null,
            "tags": {},
            "tags_all": {},
            "task_definition": "auth-prod-task-defination:84",
            "timeouts": null,
            "triggers": {},
            "volume_configuration": [],
            "vpc_lattice_configurations": [],
            "wait_for_steady_state": null
          },
          "sensitive_attributes": [],
          "identity_schema_version": 0,
          "private": "eyJlMmJmYjczMC1lY2FhLTExZTYtOGY4OC0zNDM2M2JjN2M0YzAiOnsiY3JlYXRlIjoxMjAwMDAwMDAwMDAwLCJkZWxldGUiOjEyMDAwMDAwMDAwMDAsInVwZGF0ZSI6MTIwMDAwMDAwMDAwMH0sInNjaGVtYV92ZXJzaW9uIjoiMSJ9"
        }
      ]
    },
    {
      "module": "module.ecs",
      "mode": "managed",
      "type": "aws_ecs_service",
      "name": "customer_support_service",
      "provider": "provider[\"registry.terraform.io/hashicorp/aws\"]",
      "instances": [
        {
          "schema_version": 1,
          "attributes": {
            "alarms": [
              {
                "alarm_names": [],
                "enable": false,
                "rollback": false
              }
            ],
            "arn": "arn:aws:ecs:us-east-1:263427518575:service/ProdCluster/customer-support-prod-service",
            "availability_zone_rebalancing": "ENABLED",
            "capacity_provider_strategy": [
              {
                "base": 0,
                "capacity_provider": "FARGATE",
                "weight": 1
              }
            ],
            "cluster": "arn:aws:ecs:us-east-1:263427518575:cluster/ProdCluster",
            "deployment_circuit_breaker": [
              {
                "enable": true,
                "rollback": true
              }
            ],
            "deployment_configuration": [
              {
                "bake_time_in_minutes": "0",
                "canary_configuration": [],
                "lifecycle_hook": [],
                "linear_configuration": [],
                "strategy": "ROLLING"
              }
            ],
            "deployment_controller": [
              {
                "type": "ECS"
              }
            ],
            "deployment_maximum_percent": 200,
            "deployment_minimum_healthy_percent": 100,
            "desired_count": 1,
            "enable_ecs_managed_tags": true,
            "enable_execute_command": true,
            "force_delete": null,
            "force_new_deployment": null,
            "health_check_grace_period_seconds": 0,
            "iam_role": "/aws-service-role/ecs.amazonaws.com/AWSServiceRoleForECS",
            "id": "arn:aws:ecs:us-east-1:263427518575:service/ProdCluster/customer-support-prod-service",
            "launch_type": "",
            "load_balancer": [
              {
                "advanced_configuration": [],
                "container_name": "customer-support",
                "container_port": 3002,
                "elb_name": "",
                "target_group_arn": "arn:aws:elasticloadbalancing:us-east-1:263427518575:targetgroup/opalink-prod-customer-support/531cca4f3582a612"
              }
            ],
            "name": "customer-support-prod-service",
            "network_configuration": [
              {
                "assign_public_ip": true,
                "security_groups": [
                  "sg-0c512fe19c9ff6168"
                ],
                "subnets": [
                  "subnet-024eae79168ce7b83",
                  "subnet-07d7e43e5ac5d45df",
                  "subnet-0b69f9d961f0d658e"
                ]
              }
            ],
            "ordered_placement_strategy": [],
            "placement_constraints": [],
            "platform_version": "1.4.0",
            "propagate_tags": "NONE",
            "region": "us-east-1",
            "scheduling_strategy": "REPLICA",
            "service_connect_configuration": [],
            "service_registries": [],
            "sigint_rollback": null,
            "tags": {},
            "tags_all": {},
            "task_definition": "customer-support-prod-task-defination:26",
            "timeouts": null,
            "triggers": {},
            "volume_configuration": [],
            "vpc_lattice_configurations": [],
            "wait_for_steady_state": null
          },
          "sensitive_attributes": [],
          "identity_schema_version": 0,
          "private": "eyJlMmJmYjczMC1lY2FhLTExZTYtOGY4OC0zNDM2M2JjN2M0YzAiOnsiY3JlYXRlIjoxMjAwMDAwMDAwMDAwLCJkZWxldGUiOjEyMDAwMDAwMDAwMDAsInVwZGF0ZSI6MTIwMDAwMDAwMDAwMH0sInNjaGVtYV92ZXJzaW9uIjoiMSJ9"
        }
      ]
    },
    {
      "module": "module.ecs",
      "mode": "managed",
      "type": "aws_ecs_service",
      "name": "gift_service",
      "provider": "provider[\"registry.terraform.io/hashicorp/aws\"]",
      "instances": [
        {
          "schema_version": 1,
          "attributes": {
            "alarms": [
              {
                "alarm_names": [],
                "enable": false,
                "rollback": false
              }
            ],
            "arn": "arn:aws:ecs:us-east-1:263427518575:service/ProdCluster/gift-prod-service",
            "availability_zone_rebalancing": "ENABLED",
            "capacity_provider_strategy": [
              {
                "base": 0,
                "capacity_provider": "FARGATE",
                "weight": 1
              }
            ],
            "cluster": "arn:aws:ecs:us-east-1:263427518575:cluster/ProdCluster",
            "deployment_circuit_breaker": [
              {
                "enable": true,
                "rollback": true
              }
            ],
            "deployment_configuration": [
              {
                "bake_time_in_minutes": "0",
                "canary_configuration": [],
                "lifecycle_hook": [],
                "linear_configuration": [],
                "strategy": "ROLLING"
              }
            ],
            "deployment_controller": [
              {
                "type": "ECS"
              }
            ],
            "deployment_maximum_percent": 200,
            "deployment_minimum_healthy_percent": 100,
            "desired_count": 1,
            "enable_ecs_managed_tags": true,
            "enable_execute_command": false,
            "force_delete": null,
            "force_new_deployment": null,
            "health_check_grace_period_seconds": 0,
            "iam_role": "/aws-service-role/ecs.amazonaws.com/AWSServiceRoleForECS",
            "id": "arn:aws:ecs:us-east-1:263427518575:service/ProdCluster/gift-prod-service",
            "launch_type": "",
            "load_balancer": [
              {
                "advanced_configuration": [],
                "container_name": "gift",
                "container_port": 3006,
                "elb_name": "",
                "target_group_arn": "arn:aws:elasticloadbalancing:us-east-1:263427518575:targetgroup/opalink-prod-gift-service/eff798499598b3ff"
              }
            ],
            "name": "gift-prod-service",
            "network_configuration": [
              {
                "assign_public_ip": true,
                "security_groups": [
                  "sg-0f17233eef581bc61"
                ],
                "subnets": [
                  "subnet-024eae79168ce7b83",
                  "subnet-07d7e43e5ac5d45df",
                  "subnet-0b69f9d961f0d658e"
                ]
              }
            ],
            "ordered_placement_strategy": [],
            "placement_constraints": [],
            "platform_version": "1.4.0",
            "propagate_tags": "NONE",
            "region": "us-east-1",
            "scheduling_strategy": "REPLICA",
            "service_connect_configuration": [],
            "service_registries": [],
            "sigint_rollback": null,
            "tags": {},
            "tags_all": {},
            "task_definition": "gift-prod-task-defination:39",
            "timeouts": null,
            "triggers": {},
            "volume_configuration": [],
            "vpc_lattice_configurations": [],
            "wait_for_steady_state": null
          },
          "sensitive_attributes": [],
          "identity_schema_version": 0,
          "private": "eyJlMmJmYjczMC1lY2FhLTExZTYtOGY4OC0zNDM2M2JjN2M0YzAiOnsiY3JlYXRlIjoxMjAwMDAwMDAwMDAwLCJkZWxldGUiOjEyMDAwMDAwMDAwMDAsInVwZGF0ZSI6MTIwMDAwMDAwMDAwMH0sInNjaGVtYV92ZXJzaW9uIjoiMSJ9"
        }
      ]
    },
    {
      "module": "module.ecs",
      "mode": "managed",
      "type": "aws_ecs_service",
      "name": "kowl_service",
      "provider": "provider[\"registry.terraform.io/hashicorp/aws\"]",
      "instances": [
        {
          "schema_version": 1,
          "attributes": {
            "alarms": [
              {
                "alarm_names": [],
                "enable": false,
                "rollback": false
              }
            ],
            "arn": "arn:aws:ecs:us-east-1:263427518575:service/ProdCluster/kowlUI-prod-service",
            "availability_zone_rebalancing": "ENABLED",
            "capacity_provider_strategy": [
              {
                "base": 0,
                "capacity_provider": "FARGATE",
                "weight": 1
              }
            ],
            "cluster": "arn:aws:ecs:us-east-1:263427518575:cluster/ProdCluster",
            "deployment_circuit_breaker": [
              {
                "enable": true,
                "rollback": true
              }
            ],
            "deployment_configuration": [
              {
                "bake_time_in_minutes": "0",
                "canary_configuration": [],
                "lifecycle_hook": [],
                "linear_configuration": [],
                "strategy": "ROLLING"
              }
            ],
            "deployment_controller": [
              {
                "type": "ECS"
              }
            ],
            "deployment_maximum_percent": 200,
            "deployment_minimum_healthy_percent": 100,
            "desired_count": 1,
            "enable_ecs_managed_tags": true,
            "enable_execute_command": false,
            "force_delete": null,
            "force_new_deployment": null,
            "health_check_grace_period_seconds": 0,
            "iam_role": "/aws-service-role/ecs.amazonaws.com/AWSServiceRoleForECS",
            "id": "arn:aws:ecs:us-east-1:263427518575:service/ProdCluster/kowlUI-prod-service",
            "launch_type": "",
            "load_balancer": [
              {
                "advanced_configuration": [],
                "container_name": "kowl",
                "container_port": 8080,
                "elb_name": "",
                "target_group_arn": "arn:aws:elasticloadbalancing:us-east-1:263427518575:targetgroup/opalink-prod-kowlUI-targetg/25c25278c72b1950"
              }
            ],
            "name": "kowlUI-prod-service",
            "network_configuration": [
              {
                "assign_public_ip": true,
                "security_groups": [
                  "sg-0a60b7d5fce60214c"
                ],
                "subnets": [
                  "subnet-024eae79168ce7b83",
                  "subnet-07d7e43e5ac5d45df",
                  "subnet-0b69f9d961f0d658e"
                ]
              }
            ],
            "ordered_placement_strategy": [],
            "placement_constraints": [],
            "platform_version": "1.4.0",
            "propagate_tags": "NONE",
            "region": "us-east-1",
            "scheduling_strategy": "REPLICA",
            "service_connect_configuration": [],
            "service_registries": [],
            "sigint_rollback": null,
            "tags": {},
            "tags_all": {},
            "task_definition": "kowlUI-task-defination-opalink-prod:2",
            "timeouts": null,
            "triggers": {},
            "volume_configuration": [],
            "vpc_lattice_configurations": [],
            "wait_for_steady_state": null
          },
          "sensitive_attributes": [],
          "identity_schema_version": 0,
          "private": "eyJlMmJmYjczMC1lY2FhLTExZTYtOGY4OC0zNDM2M2JjN2M0YzAiOnsiY3JlYXRlIjoxMjAwMDAwMDAwMDAwLCJkZWxldGUiOjEyMDAwMDAwMDAwMDAsInVwZGF0ZSI6MTIwMDAwMDAwMDAwMH0sInNjaGVtYV92ZXJzaW9uIjoiMSJ9"
        }
      ]
    },
    {
      "module": "module.ecs",
      "mode": "managed",
      "type": "aws_ecs_service",
      "name": "mobile_service",
      "provider": "provider[\"registry.terraform.io/hashicorp/aws\"]",
      "instances": [
        {
          "schema_version": 1,
          "attributes": {
            "alarms": [
              {
                "alarm_names": [],
                "enable": false,
                "rollback": false
              }
            ],
            "arn": "arn:aws:ecs:us-east-1:263427518575:service/ProdCluster/mobile-prod-service",
            "availability_zone_rebalancing": "ENABLED",
            "capacity_provider_strategy": [
              {
                "base": 0,
                "capacity_provider": "FARGATE",
                "weight": 1
              }
            ],
            "cluster": "arn:aws:ecs:us-east-1:263427518575:cluster/ProdCluster",
            "deployment_circuit_breaker": [
              {
                "enable": true,
                "rollback": true
              }
            ],
            "deployment_configuration": [
              {
                "bake_time_in_minutes": "0",
                "canary_configuration": [],
                "lifecycle_hook": [],
                "linear_configuration": [],
                "strategy": "ROLLING"
              }
            ],
            "deployment_controller": [
              {
                "type": "ECS"
              }
            ],
            "deployment_maximum_percent": 200,
            "deployment_minimum_healthy_percent": 100,
            "desired_count": 1,
            "enable_ecs_managed_tags": true,
            "enable_execute_command": false,
            "force_delete": null,
            "force_new_deployment": null,
            "health_check_grace_period_seconds": 0,
            "iam_role": "/aws-service-role/ecs.amazonaws.com/AWSServiceRoleForECS",
            "id": "arn:aws:ecs:us-east-1:263427518575:service/ProdCluster/mobile-prod-service",
            "launch_type": "",
            "load_balancer": [
              {
                "advanced_configuration": [],
                "container_name": "mobile",
                "container_port": 6001,
                "elb_name": "",
                "target_group_arn": "arn:aws:elasticloadbalancing:us-east-1:263427518575:targetgroup/opalink-prod-mobile-service/6c55d470963e770e"
              }
            ],
            "name": "mobile-prod-service",
            "network_configuration": [
              {
                "assign_public_ip": true,
                "security_groups": [
                  "sg-0f96469f83bae87f2"
                ],
                "subnets": [
                  "subnet-024eae79168ce7b83",
                  "subnet-07d7e43e5ac5d45df",
                  "subnet-0b69f9d961f0d658e"
                ]
              }
            ],
            "ordered_placement_strategy": [],
            "placement_constraints": [],
            "platform_version": "1.4.0",
            "propagate_tags": "NONE",
            "region": "us-east-1",
            "scheduling_strategy": "REPLICA",
            "service_connect_configuration": [],
            "service_registries": [],
            "sigint_rollback": null,
            "tags": {},
            "tags_all": {},
            "task_definition": "mobile-prod-task-defination:23",
            "timeouts": null,
            "triggers": {},
            "volume_configuration": [],
            "vpc_lattice_configurations": [],
            "wait_for_steady_state": null
          },
          "sensitive_attributes": [],
          "identity_schema_version": 0,
          "private": "eyJlMmJmYjczMC1lY2FhLTExZTYtOGY4OC0zNDM2M2JjN2M0YzAiOnsiY3JlYXRlIjoxMjAwMDAwMDAwMDAwLCJkZWxldGUiOjEyMDAwMDAwMDAwMDAsInVwZGF0ZSI6MTIwMDAwMDAwMDAwMH0sInNjaGVtYV92ZXJzaW9uIjoiMSJ9"
        }
      ]
    },
    {
      "module": "module.ecs",
      "mode": "managed",
      "type": "aws_ecs_service",
      "name": "nginx_service",
      "provider": "provider[\"registry.terraform.io/hashicorp/aws\"]",
      "instances": [
        {
          "schema_version": 1,
          "attributes": {
            "alarms": [
              {
                "alarm_names": [],
                "enable": false,
                "rollback": false
              }
            ],
            "arn": "arn:aws:ecs:us-east-1:263427518575:service/ProdCluster/opalink-prod-nginx-service",
            "availability_zone_rebalancing": "ENABLED",
            "capacity_provider_strategy": [
              {
                "base": 0,
                "capacity_provider": "FARGATE",
                "weight": 1
              }
            ],
            "cluster": "arn:aws:ecs:us-east-1:263427518575:cluster/ProdCluster",
            "deployment_circuit_breaker": [
              {
                "enable": true,
                "rollback": true
              }
            ],
            "deployment_configuration": [
              {
                "bake_time_in_minutes": "0",
                "canary_configuration": [],
                "lifecycle_hook": [],
                "linear_configuration": [],
                "strategy": "ROLLING"
              }
            ],
            "deployment_controller": [
              {
                "type": "ECS"
              }
            ],
            "deployment_maximum_percent": 200,
            "deployment_minimum_healthy_percent": 100,
            "desired_count": 1,
            "enable_ecs_managed_tags": true,
            "enable_execute_command": true,
            "force_delete": null,
            "force_new_deployment": null,
            "health_check_grace_period_seconds": 0,
            "iam_role": "/aws-service-role/ecs.amazonaws.com/AWSServiceRoleForECS",
            "id": "arn:aws:ecs:us-east-1:263427518575:service/ProdCluster/opalink-prod-nginx-service",
            "launch_type": "",
            "load_balancer": [
              {
                "advanced_configuration": [],
                "container_name": "nginx",
                "container_port": 80,
                "elb_name": "",
                "target_group_arn": "arn:aws:elasticloadbalancing:us-east-1:263427518575:targetgroup/opalink-prod-nginx-service/15c6c4a095eb080d"
              }
            ],
            "name": "opalink-prod-nginx-service",
            "network_configuration": [
              {
                "assign_public_ip": true,
                "security_groups": [
                  "sg-04cd115356f89ee63"
                ],
                "subnets": [
                  "subnet-024eae79168ce7b83",
                  "subnet-07d7e43e5ac5d45df",
                  "subnet-0b69f9d961f0d658e"
                ]
              }
            ],
            "ordered_placement_strategy": [],
            "placement_constraints": [],
            "platform_version": "1.4.0",
            "propagate_tags": "NONE",
            "region": "us-east-1",
            "scheduling_strategy": "REPLICA",
            "service_connect_configuration": [],
            "service_registries": [],
            "sigint_rollback": null,
            "tags": {},
            "tags_all": {},
            "task_definition": "opalink-prod-nginx-service:30",
            "timeouts": null,
            "triggers": {},
            "volume_configuration": [],
            "vpc_lattice_configurations": [],
            "wait_for_steady_state": null
          },
          "sensitive_attributes": [],
          "identity_schema_version": 0,
          "private": "eyJlMmJmYjczMC1lY2FhLTExZTYtOGY4OC0zNDM2M2JjN2M0YzAiOnsiY3JlYXRlIjoxMjAwMDAwMDAwMDAwLCJkZWxldGUiOjEyMDAwMDAwMDAwMDAsInVwZGF0ZSI6MTIwMDAwMDAwMDAwMH0sInNjaGVtYV92ZXJzaW9uIjoiMSJ9"
        }
      ]
    },
    {
      "module": "module.ecs",
      "mode": "managed",
      "type": "aws_ecs_service",
      "name": "notification_service",
      "provider": "provider[\"registry.terraform.io/hashicorp/aws\"]",
      "instances": [
        {
          "schema_version": 1,
          "attributes": {
            "alarms": [
              {
                "alarm_names": [],
                "enable": false,
                "rollback": false
              }
            ],
            "arn": "arn:aws:ecs:us-east-1:263427518575:service/ProdCluster/notification-prod-service",
            "availability_zone_rebalancing": "ENABLED",
            "capacity_provider_strategy": [
              {
                "base": 0,
                "capacity_provider": "FARGATE",
                "weight": 1
              }
            ],
            "cluster": "arn:aws:ecs:us-east-1:263427518575:cluster/ProdCluster",
            "deployment_circuit_breaker": [
              {
                "enable": true,
                "rollback": true
              }
            ],
            "deployment_configuration": [
              {
                "bake_time_in_minutes": "0",
                "canary_configuration": [],
                "lifecycle_hook": [],
                "linear_configuration": [],
                "strategy": "ROLLING"
              }
            ],
            "deployment_controller": [
              {
                "type": "ECS"
              }
            ],
            "deployment_maximum_percent": 200,
            "deployment_minimum_healthy_percent": 100,
            "desired_count": 1,
            "enable_ecs_managed_tags": true,
            "enable_execute_command": true,
            "force_delete": null,
            "force_new_deployment": null,
            "health_check_grace_period_seconds": 0,
            "iam_role": "/aws-service-role/ecs.amazonaws.com/AWSServiceRoleForECS",
            "id": "arn:aws:ecs:us-east-1:263427518575:service/ProdCluster/notification-prod-service",
            "launch_type": "",
            "load_balancer": [
              {
                "advanced_configuration": [],
                "container_name": "notification",
                "container_port": 3003,
                "elb_name": "",
                "target_group_arn": "arn:aws:elasticloadbalancing:us-east-1:263427518575:targetgroup/opalink-prod-notification/45df65e60cdf10cc"
              }
            ],
            "name": "notification-prod-service",
            "network_configuration": [
              {
                "assign_public_ip": true,
                "security_groups": [
                  "sg-058574ad45a19a883"
                ],
                "subnets": [
                  "subnet-024eae79168ce7b83",
                  "subnet-07d7e43e5ac5d45df",
                  "subnet-0b69f9d961f0d658e"
                ]
              }
            ],
            "ordered_placement_strategy": [],
            "placement_constraints": [],
            "platform_version": "LATEST",
            "propagate_tags": "NONE",
            "region": "us-east-1",
            "scheduling_strategy": "REPLICA",
            "service_connect_configuration": [],
            "service_registries": [],
            "sigint_rollback": null,
            "tags": {},
            "tags_all": {},
            "task_definition": "notification-prod-task-defination:25",
            "timeouts": null,
            "triggers": {},
            "volume_configuration": [],
            "vpc_lattice_configurations": [],
            "wait_for_steady_state": null
          },
          "sensitive_attributes": [],
          "identity_schema_version": 0,
          "private": "eyJlMmJmYjczMC1lY2FhLTExZTYtOGY4OC0zNDM2M2JjN2M0YzAiOnsiY3JlYXRlIjoxMjAwMDAwMDAwMDAwLCJkZWxldGUiOjEyMDAwMDAwMDAwMDAsInVwZGF0ZSI6MTIwMDAwMDAwMDAwMH0sInNjaGVtYV92ZXJzaW9uIjoiMSJ9"
        }
      ]
    },
    {
      "module": "module.ecs",
      "mode": "managed",
      "type": "aws_ecs_service",
      "name": "restaurant_service",
      "provider": "provider[\"registry.terraform.io/hashicorp/aws\"]",
      "instances": [
        {
          "schema_version": 1,
          "attributes": {
            "alarms": [
              {
                "alarm_names": [],
                "enable": false,
                "rollback": false
              }
            ],
            "arn": "arn:aws:ecs:us-east-1:263427518575:service/ProdCluster/restaurant-prod-service",
            "availability_zone_rebalancing": "ENABLED",
            "capacity_provider_strategy": [
              {
                "base": 0,
                "capacity_provider": "FARGATE",
                "weight": 1
              }
            ],
            "cluster": "arn:aws:ecs:us-east-1:263427518575:cluster/ProdCluster",
            "deployment_circuit_breaker": [
              {
                "enable": true,
                "rollback": true
              }
            ],
            "deployment_configuration": [
              {
                "bake_time_in_minutes": "0",
                "canary_configuration": [],
                "lifecycle_hook": [],
                "linear_configuration": [],
                "strategy": "ROLLING"
              }
            ],
            "deployment_controller": [
              {
                "type": "ECS"
              }
            ],
            "deployment_maximum_percent": 200,
            "deployment_minimum_healthy_percent": 100,
            "desired_count": 1,
            "enable_ecs_managed_tags": true,
            "enable_execute_command": true,
            "force_delete": null,
            "force_new_deployment": null,
            "health_check_grace_period_seconds": 0,
            "iam_role": "/aws-service-role/ecs.amazonaws.com/AWSServiceRoleForECS",
            "id": "arn:aws:ecs:us-east-1:263427518575:service/ProdCluster/restaurant-prod-service",
            "launch_type": "",
            "load_balancer": [
              {
                "advanced_configuration": [],
                "container_name": "restaurant",
                "container_port": 3004,
                "elb_name": "",
                "target_group_arn": "arn:aws:elasticloadbalancing:us-east-1:263427518575:targetgroup/opalink-prod-restaurant-service/e0a96c40de2c048f"
              }
            ],
            "name": "restaurant-prod-service",
            "network_configuration": [
              {
                "assign_public_ip": true,
                "security_groups": [
                  "sg-0e66c451a84deffda"
                ],
                "subnets": [
                  "subnet-09b4075cfd7920e9b",
                  "subnet-0e04253ebd8aaba34",
                  "subnet-0e5d6d6215084f01a"
                ]
              }
            ],
            "ordered_placement_strategy": [],
            "placement_constraints": [],
            "platform_version": "LATEST",
            "propagate_tags": "NONE",
            "region": "us-east-1",
            "scheduling_strategy": "REPLICA",
            "service_connect_configuration": [],
            "service_registries": [],
            "sigint_rollback": null,
            "tags": {},
            "tags_all": {},
            "task_definition": "restaurant-prod-task-defination:45",
            "timeouts": null,
            "triggers": {},
            "volume_configuration": [],
            "vpc_lattice_configurations": [],
            "wait_for_steady_state": null
          },
          "sensitive_attributes": [],
          "identity_schema_version": 0,
          "private": "eyJlMmJmYjczMC1lY2FhLTExZTYtOGY4OC0zNDM2M2JjN2M0YzAiOnsiY3JlYXRlIjoxMjAwMDAwMDAwMDAwLCJkZWxldGUiOjEyMDAwMDAwMDAwMDAsInVwZGF0ZSI6MTIwMDAwMDAwMDAwMH0sInNjaGVtYV92ZXJzaW9uIjoiMSJ9"
        }
      ]
    },
    {
      "module": "module.ecs",
      "mode": "managed",
      "type": "aws_ecs_service",
      "name": "restaurant_web_service",
      "provider": "provider[\"registry.terraform.io/hashicorp/aws\"]",
      "instances": [
        {
          "schema_version": 1,
          "attributes": {
            "alarms": [
              {
                "alarm_names": [],
                "enable": false,
                "rollback": false
              }
            ],
            "arn": "arn:aws:ecs:us-east-1:263427518575:service/ProdCluster/restaurant-web-prod-service",
            "availability_zone_rebalancing": "ENABLED",
            "capacity_provider_strategy": [
              {
                "base": 0,
                "capacity_provider": "FARGATE",
                "weight": 1
              }
            ],
            "cluster": "arn:aws:ecs:us-east-1:263427518575:cluster/ProdCluster",
            "deployment_circuit_breaker": [
              {
                "enable": true,
                "rollback": true
              }
            ],
            "deployment_configuration": [
              {
                "bake_time_in_minutes": "0",
                "canary_configuration": [],
                "lifecycle_hook": [],
                "linear_configuration": [],
                "strategy": "ROLLING"
              }
            ],
            "deployment_controller": [
              {
                "type": "ECS"
              }
            ],
            "deployment_maximum_percent": 200,
            "deployment_minimum_healthy_percent": 100,
            "desired_count": 1,
            "enable_ecs_managed_tags": true,
            "enable_execute_command": false,
            "force_delete": null,
            "force_new_deployment": null,
            "health_check_grace_period_seconds": 0,
            "iam_role": "/aws-service-role/ecs.amazonaws.com/AWSServiceRoleForECS",
            "id": "arn:aws:ecs:us-east-1:263427518575:service/ProdCluster/restaurant-web-prod-service",
            "launch_type": "",
            "load_balancer": [
              {
                "advanced_configuration": [],
                "container_name": "restaurant-web",
                "container_port": 6002,
                "elb_name": "",
                "target_group_arn": "arn:aws:elasticloadbalancing:us-east-1:263427518575:targetgroup/opalink-prod-restaurant-web/ef7c81a95de6ab6f"
              }
            ],
            "name": "restaurant-web-prod-service",
            "network_configuration": [
              {
                "assign_public_ip": true,
                "security_groups": [
                  "sg-0336956a6d594cf09"
                ],
                "subnets": [
                  "subnet-024eae79168ce7b83",
                  "subnet-07d7e43e5ac5d45df",
                  "subnet-0b69f9d961f0d658e"
                ]
              }
            ],
            "ordered_placement_strategy": [],
            "placement_constraints": [],
            "platform_version": "1.4.0",
            "propagate_tags": "NONE",
            "region": "us-east-1",
            "scheduling_strategy": "REPLICA",
            "service_connect_configuration": [],
            "service_registries": [],
            "sigint_rollback": null,
            "tags": {},
            "tags_all": {},
            "task_definition": "restaurant-web-prod-task-defination:22",
            "timeouts": null,
            "triggers": {},
            "volume_configuration": [],
            "vpc_lattice_configurations": [],
            "wait_for_steady_state": null
          },
          "sensitive_attributes": [],
          "identity_schema_version": 0,
          "private": "eyJlMmJmYjczMC1lY2FhLTExZTYtOGY4OC0zNDM2M2JjN2M0YzAiOnsiY3JlYXRlIjoxMjAwMDAwMDAwMDAwLCJkZWxldGUiOjEyMDAwMDAwMDAwMDAsInVwZGF0ZSI6MTIwMDAwMDAwMDAwMH0sInNjaGVtYV92ZXJzaW9uIjoiMSJ9"
        }
      ]
    },
    {
      "module": "module.ecs",
      "mode": "managed",
      "type": "aws_ecs_service",
      "name": "super_admin_service",
      "provider": "provider[\"registry.terraform.io/hashicorp/aws\"]",
      "instances": [
        {
          "schema_version": 1,
          "attributes": {
            "alarms": [
              {
                "alarm_names": [],
                "enable": false,
                "rollback": false
              }
            ],
            "arn": "arn:aws:ecs:us-east-1:263427518575:service/ProdCluster/super-admin-prod-service",
            "availability_zone_rebalancing": "ENABLED",
            "capacity_provider_strategy": [
              {
                "base": 0,
                "capacity_provider": "FARGATE",
                "weight": 1
              }
            ],
            "cluster": "arn:aws:ecs:us-east-1:263427518575:cluster/ProdCluster",
            "deployment_circuit_breaker": [
              {
                "enable": true,
                "rollback": true
              }
            ],
            "deployment_configuration": [
              {
                "bake_time_in_minutes": "0",
                "canary_configuration": [],
                "lifecycle_hook": [],
                "linear_configuration": [],
                "strategy": "ROLLING"
              }
            ],
            "deployment_controller": [
              {
                "type": "ECS"
              }
            ],
            "deployment_maximum_percent": 200,
            "deployment_minimum_healthy_percent": 100,
            "desired_count": 1,
            "enable_ecs_managed_tags": true,
            "enable_execute_command": false,
            "force_delete": null,
            "force_new_deployment": null,
            "health_check_grace_period_seconds": 0,
            "iam_role": "/aws-service-role/ecs.amazonaws.com/AWSServiceRoleForECS",
            "id": "arn:aws:ecs:us-east-1:263427518575:service/ProdCluster/super-admin-prod-service",
            "launch_type": "",
            "load_balancer": [
              {
                "advanced_configuration": [],
                "container_name": "super-admin",
                "container_port": 6003,
                "elb_name": "",
                "target_group_arn": "arn:aws:elasticloadbalancing:us-east-1:263427518575:targetgroup/opalink-prod-super-admin/7538e908f0435acc"
              }
            ],
            "name": "super-admin-prod-service",
            "network_configuration": [
              {
                "assign_public_ip": true,
                "security_groups": [
                  "sg-0799bfd3c455bf834"
                ],
                "subnets": [
                  "subnet-024eae79168ce7b83",
                  "subnet-07d7e43e5ac5d45df",
                  "subnet-0b69f9d961f0d658e"
                ]
              }
            ],
            "ordered_placement_strategy": [],
            "placement_constraints": [],
            "platform_version": "1.4.0",
            "propagate_tags": "NONE",
            "region": "us-east-1",
            "scheduling_strategy": "REPLICA",
            "service_connect_configuration": [],
            "service_registries": [],
            "sigint_rollback": null,
            "tags": {},
            "tags_all": {},
            "task_definition": "super-admin-prod-task-defination:24",
            "timeouts": null,
            "triggers": {},
            "volume_configuration": [],
            "vpc_lattice_configurations": [],
            "wait_for_steady_state": null
          },
          "sensitive_attributes": [],
          "identity_schema_version": 0,
          "private": "eyJlMmJmYjczMC1lY2FhLTExZTYtOGY4OC0zNDM2M2JjN2M0YzAiOnsiY3JlYXRlIjoxMjAwMDAwMDAwMDAwLCJkZWxldGUiOjEyMDAwMDAwMDAwMDAsInVwZGF0ZSI6MTIwMDAwMDAwMDAwMH0sInNjaGVtYV92ZXJzaW9uIjoiMSJ9"
        }
      ]
    },
    {
      "module": "module.ecs",
      "mode": "managed",
      "type": "aws_ecs_service",
      "name": "user_service",
      "provider": "provider[\"registry.terraform.io/hashicorp/aws\"]",
      "instances": [
        {
          "schema_version": 1,
          "attributes": {
            "alarms": [
              {
                "alarm_names": [],
                "enable": false,
                "rollback": false
              }
            ],
            "arn": "arn:aws:ecs:us-east-1:263427518575:service/ProdCluster/user-prod-service",
            "availability_zone_rebalancing": "ENABLED",
            "capacity_provider_strategy": [
              {
                "base": 0,
                "capacity_provider": "FARGATE",
                "weight": 1
              }
            ],
            "cluster": "arn:aws:ecs:us-east-1:263427518575:cluster/ProdCluster",
            "deployment_circuit_breaker": [
              {
                "enable": true,
                "rollback": true
              }
            ],
            "deployment_configuration": [
              {
                "bake_time_in_minutes": "0",
                "canary_configuration": [],
                "lifecycle_hook": [],
                "linear_configuration": [],
                "strategy": "ROLLING"
              }
            ],
            "deployment_controller": [
              {
                "type": "ECS"
              }
            ],
            "deployment_maximum_percent": 200,
            "deployment_minimum_healthy_percent": 100,
            "desired_count": 1,
            "enable_ecs_managed_tags": true,
            "enable_execute_command": true,
            "force_delete": null,
            "force_new_deployment": null,
            "health_check_grace_period_seconds": 0,
            "iam_role": "/aws-service-role/ecs.amazonaws.com/AWSServiceRoleForECS",
            "id": "arn:aws:ecs:us-east-1:263427518575:service/ProdCluster/user-prod-service",
            "launch_type": "",
            "load_balancer": [
              {
                "advanced_configuration": [],
                "container_name": "3005",
                "container_port": 3005,
                "elb_name": "",
                "target_group_arn": "arn:aws:elasticloadbalancing:us-east-1:263427518575:targetgroup/opalink-prod-user-service/e60266f4e528a2dc"
              }
            ],
            "name": "user-prod-service",
            "network_configuration": [
              {
                "assign_public_ip": true,
                "security_groups": [
                  "sg-0e51d09f328d4ecd8"
                ],
                "subnets": [
                  "subnet-024eae79168ce7b83",
                  "subnet-07d7e43e5ac5d45df",
                  "subnet-0b69f9d961f0d658e"
                ]
              }
            ],
            "ordered_placement_strategy": [],
            "placement_constraints": [],
            "platform_version": "1.4.0",
            "propagate_tags": "NONE",
            "region": "us-east-1",
            "scheduling_strategy": "REPLICA",
            "service_connect_configuration": [],
            "service_registries": [],
            "sigint_rollback": null,
            "tags": {},
            "tags_all": {},
            "task_definition": "user-prod-task-defination:34",
            "timeouts": null,
            "triggers": {},
            "volume_configuration": [],
            "vpc_lattice_configurations": [],
            "wait_for_steady_state": null
          },
          "sensitive_attributes": [],
          "identity_schema_version": 0,
          "private": "eyJlMmJmYjczMC1lY2FhLTExZTYtOGY4OC0zNDM2M2JjN2M0YzAiOnsiY3JlYXRlIjoxMjAwMDAwMDAwMDAwLCJkZWxldGUiOjEyMDAwMDAwMDAwMDAsInVwZGF0ZSI6MTIwMDAwMDAwMDAwMH0sInNjaGVtYV92ZXJzaW9uIjoiMSJ9"
        }
      ]
    },
    {
      "module": "module.ecs",
      "mode": "managed",
      "type": "aws_ecs_task_definition",
      "name": "accounting_task_definition",
      "provider": "provider[\"registry.terraform.io/hashicorp/aws\"]",
      "instances": [
        {
          "schema_version": 1,
          "attributes": {
            "arn": "arn:aws:ecs:us-east-1:263427518575:task-definition/accounting-prod-task-defination:93",
            "arn_without_revision": "arn:aws:ecs:us-east-1:263427518575:task-definition/accounting-prod-task-defination",
            "container_definitions": "[{\"cpu\":1024,\"environment\":[{\"name\":\"AWS_SECRET_ACCESS_KEY\",\"value\":\"arn:aws:secretsmanager:us-east-1:263427518575:secret:opalink/prod/app-secreats-LRAUm9\"}],\"essential\":true,\"image\":\"263427518575.dkr.ecr.us-east-1.amazonaws.com/accounting-prod:458dca2-20250929-224918\",\"logConfiguration\":{\"logDriver\":\"awslogs\",\"options\":{\"awslogs-create-group\":\"true\",\"max-buffer-size\":\"25m\",\"awslogs-region\":\"us-east-1\",\"awslogs-stream-prefix\":\"ecs\",\"awslogs-group\":\"/ecs/accounting-prod-task-defination\",\"mode\":\"non-blocking\"}},\"memory\":2048,\"mountPoints\":[],\"name\":\"accounting\",\"portMappings\":[{\"appProtocol\":\"http\",\"containerPort\":3000,\"hostPort\":3000,\"name\":\"accounting-prod-port\",\"protocol\":\"tcp\"}],\"secrets\":[{\"name\":\"AWS_ACCESS_KEY_ID\",\"valueFrom\":\"arn:aws:secretsmanager:us-east-1:263427518575:secret:opalink/prod/app-secreats-LRAUm9\"}],\"systemControls\":[],\"volumesFrom\":[]},{\"command\":[\"--config=/etc/ecs/ecs-cloudwatch.yaml\"],\"environment\":[],\"essential\":true,\"image\":\"public.ecr.aws/aws-observability/aws-otel-collector:v0.43.3\",\"logConfiguration\":{\"logDriver\":\"awslogs\",\"options\":{\"awslogs-group\":\"/ecs/ecs-aws-otel-sidecar-collector\",\"mode\":\"non-blocking\",\"awslogs-create-group\":\"true\",\"max-buffer-size\":\"25m\",\"awslogs-region\":\"us-east-1\",\"awslogs-stream-prefix\":\"ecs\"}},\"mountPoints\":[],\"name\":\"aws-otel-collector\",\"portMappings\":[],\"systemControls\":[],\"volumesFrom\":[]}]",
            "cpu": "1024",
            "enable_fault_injection": false,
            "ephemeral_storage": [],
            "execution_role_arn": "arn:aws:iam::263427518575:role/opalink-prod-ecs-task-defination-role",
            "family": "accounting-prod-task-defination",
            "id": "accounting-prod-task-defination",
            "ipc_mode": "",
            "memory": "2048",
            "network_mode": "awsvpc",
            "pid_mode": "",
            "placement_constraints": [],
            "proxy_configuration": [],
            "region": "us-east-1",
            "requires_compatibilities": [
              "FARGATE"
            ],
            "revision": 93,
            "runtime_platform": [
              {
                "cpu_architecture": "X86_64",
                "operating_system_family": "LINUX"
              }
            ],
            "skip_destroy": null,
            "tags": {},
            "tags_all": {},
            "task_role_arn": "arn:aws:iam::263427518575:role/opalink-prod-ecs-task-defination-role",
            "track_latest": false,
            "volume": []
          },
          "sensitive_attributes": [],
          "identity_schema_version": 0,
          "private": "eyJzY2hlbWFfdmVyc2lvbiI6IjEifQ=="
        }
      ]
    },
    {
      "module": "module.ecs",
      "mode": "managed",
      "type": "aws_ecs_task_definition",
      "name": "auth_task_definition",
      "provider": "provider[\"registry.terraform.io/hashicorp/aws\"]",
      "instances": [
        {
          "schema_version": 1,
          "attributes": {
            "arn": "arn:aws:ecs:us-east-1:263427518575:task-definition/auth-prod-task-defination:84",
            "arn_without_revision": "arn:aws:ecs:us-east-1:263427518575:task-definition/auth-prod-task-defination",
            "container_definitions": "[{\"cpu\":1024,\"environment\":[],\"essential\":true,\"image\":\"263427518575.dkr.ecr.us-east-1.amazonaws.com/auth-prod:6c01fe5-20251017-124435\",\"logConfiguration\":{\"logDriver\":\"awslogs\",\"options\":{\"awslogs-stream-prefix\":\"ecs\",\"awslogs-group\":\"/ecs/auth-prod-task-defination\",\"mode\":\"non-blocking\",\"awslogs-create-group\":\"true\",\"max-buffer-size\":\"25m\",\"awslogs-region\":\"us-east-1\"}},\"memory\":2048,\"mountPoints\":[],\"name\":\"auth\",\"portMappings\":[{\"appProtocol\":\"http\",\"containerPort\":3001,\"hostPort\":3001,\"name\":\"auth-prod-port\",\"protocol\":\"tcp\"}],\"systemControls\":[],\"volumesFrom\":[]},{\"command\":[\"--config=/etc/ecs/ecs-cloudwatch.yaml\"],\"environment\":[],\"essential\":true,\"image\":\"public.ecr.aws/aws-observability/aws-otel-collector:v0.43.3\",\"logConfiguration\":{\"logDriver\":\"awslogs\",\"options\":{\"awslogs-region\":\"us-east-1\",\"awslogs-stream-prefix\":\"ecs\",\"awslogs-group\":\"/ecs/ecs-aws-otel-sidecar-collector\",\"mode\":\"non-blocking\",\"awslogs-create-group\":\"true\",\"max-buffer-size\":\"25m\"}},\"mountPoints\":[],\"name\":\"aws-otel-collector\",\"portMappings\":[],\"systemControls\":[],\"volumesFrom\":[]}]",
            "cpu": "1024",
            "enable_fault_injection": false,
            "ephemeral_storage": [],
            "execution_role_arn": "arn:aws:iam::263427518575:role/opalink-prod-ecs-task-defination-role",
            "family": "auth-prod-task-defination",
            "id": "auth-prod-task-defination",
            "ipc_mode": "",
            "memory": "2048",
            "network_mode": "awsvpc",
            "pid_mode": "",
            "placement_constraints": [],
            "proxy_configuration": [],
            "region": "us-east-1",
            "requires_compatibilities": [
              "FARGATE"
            ],
            "revision": 84,
            "runtime_platform": [
              {
                "cpu_architecture": "X86_64",
                "operating_system_family": "LINUX"
              }
            ],
            "skip_destroy": null,
            "tags": {},
            "tags_all": {},
            "task_role_arn": "arn:aws:iam::263427518575:role/opalink-prod-ecs-task-defination-role",
            "track_latest": false,
            "volume": []
          },
          "sensitive_attributes": [],
          "identity_schema_version": 0,
          "private": "eyJzY2hlbWFfdmVyc2lvbiI6IjEifQ=="
        }
      ]
    },
    {
      "module": "module.ecs",
      "mode": "managed",
      "type": "aws_ecs_task_definition",
      "name": "customer_support_task_defination",
      "provider": "provider[\"registry.terraform.io/hashicorp/aws\"]",
      "instances": [
        {
          "schema_version": 1,
          "attributes": {
            "arn": "arn:aws:ecs:us-east-1:263427518575:task-definition/customer-support-prod-task-defination:26",
            "arn_without_revision": "arn:aws:ecs:us-east-1:263427518575:task-definition/customer-support-prod-task-defination",
            "container_definitions": "[{\"command\":[\"--config=/etc/ecs/ecs-cloudwatch.yaml\"],\"environment\":[],\"essential\":true,\"image\":\"public.ecr.aws/aws-observability/aws-otel-collector:v0.43.3\",\"logConfiguration\":{\"logDriver\":\"awslogs\",\"options\":{\"awslogs-region\":\"us-east-1\",\"awslogs-stream-prefix\":\"ecs\",\"awslogs-group\":\"/ecs/ecs-aws-otel-sidecar-collector\",\"mode\":\"non-blocking\",\"awslogs-create-group\":\"true\",\"max-buffer-size\":\"25m\"},\"secretOptions\":[]},\"mountPoints\":[],\"name\":\"aws-otel-collector\",\"portMappings\":[],\"systemControls\":[],\"volumesFrom\":[]},{\"cpu\":1024,\"environment\":[],\"essential\":true,\"image\":\"263427518575.dkr.ecr.us-east-1.amazonaws.com/customer-support-prod:617ee76-20250701-060519\",\"logConfiguration\":{\"logDriver\":\"awslogs\",\"options\":{\"awslogs-region\":\"us-east-1\",\"awslogs-stream-prefix\":\"ecs\",\"awslogs-group\":\"/ecs/customer-support-prod-task-defination\",\"mode\":\"non-blocking\",\"awslogs-create-group\":\"true\",\"max-buffer-size\":\"25m\"},\"secretOptions\":[]},\"memory\":2048,\"mountPoints\":[],\"name\":\"customer-support\",\"portMappings\":[{\"appProtocol\":\"http\",\"containerPort\":3002,\"hostPort\":3002,\"name\":\"customer-support-prod-port\",\"protocol\":\"tcp\"}],\"systemControls\":[],\"volumesFrom\":[]}]",
            "cpu": "1024",
            "enable_fault_injection": false,
            "ephemeral_storage": [],
            "execution_role_arn": "arn:aws:iam::263427518575:role/opalink-prod-ecs-task-defination-role",
            "family": "customer-support-prod-task-defination",
            "id": "customer-support-prod-task-defination",
            "ipc_mode": "",
            "memory": "2048",
            "network_mode": "awsvpc",
            "pid_mode": "",
            "placement_constraints": [],
            "proxy_configuration": [],
            "region": "us-east-1",
            "requires_compatibilities": [
              "FARGATE"
            ],
            "revision": 26,
            "runtime_platform": [
              {
                "cpu_architecture": "X86_64",
                "operating_system_family": "LINUX"
              }
            ],
            "skip_destroy": null,
            "tags": {},
            "tags_all": {},
            "task_role_arn": "arn:aws:iam::263427518575:role/opalink-prod-ecs-task-defination-role",
            "track_latest": false,
            "volume": []
          },
          "sensitive_attributes": [],
          "identity_schema_version": 0,
          "private": "eyJzY2hlbWFfdmVyc2lvbiI6IjEifQ=="
        }
      ]
    },
    {
      "module": "module.ecs",
      "mode": "managed",
      "type": "aws_ecs_task_definition",
      "name": "gift_task_defination",
      "provider": "provider[\"registry.terraform.io/hashicorp/aws\"]",
      "instances": [
        {
          "schema_version": 1,
          "attributes": {
            "arn": "arn:aws:ecs:us-east-1:263427518575:task-definition/gift-prod-task-defination:42",
            "arn_without_revision": "arn:aws:ecs:us-east-1:263427518575:task-definition/gift-prod-task-defination",
            "container_definitions": "[{\"command\":[\"--config=/etc/ecs/ecs-cloudwatch.yaml\"],\"environment\":[],\"essential\":true,\"image\":\"public.ecr.aws/aws-observability/aws-otel-collector:v0.43.3\",\"logConfiguration\":{\"logDriver\":\"awslogs\",\"options\":{\"awslogs-group\":\"/ecs/ecs-aws-otel-sidecar-collector\",\"mode\":\"non-blocking\",\"awslogs-create-group\":\"true\",\"max-buffer-size\":\"25m\",\"awslogs-region\":\"us-east-1\",\"awslogs-stream-prefix\":\"ecs\"}},\"mountPoints\":[],\"name\":\"aws-otel-collector\",\"portMappings\":[],\"systemControls\":[],\"volumesFrom\":[]},{\"cpu\":1024,\"environment\":[],\"essential\":true,\"image\":\"263427518575.dkr.ecr.us-east-1.amazonaws.com/gift-prod:4670cef-20251203-192353\",\"logConfiguration\":{\"logDriver\":\"awslogs\",\"options\":{\"awslogs-stream-prefix\":\"ecs\",\"awslogs-group\":\"/ecs/accounting-gift-task-defination\",\"mode\":\"non-blocking\",\"awslogs-create-group\":\"true\",\"max-buffer-size\":\"25m\",\"awslogs-region\":\"us-east-1\"}},\"memory\":2048,\"mountPoints\":[],\"name\":\"gift\",\"portMappings\":[{\"appProtocol\":\"http\",\"containerPort\":3006,\"hostPort\":3006,\"name\":\"gift-prod-port\",\"protocol\":\"tcp\"}],\"systemControls\":[],\"volumesFrom\":[]}]",
            "cpu": "1024",
            "enable_fault_injection": false,
            "ephemeral_storage": [],
            "execution_role_arn": "arn:aws:iam::263427518575:role/opalink-prod-ecs-task-defination-role",
            "family": "gift-prod-task-defination",
            "id": "gift-prod-task-defination",
            "ipc_mode": "",
            "memory": "2048",
            "network_mode": "awsvpc",
            "pid_mode": "",
            "placement_constraints": [],
            "proxy_configuration": [],
            "region": "us-east-1",
            "requires_compatibilities": [
              "FARGATE"
            ],
            "revision": 42,
            "runtime_platform": [
              {
                "cpu_architecture": "X86_64",
                "operating_system_family": "LINUX"
              }
            ],
            "skip_destroy": null,
            "tags": {},
            "tags_all": {},
            "task_role_arn": "arn:aws:iam::263427518575:role/opalink-prod-ecs-task-defination-role",
            "track_latest": false,
            "volume": []
          },
          "sensitive_attributes": [],
          "identity_schema_version": 0,
          "private": "eyJzY2hlbWFfdmVyc2lvbiI6IjEifQ=="
        }
      ]
    },
    {
      "module": "module.ecs",
      "mode": "managed",
      "type": "aws_ecs_task_definition",
      "name": "kowlUI_task_defination",
      "provider": "provider[\"registry.terraform.io/hashicorp/aws\"]",
      "instances": [
        {
          "schema_version": 1,
          "attributes": {
            "arn": "arn:aws:ecs:us-east-1:263427518575:task-definition/kowlUI-task-defination-opalink-prod:2",
            "arn_without_revision": "arn:aws:ecs:us-east-1:263427518575:task-definition/kowlUI-task-defination-opalink-prod",
            "container_definitions": "[{\"command\":[\"--config=/etc/ecs/ecs-cloudwatch.yaml\"],\"environment\":[],\"essential\":true,\"image\":\"public.ecr.aws/aws-observability/aws-otel-collector:v0.43.2\",\"logConfiguration\":{\"logDriver\":\"awslogs\",\"options\":{\"awslogs-group\":\"/ecs/ecs-aws-otel-sidecar-collector\",\"mode\":\"non-blocking\",\"awslogs-create-group\":\"true\",\"max-buffer-size\":\"25m\",\"awslogs-region\":\"us-east-1\",\"awslogs-stream-prefix\":\"ecs\"},\"secretOptions\":[]},\"mountPoints\":[],\"name\":\"aws-otel-collector\",\"portMappings\":[],\"systemControls\":[],\"volumesFrom\":[]},{\"cpu\":1024,\"environment\":[{\"name\":\"KAFKA_BROKERS\",\"value\":\"b-3.opalinkproductionmskcl.mptzy4.c1.kafka.us-east-1.amazonaws.com:9096,b-2.opalinkproductionmskcl.mptzy4.c1.kafka.us-east-1.amazonaws.com:9096,b-1.opalinkproductionmskcl.mptzy4.c1.kafka.us-east-1.amazonaws.com:9096\"},{\"name\":\"KAFKA_SASL_ENABLED\",\"value\":\"true\"},{\"name\":\"KAFKA_SASL_MECHANISM\",\"value\":\"SCRAM-SHA-512\"},{\"name\":\"KAFKA_SASL_PASSWORD\",\"value\":\"sdas24324@\"},{\"name\":\"KAFKA_SASL_USERNAME\",\"value\":\"admin\"},{\"name\":\"KAFKA_TLS_ENABLED\",\"value\":\"true\"}],\"environmentFiles\":[],\"essential\":true,\"image\":\"redpandadata/console:latest\",\"logConfiguration\":{\"logDriver\":\"awslogs\",\"options\":{\"mode\":\"non-blocking\",\"awslogs-create-group\":\"true\",\"max-buffer-size\":\"25m\",\"awslogs-region\":\"us-east-1\",\"awslogs-stream-prefix\":\"ecs\",\"awslogs-group\":\"/ecs/kowlUI-task-defination-opalink-prod\"},\"secretOptions\":[]},\"memory\":2048,\"mountPoints\":[],\"name\":\"kowl\",\"portMappings\":[{\"appProtocol\":\"http\",\"containerPort\":8080,\"hostPort\":8080,\"name\":\"kowl-port\",\"protocol\":\"tcp\"}],\"systemControls\":[],\"ulimits\":[],\"volumesFrom\":[]}]",
            "cpu": "1024",
            "enable_fault_injection": false,
            "ephemeral_storage": [],
            "execution_role_arn": "arn:aws:iam::263427518575:role/opatab-ecs-task-execution-role-production",
            "family": "kowlUI-task-defination-opalink-prod",
            "id": "kowlUI-task-defination-opalink-prod",
            "ipc_mode": "",
            "memory": "2048",
            "network_mode": "awsvpc",
            "pid_mode": "",
            "placement_constraints": [],
            "proxy_configuration": [],
            "region": "us-east-1",
            "requires_compatibilities": [
              "FARGATE"
            ],
            "revision": 2,
            "runtime_platform": [
              {
                "cpu_architecture": "X86_64",
                "operating_system_family": "LINUX"
              }
            ],
            "skip_destroy": null,
            "tags": {},
            "tags_all": {},
            "task_role_arn": "arn:aws:iam::263427518575:role/opatab-ecs-task-execution-role-production",
            "track_latest": false,
            "volume": []
          },
          "sensitive_attributes": [],
          "identity_schema_version": 0,
          "private": "eyJzY2hlbWFfdmVyc2lvbiI6IjEifQ=="
        }
      ]
    },
    {
      "module": "module.ecs",
      "mode": "managed",
      "type": "aws_ecs_task_definition",
      "name": "mobile_task_defination",
      "provider": "provider[\"registry.terraform.io/hashicorp/aws\"]",
      "instances": [
        {
          "schema_version": 1,
          "attributes": {
            "arn": "arn:aws:ecs:us-east-1:263427518575:task-definition/mobile-prod-task-defination:23",
            "arn_without_revision": "arn:aws:ecs:us-east-1:263427518575:task-definition/mobile-prod-task-defination",
            "container_definitions": "[{\"command\":[\"--config=/etc/ecs/ecs-cloudwatch.yaml\"],\"environment\":[],\"essential\":true,\"image\":\"public.ecr.aws/aws-observability/aws-otel-collector:v0.43.3\",\"logConfiguration\":{\"logDriver\":\"awslogs\",\"options\":{\"awslogs-stream-prefix\":\"ecs\",\"awslogs-group\":\"/ecs/ecs-aws-otel-sidecar-collector\",\"mode\":\"non-blocking\",\"awslogs-create-group\":\"true\",\"max-buffer-size\":\"25m\",\"awslogs-region\":\"us-east-1\"}},\"mountPoints\":[],\"name\":\"aws-otel-collector\",\"portMappings\":[],\"systemControls\":[],\"volumesFrom\":[]},{\"cpu\":1024,\"environment\":[],\"essential\":true,\"image\":\"263427518575.dkr.ecr.us-east-1.amazonaws.com/mobile-prod:14b4aff-20250629-113650\",\"logConfiguration\":{\"logDriver\":\"awslogs\",\"options\":{\"awslogs-region\":\"us-east-1\",\"awslogs-stream-prefix\":\"ecs\",\"awslogs-group\":\"/ecs/mobile-prod-task-defination\",\"mode\":\"non-blocking\",\"awslogs-create-group\":\"true\",\"max-buffer-size\":\"25m\"}},\"memory\":2048,\"mountPoints\":[],\"name\":\"mobile\",\"portMappings\":[{\"appProtocol\":\"http\",\"containerPort\":6001,\"hostPort\":6001,\"name\":\"mobile-prod-port\",\"protocol\":\"tcp\"}],\"systemControls\":[],\"volumesFrom\":[]}]",
            "cpu": "1024",
            "enable_fault_injection": false,
            "ephemeral_storage": [],
            "execution_role_arn": "arn:aws:iam::263427518575:role/opalink-prod-ecs-task-defination-role",
            "family": "mobile-prod-task-defination",
            "id": "mobile-prod-task-defination",
            "ipc_mode": "",
            "memory": "2048",
            "network_mode": "awsvpc",
            "pid_mode": "",
            "placement_constraints": [],
            "proxy_configuration": [],
            "region": "us-east-1",
            "requires_compatibilities": [
              "FARGATE"
            ],
            "revision": 23,
            "runtime_platform": [
              {
                "cpu_architecture": "X86_64",
                "operating_system_family": "LINUX"
              }
            ],
            "skip_destroy": null,
            "tags": {},
            "tags_all": {},
            "task_role_arn": "arn:aws:iam::263427518575:role/opalink-prod-ecs-task-defination-role",
            "track_latest": false,
            "volume": []
          },
          "sensitive_attributes": [],
          "identity_schema_version": 0,
          "private": "eyJzY2hlbWFfdmVyc2lvbiI6IjEifQ=="
        }
      ]
    },
    {
      "module": "module.ecs",
      "mode": "managed",
      "type": "aws_ecs_task_definition",
      "name": "nginx_task_defination",
      "provider": "provider[\"registry.terraform.io/hashicorp/aws\"]",
      "instances": [
        {
          "schema_version": 1,
          "attributes": {
            "arn": "arn:aws:ecs:us-east-1:263427518575:task-definition/opalink-prod-nginx-service:30",
            "arn_without_revision": "arn:aws:ecs:us-east-1:263427518575:task-definition/opalink-prod-nginx-service",
            "container_definitions": "[{\"cpu\":1024,\"environment\":[],\"environmentFiles\":[],\"essential\":true,\"image\":\"263427518575.dkr.ecr.us-east-1.amazonaws.com/opalink/prod/nginx/auth\",\"logConfiguration\":{\"logDriver\":\"awslogs\",\"options\":{\"awslogs-create-group\":\"true\",\"max-buffer-size\":\"25m\",\"awslogs-region\":\"us-east-1\",\"awslogs-stream-prefix\":\"ecs\",\"awslogs-group\":\"/ecs/opalink-prod-nginx-service\",\"mode\":\"non-blocking\"},\"secretOptions\":[]},\"memory\":2048,\"mountPoints\":[],\"name\":\"nginx\",\"portMappings\":[{\"appProtocol\":\"http\",\"containerPort\":80,\"hostPort\":80,\"name\":\"nginx-port\",\"protocol\":\"tcp\"}],\"systemControls\":[],\"ulimits\":[],\"volumesFrom\":[]}]",
            "cpu": "1024",
            "enable_fault_injection": false,
            "ephemeral_storage": [],
            "execution_role_arn": "arn:aws:iam::263427518575:role/opalink-prod-ecs-task-defination-role",
            "family": "opalink-prod-nginx-service",
            "id": "opalink-prod-nginx-service",
            "ipc_mode": "",
            "memory": "2048",
            "network_mode": "awsvpc",
            "pid_mode": "",
            "placement_constraints": [],
            "proxy_configuration": [],
            "region": "us-east-1",
            "requires_compatibilities": [
              "FARGATE"
            ],
            "revision": 30,
            "runtime_platform": [
              {
                "cpu_architecture": "X86_64",
                "operating_system_family": "LINUX"
              }
            ],
            "skip_destroy": null,
            "tags": {},
            "tags_all": {},
            "task_role_arn": "arn:aws:iam::263427518575:role/opalink-prod-ecs-task-defination-role",
            "track_latest": false,
            "volume": []
          },
          "sensitive_attributes": [],
          "identity_schema_version": 0,
          "private": "eyJzY2hlbWFfdmVyc2lvbiI6IjEifQ=="
        }
      ]
    },
    {
      "module": "module.ecs",
      "mode": "managed",
      "type": "aws_ecs_task_definition",
      "name": "notification_task_defination",
      "provider": "provider[\"registry.terraform.io/hashicorp/aws\"]",
      "instances": [
        {
          "schema_version": 1,
          "attributes": {
            "arn": "arn:aws:ecs:us-east-1:263427518575:task-definition/notification-prod-task-defination:25",
            "arn_without_revision": "arn:aws:ecs:us-east-1:263427518575:task-definition/notification-prod-task-defination",
            "container_definitions": "[{\"command\":[\"--config=/etc/ecs/ecs-cloudwatch.yaml\"],\"environment\":[],\"essential\":true,\"image\":\"public.ecr.aws/aws-observability/aws-otel-collector:v0.43.3\",\"logConfiguration\":{\"logDriver\":\"awslogs\",\"options\":{\"awslogs-stream-prefix\":\"ecs\",\"awslogs-group\":\"/ecs/ecs-aws-otel-sidecar-collector\",\"mode\":\"non-blocking\",\"awslogs-create-group\":\"true\",\"max-buffer-size\":\"25m\",\"awslogs-region\":\"us-east-1\"}},\"mountPoints\":[],\"name\":\"aws-otel-collector\",\"portMappings\":[],\"systemControls\":[],\"volumesFrom\":[]},{\"cpu\":1024,\"environment\":[],\"essential\":true,\"image\":\"263427518575.dkr.ecr.us-east-1.amazonaws.com/notification-prod:f16c2bd-20251009-155525\",\"logConfiguration\":{\"logDriver\":\"awslogs\",\"options\":{\"awslogs-create-group\":\"true\",\"max-buffer-size\":\"25m\",\"awslogs-region\":\"us-east-1\",\"awslogs-stream-prefix\":\"ecs\",\"awslogs-group\":\"/ecs/notification-prod-task-defination\",\"mode\":\"non-blocking\"}},\"memory\":2048,\"mountPoints\":[],\"name\":\"notification\",\"portMappings\":[{\"appProtocol\":\"http\",\"containerPort\":3003,\"hostPort\":3003,\"name\":\"notification-prod-port\",\"protocol\":\"tcp\"}],\"systemControls\":[],\"volumesFrom\":[]}]",
            "cpu": "1024",
            "enable_fault_injection": false,
            "ephemeral_storage": [],
            "execution_role_arn": "arn:aws:iam::263427518575:role/opalink-prod-ecs-task-defination-role",
            "family": "notification-prod-task-defination",
            "id": "notification-prod-task-defination",
            "ipc_mode": "",
            "memory": "2048",
            "network_mode": "awsvpc",
            "pid_mode": "",
            "placement_constraints": [],
            "proxy_configuration": [],
            "region": "us-east-1",
            "requires_compatibilities": [
              "FARGATE"
            ],
            "revision": 25,
            "runtime_platform": [
              {
                "cpu_architecture": "X86_64",
                "operating_system_family": "LINUX"
              }
            ],
            "skip_destroy": null,
            "tags": {},
            "tags_all": {},
            "task_role_arn": "arn:aws:iam::263427518575:role/opalink-prod-ecs-task-defination-role",
            "track_latest": false,
            "volume": []
          },
          "sensitive_attributes": [],
          "identity_schema_version": 0,
          "private": "eyJzY2hlbWFfdmVyc2lvbiI6IjEifQ=="
        }
      ]
    },
    {
      "module": "module.ecs",
      "mode": "managed",
      "type": "aws_ecs_task_definition",
      "name": "restaurant_task_defination",
      "provider": "provider[\"registry.terraform.io/hashicorp/aws\"]",
      "instances": [
        {
          "schema_version": 1,
          "attributes": {
            "arn": "arn:aws:ecs:us-east-1:263427518575:task-definition/restaurant-prod-task-defination:45",
            "arn_without_revision": "arn:aws:ecs:us-east-1:263427518575:task-definition/restaurant-prod-task-defination",
            "container_definitions": "[{\"command\":[\"--config=/etc/ecs/ecs-cloudwatch.yaml\"],\"environment\":[],\"essential\":true,\"image\":\"public.ecr.aws/aws-observability/aws-otel-collector:v0.43.3\",\"logConfiguration\":{\"logDriver\":\"awslogs\",\"options\":{\"awslogs-region\":\"us-east-1\",\"awslogs-stream-prefix\":\"ecs\",\"awslogs-group\":\"/ecs/ecs-aws-otel-sidecar-collector\",\"mode\":\"non-blocking\",\"awslogs-create-group\":\"true\",\"max-buffer-size\":\"25m\"}},\"mountPoints\":[],\"name\":\"aws-otel-collector\",\"portMappings\":[],\"systemControls\":[],\"volumesFrom\":[]},{\"cpu\":1024,\"environment\":[],\"essential\":true,\"image\":\"263427518575.dkr.ecr.us-east-1.amazonaws.com/resturant-prod:911fb2a-20251121-212653\",\"logConfiguration\":{\"logDriver\":\"awslogs\",\"options\":{\"awslogs-stream-prefix\":\"ecs\",\"awslogs-group\":\"/ecs/restaurant-prod-task-defination\",\"mode\":\"non-blocking\",\"awslogs-create-group\":\"true\",\"max-buffer-size\":\"25m\",\"awslogs-region\":\"us-east-1\"}},\"memory\":2048,\"mountPoints\":[],\"name\":\"restaurant\",\"portMappings\":[{\"appProtocol\":\"http\",\"containerPort\":3004,\"hostPort\":3004,\"name\":\"restaurant-prod-port\",\"protocol\":\"tcp\"}],\"systemControls\":[],\"volumesFrom\":[]}]",
            "cpu": "1024",
            "enable_fault_injection": false,
            "ephemeral_storage": [],
            "execution_role_arn": "arn:aws:iam::263427518575:role/opalink-prod-ecs-task-defination-role",
            "family": "restaurant-prod-task-defination",
            "id": "restaurant-prod-task-defination",
            "ipc_mode": "",
            "memory": "2048",
            "network_mode": "awsvpc",
            "pid_mode": "",
            "placement_constraints": [],
            "proxy_configuration": [],
            "region": "us-east-1",
            "requires_compatibilities": [
              "FARGATE"
            ],
            "revision": 45,
            "runtime_platform": [
              {
                "cpu_architecture": "X86_64",
                "operating_system_family": "LINUX"
              }
            ],
            "skip_destroy": null,
            "tags": {},
            "tags_all": {},
            "task_role_arn": "arn:aws:iam::263427518575:role/opalink-prod-ecs-task-defination-role",
            "track_latest": false,
            "volume": []
          },
          "sensitive_attributes": [],
          "identity_schema_version": 0,
          "private": "eyJzY2hlbWFfdmVyc2lvbiI6IjEifQ=="
        }
      ]
    },
    {
      "module": "module.ecs",
      "mode": "managed",
      "type": "aws_ecs_task_definition",
      "name": "restaurant_web_task_defination",
      "provider": "provider[\"registry.terraform.io/hashicorp/aws\"]",
      "instances": [
        {
          "schema_version": 1,
          "attributes": {
            "arn": "arn:aws:ecs:us-east-1:263427518575:task-definition/restaurant-web-prod-task-defination:22",
            "arn_without_revision": "arn:aws:ecs:us-east-1:263427518575:task-definition/restaurant-web-prod-task-defination",
            "container_definitions": "[{\"command\":[\"--config=/etc/ecs/ecs-cloudwatch.yaml\"],\"environment\":[],\"essential\":true,\"image\":\"public.ecr.aws/aws-observability/aws-otel-collector:v0.43.3\",\"logConfiguration\":{\"logDriver\":\"awslogs\",\"options\":{\"awslogs-stream-prefix\":\"ecs\",\"awslogs-group\":\"/ecs/ecs-aws-otel-sidecar-collector\",\"mode\":\"non-blocking\",\"awslogs-create-group\":\"true\",\"max-buffer-size\":\"25m\",\"awslogs-region\":\"us-east-1\"},\"secretOptions\":[]},\"mountPoints\":[],\"name\":\"aws-otel-collector\",\"portMappings\":[],\"systemControls\":[],\"volumesFrom\":[]},{\"cpu\":1024,\"environment\":[],\"essential\":true,\"image\":\"263427518575.dkr.ecr.us-east-1.amazonaws.com/restaurant-web-prod:9021937-20250629-113654\",\"logConfiguration\":{\"logDriver\":\"awslogs\",\"options\":{\"awslogs-stream-prefix\":\"ecs\",\"awslogs-group\":\"/ecs/restaurant-web-prod-task-defination\",\"mode\":\"non-blocking\",\"awslogs-create-group\":\"true\",\"max-buffer-size\":\"25m\",\"awslogs-region\":\"us-east-1\"},\"secretOptions\":[]},\"memory\":2048,\"mountPoints\":[],\"name\":\"restaurant-web\",\"portMappings\":[{\"appProtocol\":\"http\",\"containerPort\":6002,\"hostPort\":6002,\"name\":\"restaurant-web-prod-port\",\"protocol\":\"tcp\"}],\"systemControls\":[],\"volumesFrom\":[]}]",
            "cpu": "1024",
            "enable_fault_injection": false,
            "ephemeral_storage": [],
            "execution_role_arn": "arn:aws:iam::263427518575:role/opalink-prod-ecs-task-defination-role",
            "family": "restaurant-web-prod-task-defination",
            "id": "restaurant-web-prod-task-defination",
            "ipc_mode": "",
            "memory": "2048",
            "network_mode": "awsvpc",
            "pid_mode": "",
            "placement_constraints": [],
            "proxy_configuration": [],
            "region": "us-east-1",
            "requires_compatibilities": [
              "FARGATE"
            ],
            "revision": 22,
            "runtime_platform": [
              {
                "cpu_architecture": "X86_64",
                "operating_system_family": "LINUX"
              }
            ],
            "skip_destroy": null,
            "tags": {},
            "tags_all": {},
            "task_role_arn": "arn:aws:iam::263427518575:role/opalink-prod-ecs-task-defination-role",
            "track_latest": false,
            "volume": []
          },
          "sensitive_attributes": [],
          "identity_schema_version": 0,
          "private": "eyJzY2hlbWFfdmVyc2lvbiI6IjEifQ=="
        }
      ]
    },
    {
      "module": "module.ecs",
      "mode": "managed",
      "type": "aws_ecs_task_definition",
      "name": "super_admin_task_defination",
      "provider": "provider[\"registry.terraform.io/hashicorp/aws\"]",
      "instances": [
        {
          "schema_version": 1,
          "attributes": {
            "arn": "arn:aws:ecs:us-east-1:263427518575:task-definition/super-admin-prod-task-defination:24",
            "arn_without_revision": "arn:aws:ecs:us-east-1:263427518575:task-definition/super-admin-prod-task-defination",
            "container_definitions": "[{\"command\":[\"--config=/etc/ecs/ecs-cloudwatch.yaml\"],\"environment\":[],\"essential\":true,\"image\":\"public.ecr.aws/aws-observability/aws-otel-collector:v0.43.3\",\"logConfiguration\":{\"logDriver\":\"awslogs\",\"options\":{\"awslogs-group\":\"/ecs/ecs-aws-otel-sidecar-collector\",\"mode\":\"non-blocking\",\"awslogs-create-group\":\"true\",\"max-buffer-size\":\"25m\",\"awslogs-region\":\"us-east-1\",\"awslogs-stream-prefix\":\"ecs\"}},\"mountPoints\":[],\"name\":\"aws-otel-collector\",\"portMappings\":[],\"systemControls\":[],\"volumesFrom\":[]},{\"cpu\":1024,\"environment\":[],\"essential\":true,\"image\":\"263427518575.dkr.ecr.us-east-1.amazonaws.com/super-admin-prod:3147420-20250629-113700\",\"logConfiguration\":{\"logDriver\":\"awslogs\",\"options\":{\"awslogs-group\":\"/ecs/super-admin-prod-task-defination\",\"mode\":\"non-blocking\",\"awslogs-create-group\":\"true\",\"max-buffer-size\":\"25m\",\"awslogs-region\":\"us-east-1\",\"awslogs-stream-prefix\":\"ecs\"}},\"memory\":2048,\"mountPoints\":[],\"name\":\"super-admin\",\"portMappings\":[{\"appProtocol\":\"http\",\"containerPort\":6003,\"hostPort\":6003,\"name\":\"super-admin-prod-port\",\"protocol\":\"tcp\"}],\"systemControls\":[],\"volumesFrom\":[]}]",
            "cpu": "1024",
            "enable_fault_injection": false,
            "ephemeral_storage": [],
            "execution_role_arn": "arn:aws:iam::263427518575:role/opalink-prod-ecs-task-defination-role",
            "family": "super-admin-prod-task-defination",
            "id": "super-admin-prod-task-defination",
            "ipc_mode": "",
            "memory": "2048",
            "network_mode": "awsvpc",
            "pid_mode": "",
            "placement_constraints": [],
            "proxy_configuration": [],
            "region": "us-east-1",
            "requires_compatibilities": [
              "FARGATE"
            ],
            "revision": 24,
            "runtime_platform": [
              {
                "cpu_architecture": "X86_64",
                "operating_system_family": "LINUX"
              }
            ],
            "skip_destroy": null,
            "tags": {},
            "tags_all": {},
            "task_role_arn": "arn:aws:iam::263427518575:role/opalink-prod-ecs-task-defination-role",
            "track_latest": false,
            "volume": []
          },
          "sensitive_attributes": [],
          "identity_schema_version": 0,
          "private": "eyJzY2hlbWFfdmVyc2lvbiI6IjEifQ=="
        }
      ]
    },
    {
      "module": "module.ecs",
      "mode": "managed",
      "type": "aws_ecs_task_definition",
      "name": "user_service_task_defination",
      "provider": "provider[\"registry.terraform.io/hashicorp/aws\"]",
      "instances": [
        {
          "schema_version": 1,
          "attributes": {
            "arn": "arn:aws:ecs:us-east-1:263427518575:task-definition/user-prod-task-defination:34",
            "arn_without_revision": "arn:aws:ecs:us-east-1:263427518575:task-definition/user-prod-task-defination",
            "container_definitions": "[{\"cpu\":1024,\"environment\":[],\"essential\":true,\"image\":\"263427518575.dkr.ecr.us-east-1.amazonaws.com/user-prod:16786e1-20251118-161526\",\"logConfiguration\":{\"logDriver\":\"awslogs\",\"options\":{\"awslogs-group\":\"/ecs/user-prod-task-defination\",\"mode\":\"non-blocking\",\"awslogs-create-group\":\"true\",\"max-buffer-size\":\"25m\",\"awslogs-region\":\"us-east-1\",\"awslogs-stream-prefix\":\"ecs\"},\"secretOptions\":[]},\"memory\":2048,\"mountPoints\":[],\"name\":\"3005\",\"portMappings\":[{\"appProtocol\":\"http\",\"containerPort\":3005,\"hostPort\":3005,\"name\":\"user-prod-port\",\"protocol\":\"tcp\"}],\"systemControls\":[],\"volumesFrom\":[]},{\"command\":[\"--config=/etc/ecs/ecs-cloudwatch.yaml\"],\"environment\":[],\"essential\":true,\"image\":\"public.ecr.aws/aws-observability/aws-otel-collector:v0.43.3\",\"logConfiguration\":{\"logDriver\":\"awslogs\",\"options\":{\"awslogs-group\":\"/ecs/ecs-aws-otel-sidecar-collector\",\"mode\":\"non-blocking\",\"awslogs-create-group\":\"true\",\"max-buffer-size\":\"25m\",\"awslogs-region\":\"us-east-1\",\"awslogs-stream-prefix\":\"ecs\"},\"secretOptions\":[]},\"mountPoints\":[],\"name\":\"aws-otel-collector\",\"portMappings\":[],\"systemControls\":[],\"volumesFrom\":[]}]",
            "cpu": "1024",
            "enable_fault_injection": false,
            "ephemeral_storage": [],
            "execution_role_arn": "arn:aws:iam::263427518575:role/opalink-prod-ecs-task-defination-role",
            "family": "user-prod-task-defination",
            "id": "user-prod-task-defination",
            "ipc_mode": "",
            "memory": "2048",
            "network_mode": "awsvpc",
            "pid_mode": "",
            "placement_constraints": [],
            "proxy_configuration": [],
            "region": "us-east-1",
            "requires_compatibilities": [
              "FARGATE"
            ],
            "revision": 34,
            "runtime_platform": [
              {
                "cpu_architecture": "X86_64",
                "operating_system_family": "LINUX"
              }
            ],
            "skip_destroy": null,
            "tags": {},
            "tags_all": {},
            "task_role_arn": "arn:aws:iam::263427518575:role/opalink-prod-ecs-task-defination-role",
            "track_latest": false,
            "volume": []
          },
          "sensitive_attributes": [],
          "identity_schema_version": 0,
          "private": "eyJzY2hlbWFfdmVyc2lvbiI6IjEifQ=="
        }
      ]
    },
    {
      "module": "module.ecs",
      "mode": "managed",
      "type": "aws_iam_role",
      "name": "ecs_task_definition_role",
      "provider": "provider[\"registry.terraform.io/hashicorp/aws\"]",
      "instances": [
        {
          "schema_version": 0,
          "attributes": {
            "arn": "arn:aws:iam::263427518575:role/opalink-prod-ecs-task-defination-role",
            "assume_role_policy": "{\"Statement\":[{\"Action\":\"sts:AssumeRole\",\"Effect\":\"Allow\",\"Principal\":{\"Service\":\"ecs-tasks.amazonaws.com\"},\"Sid\":\"\"}],\"Version\":\"2012-10-17\"}",
            "create_date": "2025-04-24T10:30:56Z",
            "description": "Allows ECS tasks to call AWS services on your behalf.",
            "force_detach_policies": false,
            "id": "opalink-prod-ecs-task-defination-role",
            "inline_policy": [
              {
                "name": "opalink-prod-secret-manager-policy",
                "policy": "{\"Version\":\"2012-10-17\",\"Statement\":[{\"Action\":[\"secretsmanager:GetSecretValue\"],\"Effect\":\"Allow\",\"Resource\":\"arn:aws:secretsmanager:us-east-1:263427518575:secret:opalink/prod/app-secreats-LRAUm9\"}]}"
              }
            ],
            "managed_policy_arns": [
              "arn:aws:iam::aws:policy/AmazonMSKFullAccess",
              "arn:aws:iam::aws:policy/AmazonS3FullAccess",
              "arn:aws:iam::aws:policy/AmazonSSMManagedInstanceCore",
              "arn:aws:iam::aws:policy/CloudWatchEventsFullAccess",
              "arn:aws:iam::aws:policy/service-role/AmazonECSTaskExecutionRolePolicy"
            ],
            "max_session_duration": 3600,
            "name": "opalink-prod-ecs-task-defination-role",
            "name_prefix": "",
            "path": "/",
            "permissions_boundary": "",
            "tags": {},
            "tags_all": {},
            "unique_id": "AROAT2VMA6BXTM7UBOITX"
          },
          "sensitive_attributes": [],
          "identity_schema_version": 0,
          "identity": {
            "account_id": "263427518575",
            "name": "opalink-prod-ecs-task-defination-role"
          },
          "private": "eyJzY2hlbWFfdmVyc2lvbiI6IjAifQ=="
        }
      ]
    },
    {
      "module": "module.ecs",
      "mode": "managed",
      "type": "aws_iam_role",
      "name": "ecs_task_execution_role",
      "provider": "provider[\"registry.terraform.io/hashicorp/aws\"]",
      "instances": [
        {
          "schema_version": 0,
          "attributes": {
            "arn": "arn:aws:iam::263427518575:role/opatab-ecs-task-execution-role-production",
            "assume_role_policy": "{\"Statement\":[{\"Action\":\"sts:AssumeRole\",\"Effect\":\"Allow\",\"Principal\":{\"Service\":\"ecs-tasks.amazonaws.com\"},\"Sid\":\"\"}],\"Version\":\"2012-10-17\"}",
            "create_date": "2021-12-15T04:11:53Z",
            "description": "",
            "force_detach_policies": false,
            "id": "opatab-ecs-task-execution-role-production",
            "inline_policy": [],
            "managed_policy_arns": [
              "arn:aws:iam::aws:policy/service-role/AmazonECSTaskExecutionRolePolicy"
            ],
            "max_session_duration": 3600,
            "name": "opatab-ecs-task-execution-role-production",
            "name_prefix": "",
            "path": "/",
            "permissions_boundary": "",
            "tags": {},
            "tags_all": {},
            "unique_id": "AROAT2VMA6BX6VGG2GBJ5"
          },
          "sensitive_attributes": [],
          "identity_schema_version": 0,
          "identity": {
            "account_id": "263427518575",
            "name": "opatab-ecs-task-execution-role-production"
          },
          "private": "eyJzY2hlbWFfdmVyc2lvbiI6IjAifQ=="
        }
      ]
    },
    {
      "module": "module.ecs",
      "mode": "managed",
      "type": "aws_iam_role_policy",
      "name": "secret_manager_policy",
      "provider": "provider[\"registry.terraform.io/hashicorp/aws\"]",
      "instances": [
        {
          "schema_version": 0,
          "attributes": {
            "id": "opalink-prod-ecs-task-defination-role:opalink-prod-secret-manager-policy",
            "name": "opalink-prod-secret-manager-policy",
            "name_prefix": "",
            "policy": "{\"Version\":\"2012-10-17\",\"Statement\":[{\"Action\":[\"secretsmanager:GetSecretValue\"],\"Effect\":\"Allow\",\"Resource\":\"arn:aws:secretsmanager:us-east-1:263427518575:secret:opalink/prod/app-secreats-LRAUm9\"}]}",
            "role": "opalink-prod-ecs-task-defination-role"
          },
          "sensitive_attributes": [],
          "identity_schema_version": 0,
          "identity": {
            "account_id": "263427518575",
            "name": "opalink-prod-secret-manager-policy",
            "role": "opalink-prod-ecs-task-defination-role"
          },
          "private": "eyJzY2hlbWFfdmVyc2lvbiI6IjAifQ=="
        }
      ]
    },
    {
      "module": "module.ecs",
      "mode": "managed",
      "type": "aws_iam_role_policy_attachment",
      "name": "AmazonMSKFullAccess",
      "provider": "provider[\"registry.terraform.io/hashicorp/aws\"]",
      "instances": [
        {
          "schema_version": 0,
          "attributes": {
            "id": "opalink-prod-ecs-task-defination-role/arn:aws:iam::aws:policy/AmazonMSKFullAccess",
            "policy_arn": "arn:aws:iam::aws:policy/AmazonMSKFullAccess",
            "role": "opalink-prod-ecs-task-defination-role"
          },
          "sensitive_attributes": [],
          "identity_schema_version": 0,
          "identity": {
            "account_id": "263427518575",
            "policy_arn": "arn:aws:iam::aws:policy/AmazonMSKFullAccess",
            "role": "opalink-prod-ecs-task-defination-role"
          },
          "private": "eyJzY2hlbWFfdmVyc2lvbiI6IjAifQ=="
        }
      ]
    },
    {
      "module": "module.ecs",
      "mode": "managed",
      "type": "aws_iam_role_policy_attachment",
      "name": "AmazonS3FullAccess",
      "provider": "provider[\"registry.terraform.io/hashicorp/aws\"]",
      "instances": [
        {
          "schema_version": 0,
          "attributes": {
            "id": "opalink-prod-ecs-task-defination-role/arn:aws:iam::aws:policy/AmazonS3FullAccess",
            "policy_arn": "arn:aws:iam::aws:policy/AmazonS3FullAccess",
            "role": "opalink-prod-ecs-task-defination-role"
          },
          "sensitive_attributes": [],
          "identity_schema_version": 0,
          "identity": {
            "account_id": "263427518575",
            "policy_arn": "arn:aws:iam::aws:policy/AmazonS3FullAccess",
            "role": "opalink-prod-ecs-task-defination-role"
          },
          "private": "eyJzY2hlbWFfdmVyc2lvbiI6IjAifQ=="
        }
      ]
    },
    {
      "module": "module.ecs",
      "mode": "managed",
      "type": "aws_iam_role_policy_attachment",
      "name": "AmazonSSMManagedInstanceCore",
      "provider": "provider[\"registry.terraform.io/hashicorp/aws\"]",
      "instances": [
        {
          "schema_version": 0,
          "attributes": {
            "id": "opalink-prod-ecs-task-defination-role/arn:aws:iam::aws:policy/AmazonSSMManagedInstanceCore",
            "policy_arn": "arn:aws:iam::aws:policy/AmazonSSMManagedInstanceCore",
            "role": "opalink-prod-ecs-task-defination-role"
          },
          "sensitive_attributes": [],
          "identity_schema_version": 0,
          "identity": {
            "account_id": "263427518575",
            "policy_arn": "arn:aws:iam::aws:policy/AmazonSSMManagedInstanceCore",
            "role": "opalink-prod-ecs-task-defination-role"
          },
          "private": "eyJzY2hlbWFfdmVyc2lvbiI6IjAifQ=="
        }
      ]
    },
    {
      "module": "module.ecs",
      "mode": "managed",
      "type": "aws_iam_role_policy_attachment",
      "name": "CloudWatchEventsFullAccess",
      "provider": "provider[\"registry.terraform.io/hashicorp/aws\"]",
      "instances": [
        {
          "schema_version": 0,
          "attributes": {
            "id": "opalink-prod-ecs-task-defination-role/arn:aws:iam::aws:policy/CloudWatchEventsFullAccess",
            "policy_arn": "arn:aws:iam::aws:policy/CloudWatchEventsFullAccess",
            "role": "opalink-prod-ecs-task-defination-role"
          },
          "sensitive_attributes": [],
          "identity_schema_version": 0,
          "identity": {
            "account_id": "263427518575",
            "policy_arn": "arn:aws:iam::aws:policy/CloudWatchEventsFullAccess",
            "role": "opalink-prod-ecs-task-defination-role"
          },
          "private": "eyJzY2hlbWFfdmVyc2lvbiI6IjAifQ=="
        }
      ]
    },
    {
      "module": "module.ecs",
      "mode": "managed",
      "type": "aws_iam_role_policy_attachment",
      "name": "ecs_task_defination_attachment1",
      "provider": "provider[\"registry.terraform.io/hashicorp/aws\"]",
      "instances": [
        {
          "schema_version": 0,
          "attributes": {
            "id": "opalink-prod-ecs-task-defination-role/arn:aws:iam::aws:policy/service-role/AmazonECSTaskExecutionRolePolicy",
            "policy_arn": "arn:aws:iam::aws:policy/service-role/AmazonECSTaskExecutionRolePolicy",
            "role": "opalink-prod-ecs-task-defination-role"
          },
          "sensitive_attributes": [],
          "identity_schema_version": 0,
          "identity": {
            "account_id": "263427518575",
            "policy_arn": "arn:aws:iam::aws:policy/service-role/AmazonECSTaskExecutionRolePolicy",
            "role": "opalink-prod-ecs-task-defination-role"
          },
          "private": "eyJzY2hlbWFfdmVyc2lvbiI6IjAifQ=="
        }
      ]
    },
    {
      "module": "module.ecs",
      "mode": "managed",
      "type": "aws_iam_role_policy_attachment",
      "name": "ecs_task_execution_role_policy",
      "provider": "provider[\"registry.terraform.io/hashicorp/aws\"]",
      "instances": [
        {
          "schema_version": 0,
          "attributes": {
            "id": "opatab-ecs-task-execution-role-production/arn:aws:iam::aws:policy/service-role/AmazonECSTaskExecutionRolePolicy",
            "policy_arn": "arn:aws:iam::aws:policy/service-role/AmazonECSTaskExecutionRolePolicy",
            "role": "opatab-ecs-task-execution-role-production"
          },
          "sensitive_attributes": [],
          "identity_schema_version": 0,
          "identity": {
            "account_id": "263427518575",
            "policy_arn": "arn:aws:iam::aws:policy/service-role/AmazonECSTaskExecutionRolePolicy",
            "role": "opatab-ecs-task-execution-role-production"
          },
          "private": "eyJzY2hlbWFfdmVyc2lvbiI6IjAifQ=="
        }
      ]
    },
    {
      "module": "module.ecs",
      "mode": "managed",
      "type": "aws_security_group",
      "name": "accounting_service_sg",
      "provider": "provider[\"registry.terraform.io/hashicorp/aws\"]",
      "instances": [
        {
          "schema_version": 1,
          "attributes": {
            "arn": "arn:aws:ec2:us-east-1:263427518575:security-group/sg-09b4feef0b81163ac",
            "description": "Created in ECS Console",
            "egress": [
              {
                "cidr_blocks": [
                  "0.0.0.0/0"
                ],
                "description": "",
                "from_port": 0,
                "ipv6_cidr_blocks": [],
                "prefix_list_ids": [],
                "protocol": "-1",
                "security_groups": [],
                "self": false,
                "to_port": 0
              }
            ],
            "id": "sg-09b4feef0b81163ac",
            "ingress": [
              {
                "cidr_blocks": [],
                "description": "",
                "from_port": 3000,
                "ipv6_cidr_blocks": [],
                "prefix_list_ids": [],
                "protocol": "tcp",
                "security_groups": [
                  "sg-0e7d7aa70861f9951"
                ],
                "self": false,
                "to_port": 3000
              }
            ],
            "name": "accounting-prod-sg",
            "name_prefix": "",
            "owner_id": "263427518575",
            "region": "us-east-1",
            "revoke_rules_on_delete": null,
            "tags": {
              "Name": "accounting-prod-sg"
            },
            "tags_all": {
              "Name": "accounting-prod-sg"
            },
            "timeouts": null,
            "vpc_id": "vpc-061e967e475b80600"
          },
          "sensitive_attributes": [],
          "identity_schema_version": 0,
          "identity": {
            "account_id": "263427518575",
            "id": "sg-09b4feef0b81163ac",
            "region": "us-east-1"
          },
          "private": "eyJlMmJmYjczMC1lY2FhLTExZTYtOGY4OC0zNDM2M2JjN2M0YzAiOnsiY3JlYXRlIjo2MDAwMDAwMDAwMDAsImRlbGV0ZSI6OTAwMDAwMDAwMDAwfSwic2NoZW1hX3ZlcnNpb24iOiIxIn0="
        }
      ]
    },
    {
      "module": "module.ecs",
      "mode": "managed",
      "type": "aws_security_group",
      "name": "auth_service_sg",
      "provider": "provider[\"registry.terraform.io/hashicorp/aws\"]",
      "instances": [
        {
          "schema_version": 1,
          "attributes": {
            "arn": "arn:aws:ec2:us-east-1:263427518575:security-group/sg-08898209a9b0801cd",
            "description": "Created in ECS Console",
            "egress": [
              {
                "cidr_blocks": [
                  "0.0.0.0/0"
                ],
                "description": "",
                "from_port": 0,
                "ipv6_cidr_blocks": [],
                "prefix_list_ids": [],
                "protocol": "-1",
                "security_groups": [],
                "self": false,
                "to_port": 0
              }
            ],
            "id": "sg-08898209a9b0801cd",
            "ingress": [
              {
                "cidr_blocks": [],
                "description": "",
                "from_port": 3001,
                "ipv6_cidr_blocks": [],
                "prefix_list_ids": [],
                "protocol": "tcp",
                "security_groups": [
                  "sg-0e7d7aa70861f9951"
                ],
                "self": false,
                "to_port": 3001
              }
            ],
            "name": "auth-prod-sg",
            "name_prefix": "",
            "owner_id": "263427518575",
            "region": "us-east-1",
            "revoke_rules_on_delete": null,
            "tags": {},
            "tags_all": {},
            "timeouts": null,
            "vpc_id": "vpc-061e967e475b80600"
          },
          "sensitive_attributes": [],
          "identity_schema_version": 0,
          "identity": {
            "account_id": "263427518575",
            "id": "sg-08898209a9b0801cd",
            "region": "us-east-1"
          },
          "private": "eyJlMmJmYjczMC1lY2FhLTExZTYtOGY4OC0zNDM2M2JjN2M0YzAiOnsiY3JlYXRlIjo2MDAwMDAwMDAwMDAsImRlbGV0ZSI6OTAwMDAwMDAwMDAwfSwic2NoZW1hX3ZlcnNpb24iOiIxIn0="
        }
      ]
    },
    {
      "module": "module.ecs",
      "mode": "managed",
      "type": "aws_security_group",
      "name": "customer_support_service_sg",
      "provider": "provider[\"registry.terraform.io/hashicorp/aws\"]",
      "instances": [
        {
          "schema_version": 1,
          "attributes": {
            "arn": "arn:aws:ec2:us-east-1:263427518575:security-group/sg-0c512fe19c9ff6168",
            "description": "Created in ECS Console",
            "egress": [
              {
                "cidr_blocks": [
                  "0.0.0.0/0"
                ],
                "description": "",
                "from_port": 0,
                "ipv6_cidr_blocks": [],
                "prefix_list_ids": [],
                "protocol": "-1",
                "security_groups": [],
                "self": false,
                "to_port": 0
              }
            ],
            "id": "sg-0c512fe19c9ff6168",
            "ingress": [
              {
                "cidr_blocks": [],
                "description": "",
                "from_port": 3002,
                "ipv6_cidr_blocks": [],
                "prefix_list_ids": [],
                "protocol": "tcp",
                "security_groups": [
                  "sg-0e7d7aa70861f9951"
                ],
                "self": false,
                "to_port": 3002
              }
            ],
            "name": "customer-support-prod-tg",
            "name_prefix": "",
            "owner_id": "263427518575",
            "region": "us-east-1",
            "revoke_rules_on_delete": null,
            "tags": {},
            "tags_all": {},
            "timeouts": null,
            "vpc_id": "vpc-061e967e475b80600"
          },
          "sensitive_attributes": [],
          "identity_schema_version": 0,
          "identity": {
            "account_id": "263427518575",
            "id": "sg-0c512fe19c9ff6168",
            "region": "us-east-1"
          },
          "private": "eyJlMmJmYjczMC1lY2FhLTExZTYtOGY4OC0zNDM2M2JjN2M0YzAiOnsiY3JlYXRlIjo2MDAwMDAwMDAwMDAsImRlbGV0ZSI6OTAwMDAwMDAwMDAwfSwic2NoZW1hX3ZlcnNpb24iOiIxIn0="
        }
      ]
    },
    {
      "module": "module.ecs",
      "mode": "managed",
      "type": "aws_security_group",
      "name": "gift_service_sg",
      "provider": "provider[\"registry.terraform.io/hashicorp/aws\"]",
      "instances": [
        {
          "schema_version": 1,
          "attributes": {
            "arn": "arn:aws:ec2:us-east-1:263427518575:security-group/sg-0f17233eef581bc61",
            "description": "Created in ECS Console",
            "egress": [
              {
                "cidr_blocks": [
                  "0.0.0.0/0"
                ],
                "description": "",
                "from_port": 0,
                "ipv6_cidr_blocks": [],
                "prefix_list_ids": [],
                "protocol": "-1",
                "security_groups": [],
                "self": false,
                "to_port": 0
              }
            ],
            "id": "sg-0f17233eef581bc61",
            "ingress": [
              {
                "cidr_blocks": [],
                "description": "",
                "from_port": 3006,
                "ipv6_cidr_blocks": [],
                "prefix_list_ids": [],
                "protocol": "tcp",
                "security_groups": [
                  "sg-0e7d7aa70861f9951"
                ],
                "self": false,
                "to_port": 3006
              }
            ],
            "name": "gift-production-sg",
            "name_prefix": "",
            "owner_id": "263427518575",
            "region": "us-east-1",
            "revoke_rules_on_delete": null,
            "tags": {},
            "tags_all": {},
            "timeouts": null,
            "vpc_id": "vpc-061e967e475b80600"
          },
          "sensitive_attributes": [],
          "identity_schema_version": 0,
          "identity": {
            "account_id": "263427518575",
            "id": "sg-0f17233eef581bc61",
            "region": "us-east-1"
          },
          "private": "eyJlMmJmYjczMC1lY2FhLTExZTYtOGY4OC0zNDM2M2JjN2M0YzAiOnsiY3JlYXRlIjo2MDAwMDAwMDAwMDAsImRlbGV0ZSI6OTAwMDAwMDAwMDAwfSwic2NoZW1hX3ZlcnNpb24iOiIxIn0="
        }
      ]
    },
    {
      "module": "module.ecs",
      "mode": "managed",
      "type": "aws_security_group",
      "name": "mobile_service_sg",
      "provider": "provider[\"registry.terraform.io/hashicorp/aws\"]",
      "instances": [
        {
          "schema_version": 1,
          "attributes": {
            "arn": "arn:aws:ec2:us-east-1:263427518575:security-group/sg-0f96469f83bae87f2",
            "description": "Created in ECS Console",
            "egress": [
              {
                "cidr_blocks": [
                  "0.0.0.0/0"
                ],
                "description": "",
                "from_port": 0,
                "ipv6_cidr_blocks": [],
                "prefix_list_ids": [],
                "protocol": "-1",
                "security_groups": [],
                "self": false,
                "to_port": 0
              }
            ],
            "id": "sg-0f96469f83bae87f2",
            "ingress": [
              {
                "cidr_blocks": [],
                "description": "",
                "from_port": 6001,
                "ipv6_cidr_blocks": [],
                "prefix_list_ids": [],
                "protocol": "tcp",
                "security_groups": [
                  "sg-0e7d7aa70861f9951"
                ],
                "self": false,
                "to_port": 6001
              }
            ],
            "name": "mobile-prod-sg",
            "name_prefix": "",
            "owner_id": "263427518575",
            "region": "us-east-1",
            "revoke_rules_on_delete": null,
            "tags": {},
            "tags_all": {},
            "timeouts": null,
            "vpc_id": "vpc-061e967e475b80600"
          },
          "sensitive_attributes": [],
          "identity_schema_version": 0,
          "identity": {
            "account_id": "263427518575",
            "id": "sg-0f96469f83bae87f2",
            "region": "us-east-1"
          },
          "private": "eyJlMmJmYjczMC1lY2FhLTExZTYtOGY4OC0zNDM2M2JjN2M0YzAiOnsiY3JlYXRlIjo2MDAwMDAwMDAwMDAsImRlbGV0ZSI6OTAwMDAwMDAwMDAwfSwic2NoZW1hX3ZlcnNpb24iOiIxIn0="
        }
      ]
    },
    {
      "module": "module.ecs",
      "mode": "managed",
      "type": "aws_security_group",
      "name": "nginx_service_sg",
      "provider": "provider[\"registry.terraform.io/hashicorp/aws\"]",
      "instances": [
        {
          "schema_version": 1,
          "attributes": {
            "arn": "arn:aws:ec2:us-east-1:263427518575:security-group/sg-04cd115356f89ee63",
            "description": "Created in ECS Console",
            "egress": [
              {
                "cidr_blocks": [
                  "0.0.0.0/0"
                ],
                "description": "",
                "from_port": 0,
                "ipv6_cidr_blocks": [],
                "prefix_list_ids": [],
                "protocol": "-1",
                "security_groups": [],
                "self": false,
                "to_port": 0
              }
            ],
            "id": "sg-04cd115356f89ee63",
            "ingress": [
              {
                "cidr_blocks": [],
                "description": "",
                "from_port": 80,
                "ipv6_cidr_blocks": [],
                "prefix_list_ids": [],
                "protocol": "tcp",
                "security_groups": [
                  "sg-0e7d7aa70861f9951"
                ],
                "self": false,
                "to_port": 80
              }
            ],
            "name": "ecs-nginx-service",
            "name_prefix": "",
            "owner_id": "263427518575",
            "region": "us-east-1",
            "revoke_rules_on_delete": null,
            "tags": {},
            "tags_all": {},
            "timeouts": null,
            "vpc_id": "vpc-061e967e475b80600"
          },
          "sensitive_attributes": [],
          "identity_schema_version": 0,
          "identity": {
            "account_id": "263427518575",
            "id": "sg-04cd115356f89ee63",
            "region": "us-east-1"
          },
          "private": "eyJlMmJmYjczMC1lY2FhLTExZTYtOGY4OC0zNDM2M2JjN2M0YzAiOnsiY3JlYXRlIjo2MDAwMDAwMDAwMDAsImRlbGV0ZSI6OTAwMDAwMDAwMDAwfSwic2NoZW1hX3ZlcnNpb24iOiIxIn0="
        }
      ]
    },
    {
      "module": "module.ecs",
      "mode": "managed",
      "type": "aws_security_group",
      "name": "notifcation_service_sg",
      "provider": "provider[\"registry.terraform.io/hashicorp/aws\"]",
      "instances": [
        {
          "schema_version": 1,
          "attributes": {
            "arn": "arn:aws:ec2:us-east-1:263427518575:security-group/sg-058574ad45a19a883",
            "description": "Created in ECS Console",
            "egress": [
              {
                "cidr_blocks": [
                  "0.0.0.0/0"
                ],
                "description": "",
                "from_port": 0,
                "ipv6_cidr_blocks": [],
                "prefix_list_ids": [],
                "protocol": "-1",
                "security_groups": [],
                "self": false,
                "to_port": 0
              }
            ],
            "id": "sg-058574ad45a19a883",
            "ingress": [
              {
                "cidr_blocks": [],
                "description": "",
                "from_port": 3003,
                "ipv6_cidr_blocks": [],
                "prefix_list_ids": [],
                "protocol": "tcp",
                "security_groups": [
                  "sg-0e7d7aa70861f9951"
                ],
                "self": false,
                "to_port": 3003
              }
            ],
            "name": "prod-notification-sg",
            "name_prefix": "",
            "owner_id": "263427518575",
            "region": "us-east-1",
            "revoke_rules_on_delete": null,
            "tags": {},
            "tags_all": {},
            "timeouts": null,
            "vpc_id": "vpc-061e967e475b80600"
          },
          "sensitive_attributes": [],
          "identity_schema_version": 0,
          "identity": {
            "account_id": "263427518575",
            "id": "sg-058574ad45a19a883",
            "region": "us-east-1"
          },
          "private": "eyJlMmJmYjczMC1lY2FhLTExZTYtOGY4OC0zNDM2M2JjN2M0YzAiOnsiY3JlYXRlIjo2MDAwMDAwMDAwMDAsImRlbGV0ZSI6OTAwMDAwMDAwMDAwfSwic2NoZW1hX3ZlcnNpb24iOiIxIn0="
        }
      ]
    },
    {
      "module": "module.ecs",
      "mode": "managed",
      "type": "aws_security_group",
      "name": "restaurant_service_sg",
      "provider": "provider[\"registry.terraform.io/hashicorp/aws\"]",
      "instances": [
        {
          "schema_version": 1,
          "attributes": {
            "arn": "arn:aws:ec2:us-east-1:263427518575:security-group/sg-0e66c451a84deffda",
            "description": "Created in ECS Console",
            "egress": [
              {
                "cidr_blocks": [
                  "0.0.0.0/0"
                ],
                "description": "",
                "from_port": 0,
                "ipv6_cidr_blocks": [],
                "prefix_list_ids": [],
                "protocol": "-1",
                "security_groups": [],
                "self": false,
                "to_port": 0
              }
            ],
            "id": "sg-0e66c451a84deffda",
            "ingress": [
              {
                "cidr_blocks": [],
                "description": "",
                "from_port": 3004,
                "ipv6_cidr_blocks": [],
                "prefix_list_ids": [],
                "protocol": "tcp",
                "security_groups": [
                  "sg-0e7d7aa70861f9951"
                ],
                "self": false,
                "to_port": 3004
              }
            ],
            "name": "resturant-prod-sg",
            "name_prefix": "",
            "owner_id": "263427518575",
            "region": "us-east-1",
            "revoke_rules_on_delete": null,
            "tags": {},
            "tags_all": {},
            "timeouts": null,
            "vpc_id": "vpc-061e967e475b80600"
          },
          "sensitive_attributes": [],
          "identity_schema_version": 0,
          "identity": {
            "account_id": "263427518575",
            "id": "sg-0e66c451a84deffda",
            "region": "us-east-1"
          },
          "private": "eyJlMmJmYjczMC1lY2FhLTExZTYtOGY4OC0zNDM2M2JjN2M0YzAiOnsiY3JlYXRlIjo2MDAwMDAwMDAwMDAsImRlbGV0ZSI6OTAwMDAwMDAwMDAwfSwic2NoZW1hX3ZlcnNpb24iOiIxIn0="
        }
      ]
    },
    {
      "module": "module.ecs",
      "mode": "managed",
      "type": "aws_security_group",
      "name": "restaurant_web_service_sg",
      "provider": "provider[\"registry.terraform.io/hashicorp/aws\"]",
      "instances": [
        {
          "schema_version": 1,
          "attributes": {
            "arn": "arn:aws:ec2:us-east-1:263427518575:security-group/sg-0336956a6d594cf09",
            "description": "Created in ECS Console",
            "egress": [
              {
                "cidr_blocks": [
                  "0.0.0.0/0"
                ],
                "description": "",
                "from_port": 0,
                "ipv6_cidr_blocks": [],
                "prefix_list_ids": [],
                "protocol": "-1",
                "security_groups": [],
                "self": false,
                "to_port": 0
              }
            ],
            "id": "sg-0336956a6d594cf09",
            "ingress": [
              {
                "cidr_blocks": [],
                "description": "",
                "from_port": 6002,
                "ipv6_cidr_blocks": [],
                "prefix_list_ids": [],
                "protocol": "tcp",
                "security_groups": [
                  "sg-0e7d7aa70861f9951"
                ],
                "self": false,
                "to_port": 6002
              }
            ],
            "name": "resturant-web-prod-sg",
            "name_prefix": "",
            "owner_id": "263427518575",
            "region": "us-east-1",
            "revoke_rules_on_delete": null,
            "tags": {},
            "tags_all": {},
            "timeouts": null,
            "vpc_id": "vpc-061e967e475b80600"
          },
          "sensitive_attributes": [],
          "identity_schema_version": 0,
          "identity": {
            "account_id": "263427518575",
            "id": "sg-0336956a6d594cf09",
            "region": "us-east-1"
          },
          "private": "eyJlMmJmYjczMC1lY2FhLTExZTYtOGY4OC0zNDM2M2JjN2M0YzAiOnsiY3JlYXRlIjo2MDAwMDAwMDAwMDAsImRlbGV0ZSI6OTAwMDAwMDAwMDAwfSwic2NoZW1hX3ZlcnNpb24iOiIxIn0="
        }
      ]
    },
    {
      "module": "module.ecs",
      "mode": "managed",
      "type": "aws_security_group",
      "name": "super_admin_service_sg",
      "provider": "provider[\"registry.terraform.io/hashicorp/aws\"]",
      "instances": [
        {
          "schema_version": 1,
          "attributes": {
            "arn": "arn:aws:ec2:us-east-1:263427518575:security-group/sg-0799bfd3c455bf834",
            "description": "Created in ECS Console",
            "egress": [
              {
                "cidr_blocks": [
                  "0.0.0.0/0"
                ],
                "description": "",
                "from_port": 0,
                "ipv6_cidr_blocks": [],
                "prefix_list_ids": [],
                "protocol": "-1",
                "security_groups": [],
                "self": false,
                "to_port": 0
              }
            ],
            "id": "sg-0799bfd3c455bf834",
            "ingress": [
              {
                "cidr_blocks": [],
                "description": "",
                "from_port": 6003,
                "ipv6_cidr_blocks": [],
                "prefix_list_ids": [],
                "protocol": "tcp",
                "security_groups": [
                  "sg-0e7d7aa70861f9951"
                ],
                "self": false,
                "to_port": 6003
              }
            ],
            "name": "super-admin-prod-sg",
            "name_prefix": "",
            "owner_id": "263427518575",
            "region": "us-east-1",
            "revoke_rules_on_delete": null,
            "tags": {},
            "tags_all": {},
            "timeouts": null,
            "vpc_id": "vpc-061e967e475b80600"
          },
          "sensitive_attributes": [],
          "identity_schema_version": 0,
          "identity": {
            "account_id": "263427518575",
            "id": "sg-0799bfd3c455bf834",
            "region": "us-east-1"
          },
          "private": "eyJlMmJmYjczMC1lY2FhLTExZTYtOGY4OC0zNDM2M2JjN2M0YzAiOnsiY3JlYXRlIjo2MDAwMDAwMDAwMDAsImRlbGV0ZSI6OTAwMDAwMDAwMDAwfSwic2NoZW1hX3ZlcnNpb24iOiIxIn0="
        }
      ]
    },
    {
      "module": "module.ecs",
      "mode": "managed",
      "type": "aws_security_group",
      "name": "user_service_sg",
      "provider": "provider[\"registry.terraform.io/hashicorp/aws\"]",
      "instances": [
        {
          "schema_version": 1,
          "attributes": {
            "arn": "arn:aws:ec2:us-east-1:263427518575:security-group/sg-0e51d09f328d4ecd8",
            "description": "Created in ECS Console",
            "egress": [
              {
                "cidr_blocks": [
                  "0.0.0.0/0"
                ],
                "description": "",
                "from_port": 0,
                "ipv6_cidr_blocks": [],
                "prefix_list_ids": [],
                "protocol": "-1",
                "security_groups": [],
                "self": false,
                "to_port": 0
              }
            ],
            "id": "sg-0e51d09f328d4ecd8",
            "ingress": [
              {
                "cidr_blocks": [],
                "description": "",
                "from_port": 3005,
                "ipv6_cidr_blocks": [],
                "prefix_list_ids": [],
                "protocol": "tcp",
                "security_groups": [
                  "sg-0e7d7aa70861f9951"
                ],
                "self": false,
                "to_port": 3005
              }
            ],
            "name": "user-prod-sg",
            "name_prefix": "",
            "owner_id": "263427518575",
            "region": "us-east-1",
            "revoke_rules_on_delete": null,
            "tags": {},
            "tags_all": {},
            "timeouts": null,
            "vpc_id": "vpc-061e967e475b80600"
          },
          "sensitive_attributes": [],
          "identity_schema_version": 0,
          "identity": {
            "account_id": "263427518575",
            "id": "sg-0e51d09f328d4ecd8",
            "region": "us-east-1"
          },
          "private": "eyJlMmJmYjczMC1lY2FhLTExZTYtOGY4OC0zNDM2M2JjN2M0YzAiOnsiY3JlYXRlIjo2MDAwMDAwMDAwMDAsImRlbGV0ZSI6OTAwMDAwMDAwMDAwfSwic2NoZW1hX3ZlcnNpb24iOiIxIn0="
        }
      ]
    },
    {
      "module": "module.load_balancer",
      "mode": "managed",
      "type": "aws_lb",
      "name": "kowlUI",
      "provider": "provider[\"registry.terraform.io/hashicorp/aws\"]",
      "instances": [
        {
          "schema_version": 0,
          "attributes": {
            "access_logs": [
              {
                "bucket": "",
                "enabled": false,
                "prefix": ""
              }
            ],
            "arn": "arn:aws:elasticloadbalancing:us-east-1:263427518575:loadbalancer/app/Opalink-prod-KowlUI-LB/7208a0e5704bc6f5",
            "arn_suffix": "app/Opalink-prod-KowlUI-LB/7208a0e5704bc6f5",
            "client_keep_alive": 3600,
            "connection_logs": [
              {
                "bucket": "",
                "enabled": false,
                "prefix": ""
              }
            ],
            "customer_owned_ipv4_pool": "",
            "desync_mitigation_mode": "defensive",
            "dns_name": "internal-Opalink-prod-KowlUI-LB-582924873.us-east-1.elb.amazonaws.com",
            "dns_record_client_routing_policy": null,
            "drop_invalid_header_fields": false,
            "enable_cross_zone_load_balancing": true,
            "enable_deletion_protection": false,
            "enable_http2": true,
            "enable_tls_version_and_cipher_suite_headers": false,
            "enable_waf_fail_open": false,
            "enable_xff_client_port": false,
            "enable_zonal_shift": false,
            "enforce_security_group_inbound_rules_on_private_link_traffic": "",
            "id": "arn:aws:elasticloadbalancing:us-east-1:263427518575:loadbalancer/app/Opalink-prod-KowlUI-LB/7208a0e5704bc6f5",
            "idle_timeout": 60,
            "internal": true,
            "ip_address_type": "ipv4",
            "ipam_pools": [],
            "load_balancer_type": "application",
            "minimum_load_balancer_capacity": [],
            "name": "Opalink-prod-KowlUI-LB",
            "name_prefix": "",
            "preserve_host_header": false,
            "region": "us-east-1",
            "secondary_ips_auto_assigned_per_subnet": null,
            "security_groups": [
              "sg-0338eeb05a954580e"
            ],
            "subnet_mapping": [
              {
                "allocation_id": "",
                "ipv6_address": "",
                "outpost_id": "",
                "private_ipv4_address": "",
                "subnet_id": "subnet-024eae79168ce7b83"
              },
              {
                "allocation_id": "",
                "ipv6_address": "",
                "outpost_id": "",
                "private_ipv4_address": "",
                "subnet_id": "subnet-07d7e43e5ac5d45df"
              },
              {
                "allocation_id": "",
                "ipv6_address": "",
                "outpost_id": "",
                "private_ipv4_address": "",
                "subnet_id": "subnet-09b4075cfd7920e9b"
              }
            ],
            "subnets": [
              "subnet-024eae79168ce7b83",
              "subnet-07d7e43e5ac5d45df",
              "subnet-09b4075cfd7920e9b"
            ],
            "tags": {},
            "tags_all": {},
            "timeouts": null,
            "vpc_id": "vpc-061e967e475b80600",
            "xff_header_processing_mode": "append",
            "zone_id": "Z35SXDOTRQ7X7K"
          },
          "sensitive_attributes": [],
          "identity_schema_version": 0,
          "identity": {
            "arn": "arn:aws:elasticloadbalancing:us-east-1:263427518575:loadbalancer/app/Opalink-prod-KowlUI-LB/7208a0e5704bc6f5"
          },
          "private": "eyJlMmJmYjczMC1lY2FhLTExZTYtOGY4OC0zNDM2M2JjN2M0YzAiOnsiY3JlYXRlIjo2MDAwMDAwMDAwMDAsImRlbGV0ZSI6NjAwMDAwMDAwMDAwLCJ1cGRhdGUiOjYwMDAwMDAwMDAwMH0sInNjaGVtYV92ZXJzaW9uIjoiMCJ9"
        }
      ]
    },
    {
      "module": "module.load_balancer",
      "mode": "managed",
      "type": "aws_lb",
      "name": "lb",
      "provider": "provider[\"registry.terraform.io/hashicorp/aws\"]",
      "instances": [
        {
          "schema_version": 0,
          "attributes": {
            "access_logs": [
              {
                "bucket": "opalink-prod-alb-logs-20250609",
                "enabled": true,
                "prefix": ""
              }
            ],
            "arn": "arn:aws:elasticloadbalancing:us-east-1:263427518575:loadbalancer/app/opalink-prod-load-balancer/0a0bef0ef1ca1d3f",
            "arn_suffix": "app/opalink-prod-load-balancer/0a0bef0ef1ca1d3f",
            "client_keep_alive": 3600,
            "connection_logs": [
              {
                "bucket": "",
                "enabled": false,
                "prefix": ""
              }
            ],
            "customer_owned_ipv4_pool": "",
            "desync_mitigation_mode": "defensive",
            "dns_name": "opalink-prod-load-balancer-1076415687.us-east-1.elb.amazonaws.com",
            "dns_record_client_routing_policy": null,
            "drop_invalid_header_fields": false,
            "enable_cross_zone_load_balancing": true,
            "enable_deletion_protection": true,
            "enable_http2": true,
            "enable_tls_version_and_cipher_suite_headers": false,
            "enable_waf_fail_open": false,
            "enable_xff_client_port": false,
            "enable_zonal_shift": false,
            "enforce_security_group_inbound_rules_on_private_link_traffic": "",
            "id": "arn:aws:elasticloadbalancing:us-east-1:263427518575:loadbalancer/app/opalink-prod-load-balancer/0a0bef0ef1ca1d3f",
            "idle_timeout": 120,
            "internal": false,
            "ip_address_type": "ipv4",
            "ipam_pools": [],
            "load_balancer_type": "application",
            "minimum_load_balancer_capacity": [],
            "name": "opalink-prod-load-balancer",
            "name_prefix": "",
            "preserve_host_header": false,
            "region": "us-east-1",
            "secondary_ips_auto_assigned_per_subnet": null,
            "security_groups": [
              "sg-0e7d7aa70861f9951"
            ],
            "subnet_mapping": [
              {
                "allocation_id": "",
                "ipv6_address": "",
                "outpost_id": "",
                "private_ipv4_address": "",
                "subnet_id": "subnet-0005db19f81ad9a92"
              },
              {
                "allocation_id": "",
                "ipv6_address": "",
                "outpost_id": "",
                "private_ipv4_address": "",
                "subnet_id": "subnet-02487c5434c9a1bf7"
              },
              {
                "allocation_id": "",
                "ipv6_address": "",
                "outpost_id": "",
                "private_ipv4_address": "",
                "subnet_id": "subnet-0f5a75808c0b61c48"
              }
            ],
            "subnets": [
              "subnet-0005db19f81ad9a92",
              "subnet-02487c5434c9a1bf7",
              "subnet-0f5a75808c0b61c48"
            ],
            "tags": {},
            "tags_all": {},
            "timeouts": null,
            "vpc_id": "vpc-061e967e475b80600",
            "xff_header_processing_mode": "append",
            "zone_id": "Z35SXDOTRQ7X7K"
          },
          "sensitive_attributes": [],
          "identity_schema_version": 0,
          "identity": {
            "arn": "arn:aws:elasticloadbalancing:us-east-1:263427518575:loadbalancer/app/opalink-prod-load-balancer/0a0bef0ef1ca1d3f"
          },
          "private": "eyJlMmJmYjczMC1lY2FhLTExZTYtOGY4OC0zNDM2M2JjN2M0YzAiOnsiY3JlYXRlIjo2MDAwMDAwMDAwMDAsImRlbGV0ZSI6NjAwMDAwMDAwMDAwLCJ1cGRhdGUiOjYwMDAwMDAwMDAwMH0sInNjaGVtYV92ZXJzaW9uIjoiMCJ9",
          "dependencies": [
            "module.load_balancer.aws_security_group.lb_sg",
            "module.vpc.aws_subnet.public_subnet1",
            "module.vpc.aws_subnet.public_subnet2",
            "module.vpc.aws_subnet.public_subnet3",
            "module.vpc.aws_vpc.vpc"
          ]
        }
      ]
    },
    {
      "module": "module.load_balancer",
      "mode": "managed",
      "type": "aws_lb_listener",
      "name": "accounting_service",
      "provider": "provider[\"registry.terraform.io/hashicorp/aws\"]",
      "instances": [
        {
          "schema_version": 0,
          "attributes": {
            "alpn_policy": null,
            "arn": "arn:aws:elasticloadbalancing:us-east-1:263427518575:listener/app/opalink-prod-load-balancer/0a0bef0ef1ca1d3f/81edd6bcff422bc5",
            "certificate_arn": null,
            "default_action": [
              {
                "authenticate_cognito": [],
                "authenticate_oidc": [],
                "fixed_response": [],
                "forward": [
                  {
                    "stickiness": [
                      {
                        "duration": 3600,
                        "enabled": false
                      }
                    ],
                    "target_group": [
                      {
                        "arn": "arn:aws:elasticloadbalancing:us-east-1:263427518575:targetgroup/opalink-prod-accounting-service/46f7b71e985aa042",
                        "weight": 1
                      }
                    ]
                  }
                ],
                "order": 1,
                "redirect": [],
                "target_group_arn": "arn:aws:elasticloadbalancing:us-east-1:263427518575:targetgroup/opalink-prod-accounting-service/46f7b71e985aa042",
                "type": "forward"
              }
            ],
            "id": "arn:aws:elasticloadbalancing:us-east-1:263427518575:listener/app/opalink-prod-load-balancer/0a0bef0ef1ca1d3f/81edd6bcff422bc5",
            "load_balancer_arn": "arn:aws:elasticloadbalancing:us-east-1:263427518575:loadbalancer/app/opalink-prod-load-balancer/0a0bef0ef1ca1d3f",
            "mutual_authentication": [],
            "port": 3000,
            "protocol": "HTTP",
            "region": "us-east-1",
            "routing_http_request_x_amzn_mtls_clientcert_header_name": null,
            "routing_http_request_x_amzn_mtls_clientcert_issuer_header_name": null,
            "routing_http_request_x_amzn_mtls_clientcert_leaf_header_name": null,
            "routing_http_request_x_amzn_mtls_clientcert_serial_number_header_name": null,
            "routing_http_request_x_amzn_mtls_clientcert_subject_header_name": null,
            "routing_http_request_x_amzn_mtls_clientcert_validity_header_name": null,
            "routing_http_request_x_amzn_tls_cipher_suite_header_name": null,
            "routing_http_request_x_amzn_tls_version_header_name": null,
            "routing_http_response_access_control_allow_credentials_header_value": "",
            "routing_http_response_access_control_allow_headers_header_value": "",
            "routing_http_response_access_control_allow_methods_header_value": "",
            "routing_http_response_access_control_allow_origin_header_value": "",
            "routing_http_response_access_control_expose_headers_header_value": "",
            "routing_http_response_access_control_max_age_header_value": "",
            "routing_http_response_content_security_policy_header_value": "",
            "routing_http_response_server_enabled": true,
            "routing_http_response_strict_transport_security_header_value": "",
            "routing_http_response_x_content_type_options_header_value": "",
            "routing_http_response_x_frame_options_header_value": "",
            "ssl_policy": "",
            "tags": {},
            "tags_all": {},
            "tcp_idle_timeout_seconds": null,
            "timeouts": null
          },
          "sensitive_attributes": [],
          "identity_schema_version": 0,
          "identity": {
            "arn": "arn:aws:elasticloadbalancing:us-east-1:263427518575:listener/app/opalink-prod-load-balancer/0a0bef0ef1ca1d3f/81edd6bcff422bc5"
          },
          "private": "eyJlMmJmYjczMC1lY2FhLTExZTYtOGY4OC0zNDM2M2JjN2M0YzAiOnsiY3JlYXRlIjozMDAwMDAwMDAwMDAsInVwZGF0ZSI6MzAwMDAwMDAwMDAwfSwic2NoZW1hX3ZlcnNpb24iOiIwIn0=",
          "dependencies": [
            "module.load_balancer.aws_lb.lb",
            "module.load_balancer.aws_lb_target_group.accounting_service",
            "module.load_balancer.aws_security_group.lb_sg",
            "module.vpc.aws_subnet.public_subnet1",
            "module.vpc.aws_subnet.public_subnet2",
            "module.vpc.aws_subnet.public_subnet3",
            "module.vpc.aws_vpc.vpc"
          ]
        }
      ]
    },
    {
      "module": "module.load_balancer",
      "mode": "managed",
      "type": "aws_lb_listener",
      "name": "auth_service",
      "provider": "provider[\"registry.terraform.io/hashicorp/aws\"]",
      "instances": [
        {
          "schema_version": 0,
          "attributes": {
            "alpn_policy": null,
            "arn": "arn:aws:elasticloadbalancing:us-east-1:263427518575:listener/app/opalink-prod-load-balancer/0a0bef0ef1ca1d3f/148f2ed904f88274",
            "certificate_arn": null,
            "default_action": [
              {
                "authenticate_cognito": [],
                "authenticate_oidc": [],
                "fixed_response": [],
                "forward": [
                  {
                    "stickiness": [
                      {
                        "duration": 3600,
                        "enabled": false
                      }
                    ],
                    "target_group": [
                      {
                        "arn": "arn:aws:elasticloadbalancing:us-east-1:263427518575:targetgroup/opalink-prod-auth-service/a6a422e6df8e5e0b",
                        "weight": 1
                      }
                    ]
                  }
                ],
                "order": 1,
                "redirect": [],
                "target_group_arn": "arn:aws:elasticloadbalancing:us-east-1:263427518575:targetgroup/opalink-prod-auth-service/a6a422e6df8e5e0b",
                "type": "forward"
              }
            ],
            "id": "arn:aws:elasticloadbalancing:us-east-1:263427518575:listener/app/opalink-prod-load-balancer/0a0bef0ef1ca1d3f/148f2ed904f88274",
            "load_balancer_arn": "arn:aws:elasticloadbalancing:us-east-1:263427518575:loadbalancer/app/opalink-prod-load-balancer/0a0bef0ef1ca1d3f",
            "mutual_authentication": [],
            "port": 3001,
            "protocol": "HTTP",
            "region": "us-east-1",
            "routing_http_request_x_amzn_mtls_clientcert_header_name": null,
            "routing_http_request_x_amzn_mtls_clientcert_issuer_header_name": null,
            "routing_http_request_x_amzn_mtls_clientcert_leaf_header_name": null,
            "routing_http_request_x_amzn_mtls_clientcert_serial_number_header_name": null,
            "routing_http_request_x_amzn_mtls_clientcert_subject_header_name": null,
            "routing_http_request_x_amzn_mtls_clientcert_validity_header_name": null,
            "routing_http_request_x_amzn_tls_cipher_suite_header_name": null,
            "routing_http_request_x_amzn_tls_version_header_name": null,
            "routing_http_response_access_control_allow_credentials_header_value": "",
            "routing_http_response_access_control_allow_headers_header_value": "",
            "routing_http_response_access_control_allow_methods_header_value": "",
            "routing_http_response_access_control_allow_origin_header_value": "",
            "routing_http_response_access_control_expose_headers_header_value": "",
            "routing_http_response_access_control_max_age_header_value": "",
            "routing_http_response_content_security_policy_header_value": "",
            "routing_http_response_server_enabled": true,
            "routing_http_response_strict_transport_security_header_value": "",
            "routing_http_response_x_content_type_options_header_value": "",
            "routing_http_response_x_frame_options_header_value": "",
            "ssl_policy": "",
            "tags": {},
            "tags_all": {},
            "tcp_idle_timeout_seconds": null,
            "timeouts": null
          },
          "sensitive_attributes": [],
          "identity_schema_version": 0,
          "identity": {
            "arn": "arn:aws:elasticloadbalancing:us-east-1:263427518575:listener/app/opalink-prod-load-balancer/0a0bef0ef1ca1d3f/148f2ed904f88274"
          },
          "private": "eyJlMmJmYjczMC1lY2FhLTExZTYtOGY4OC0zNDM2M2JjN2M0YzAiOnsiY3JlYXRlIjozMDAwMDAwMDAwMDAsInVwZGF0ZSI6MzAwMDAwMDAwMDAwfSwic2NoZW1hX3ZlcnNpb24iOiIwIn0=",
          "dependencies": [
            "module.load_balancer.aws_lb.lb",
            "module.load_balancer.aws_lb_target_group.auth_service",
            "module.load_balancer.aws_security_group.lb_sg",
            "module.vpc.aws_subnet.public_subnet1",
            "module.vpc.aws_subnet.public_subnet2",
            "module.vpc.aws_subnet.public_subnet3",
            "module.vpc.aws_vpc.vpc"
          ]
        }
      ]
    },
    {
      "module": "module.load_balancer",
      "mode": "managed",
      "type": "aws_lb_listener",
      "name": "customer_support",
      "provider": "provider[\"registry.terraform.io/hashicorp/aws\"]",
      "instances": [
        {
          "schema_version": 0,
          "attributes": {
            "alpn_policy": null,
            "arn": "arn:aws:elasticloadbalancing:us-east-1:263427518575:listener/app/opalink-prod-load-balancer/0a0bef0ef1ca1d3f/36bae10fe29c8140",
            "certificate_arn": null,
            "default_action": [
              {
                "authenticate_cognito": [],
                "authenticate_oidc": [],
                "fixed_response": [],
                "forward": [
                  {
                    "stickiness": [
                      {
                        "duration": 3600,
                        "enabled": false
                      }
                    ],
                    "target_group": [
                      {
                        "arn": "arn:aws:elasticloadbalancing:us-east-1:263427518575:targetgroup/opalink-prod-customer-support/531cca4f3582a612",
                        "weight": 1
                      }
                    ]
                  }
                ],
                "order": 1,
                "redirect": [],
                "target_group_arn": "arn:aws:elasticloadbalancing:us-east-1:263427518575:targetgroup/opalink-prod-customer-support/531cca4f3582a612",
                "type": "forward"
              }
            ],
            "id": "arn:aws:elasticloadbalancing:us-east-1:263427518575:listener/app/opalink-prod-load-balancer/0a0bef0ef1ca1d3f/36bae10fe29c8140",
            "load_balancer_arn": "arn:aws:elasticloadbalancing:us-east-1:263427518575:loadbalancer/app/opalink-prod-load-balancer/0a0bef0ef1ca1d3f",
            "mutual_authentication": [],
            "port": 3002,
            "protocol": "HTTP",
            "region": "us-east-1",
            "routing_http_request_x_amzn_mtls_clientcert_header_name": null,
            "routing_http_request_x_amzn_mtls_clientcert_issuer_header_name": null,
            "routing_http_request_x_amzn_mtls_clientcert_leaf_header_name": null,
            "routing_http_request_x_amzn_mtls_clientcert_serial_number_header_name": null,
            "routing_http_request_x_amzn_mtls_clientcert_subject_header_name": null,
            "routing_http_request_x_amzn_mtls_clientcert_validity_header_name": null,
            "routing_http_request_x_amzn_tls_cipher_suite_header_name": null,
            "routing_http_request_x_amzn_tls_version_header_name": null,
            "routing_http_response_access_control_allow_credentials_header_value": "",
            "routing_http_response_access_control_allow_headers_header_value": "",
            "routing_http_response_access_control_allow_methods_header_value": "",
            "routing_http_response_access_control_allow_origin_header_value": "",
            "routing_http_response_access_control_expose_headers_header_value": "",
            "routing_http_response_access_control_max_age_header_value": "",
            "routing_http_response_content_security_policy_header_value": "",
            "routing_http_response_server_enabled": true,
            "routing_http_response_strict_transport_security_header_value": "",
            "routing_http_response_x_content_type_options_header_value": "",
            "routing_http_response_x_frame_options_header_value": "",
            "ssl_policy": "",
            "tags": {},
            "tags_all": {},
            "tcp_idle_timeout_seconds": null,
            "timeouts": null
          },
          "sensitive_attributes": [],
          "identity_schema_version": 0,
          "identity": {
            "arn": "arn:aws:elasticloadbalancing:us-east-1:263427518575:listener/app/opalink-prod-load-balancer/0a0bef0ef1ca1d3f/36bae10fe29c8140"
          },
          "private": "eyJlMmJmYjczMC1lY2FhLTExZTYtOGY4OC0zNDM2M2JjN2M0YzAiOnsiY3JlYXRlIjozMDAwMDAwMDAwMDAsInVwZGF0ZSI6MzAwMDAwMDAwMDAwfSwic2NoZW1hX3ZlcnNpb24iOiIwIn0=",
          "dependencies": [
            "module.load_balancer.aws_lb.lb",
            "module.load_balancer.aws_lb_target_group.customer_support",
            "module.load_balancer.aws_security_group.lb_sg",
            "module.vpc.aws_subnet.public_subnet1",
            "module.vpc.aws_subnet.public_subnet2",
            "module.vpc.aws_subnet.public_subnet3",
            "module.vpc.aws_vpc.vpc"
          ]
        }
      ]
    },
    {
      "module": "module.load_balancer",
      "mode": "managed",
      "type": "aws_lb_listener",
      "name": "gift_service",
      "provider": "provider[\"registry.terraform.io/hashicorp/aws\"]",
      "instances": [
        {
          "schema_version": 0,
          "attributes": {
            "alpn_policy": null,
            "arn": "arn:aws:elasticloadbalancing:us-east-1:263427518575:listener/app/opalink-prod-load-balancer/0a0bef0ef1ca1d3f/f2648b28e8cd25a3",
            "certificate_arn": null,
            "default_action": [
              {
                "authenticate_cognito": [],
                "authenticate_oidc": [],
                "fixed_response": [],
                "forward": [
                  {
                    "stickiness": [
                      {
                        "duration": 3600,
                        "enabled": false
                      }
                    ],
                    "target_group": [
                      {
                        "arn": "arn:aws:elasticloadbalancing:us-east-1:263427518575:targetgroup/opalink-prod-gift-service/eff798499598b3ff",
                        "weight": 1
                      }
                    ]
                  }
                ],
                "order": 1,
                "redirect": [],
                "target_group_arn": "arn:aws:elasticloadbalancing:us-east-1:263427518575:targetgroup/opalink-prod-gift-service/eff798499598b3ff",
                "type": "forward"
              }
            ],
            "id": "arn:aws:elasticloadbalancing:us-east-1:263427518575:listener/app/opalink-prod-load-balancer/0a0bef0ef1ca1d3f/f2648b28e8cd25a3",
            "load_balancer_arn": "arn:aws:elasticloadbalancing:us-east-1:263427518575:loadbalancer/app/opalink-prod-load-balancer/0a0bef0ef1ca1d3f",
            "mutual_authentication": [],
            "port": 3006,
            "protocol": "HTTP",
            "region": "us-east-1",
            "routing_http_request_x_amzn_mtls_clientcert_header_name": null,
            "routing_http_request_x_amzn_mtls_clientcert_issuer_header_name": null,
            "routing_http_request_x_amzn_mtls_clientcert_leaf_header_name": null,
            "routing_http_request_x_amzn_mtls_clientcert_serial_number_header_name": null,
            "routing_http_request_x_amzn_mtls_clientcert_subject_header_name": null,
            "routing_http_request_x_amzn_mtls_clientcert_validity_header_name": null,
            "routing_http_request_x_amzn_tls_cipher_suite_header_name": null,
            "routing_http_request_x_amzn_tls_version_header_name": null,
            "routing_http_response_access_control_allow_credentials_header_value": "",
            "routing_http_response_access_control_allow_headers_header_value": "",
            "routing_http_response_access_control_allow_methods_header_value": "",
            "routing_http_response_access_control_allow_origin_header_value": "",
            "routing_http_response_access_control_expose_headers_header_value": "",
            "routing_http_response_access_control_max_age_header_value": "",
            "routing_http_response_content_security_policy_header_value": "",
            "routing_http_response_server_enabled": true,
            "routing_http_response_strict_transport_security_header_value": "",
            "routing_http_response_x_content_type_options_header_value": "",
            "routing_http_response_x_frame_options_header_value": "",
            "ssl_policy": "",
            "tags": {},
            "tags_all": {},
            "tcp_idle_timeout_seconds": null,
            "timeouts": null
          },
          "sensitive_attributes": [],
          "identity_schema_version": 0,
          "identity": {
            "arn": "arn:aws:elasticloadbalancing:us-east-1:263427518575:listener/app/opalink-prod-load-balancer/0a0bef0ef1ca1d3f/f2648b28e8cd25a3"
          },
          "private": "eyJlMmJmYjczMC1lY2FhLTExZTYtOGY4OC0zNDM2M2JjN2M0YzAiOnsiY3JlYXRlIjozMDAwMDAwMDAwMDAsInVwZGF0ZSI6MzAwMDAwMDAwMDAwfSwic2NoZW1hX3ZlcnNpb24iOiIwIn0=",
          "dependencies": [
            "module.load_balancer.aws_lb.lb",
            "module.load_balancer.aws_lb_target_group.gift_service",
            "module.load_balancer.aws_security_group.lb_sg",
            "module.vpc.aws_subnet.public_subnet1",
            "module.vpc.aws_subnet.public_subnet2",
            "module.vpc.aws_subnet.public_subnet3",
            "module.vpc.aws_vpc.vpc"
          ]
        }
      ]
    },
    {
      "module": "module.load_balancer",
      "mode": "managed",
      "type": "aws_lb_listener",
      "name": "kowlUI_listener",
      "provider": "provider[\"registry.terraform.io/hashicorp/aws\"]",
      "instances": [
        {
          "schema_version": 0,
          "attributes": {
            "alpn_policy": null,
            "arn": "arn:aws:elasticloadbalancing:us-east-1:263427518575:listener/app/Opalink-prod-KowlUI-LB/7208a0e5704bc6f5/691ecab2fc4b3200",
            "certificate_arn": "arn:aws:acm:us-east-1:263427518575:certificate/d44774d1-1d91-4fe5-94e2-5ed41fe4820b",
            "default_action": [
              {
                "authenticate_cognito": [],
                "authenticate_oidc": [],
                "fixed_response": [],
                "forward": [
                  {
                    "stickiness": [
                      {
                        "duration": 0,
                        "enabled": false
                      }
                    ],
                    "target_group": [
                      {
                        "arn": "arn:aws:elasticloadbalancing:us-east-1:263427518575:targetgroup/opalink-prod-kowlUI-targetg/25c25278c72b1950",
                        "weight": 1
                      }
                    ]
                  }
                ],
                "order": 0,
                "redirect": [],
                "target_group_arn": "arn:aws:elasticloadbalancing:us-east-1:263427518575:targetgroup/opalink-prod-kowlUI-targetg/25c25278c72b1950",
                "type": "forward"
              }
            ],
            "id": "arn:aws:elasticloadbalancing:us-east-1:263427518575:listener/app/Opalink-prod-KowlUI-LB/7208a0e5704bc6f5/691ecab2fc4b3200",
            "load_balancer_arn": "arn:aws:elasticloadbalancing:us-east-1:263427518575:loadbalancer/app/Opalink-prod-KowlUI-LB/7208a0e5704bc6f5",
            "mutual_authentication": [
              {
                "advertise_trust_store_ca_names": "",
                "ignore_client_certificate_expiry": false,
                "mode": "off",
                "trust_store_arn": ""
              }
            ],
            "port": 443,
            "protocol": "HTTPS",
            "region": "us-east-1",
            "routing_http_request_x_amzn_mtls_clientcert_header_name": "",
            "routing_http_request_x_amzn_mtls_clientcert_issuer_header_name": "",
            "routing_http_request_x_amzn_mtls_clientcert_leaf_header_name": "",
            "routing_http_request_x_amzn_mtls_clientcert_serial_number_header_name": "",
            "routing_http_request_x_amzn_mtls_clientcert_subject_header_name": "",
            "routing_http_request_x_amzn_mtls_clientcert_validity_header_name": "",
            "routing_http_request_x_amzn_tls_cipher_suite_header_name": "",
            "routing_http_request_x_amzn_tls_version_header_name": "",
            "routing_http_response_access_control_allow_credentials_header_value": "",
            "routing_http_response_access_control_allow_headers_header_value": "",
            "routing_http_response_access_control_allow_methods_header_value": "",
            "routing_http_response_access_control_allow_origin_header_value": "",
            "routing_http_response_access_control_expose_headers_header_value": "",
            "routing_http_response_access_control_max_age_header_value": "",
            "routing_http_response_content_security_policy_header_value": "",
            "routing_http_response_server_enabled": true,
            "routing_http_response_strict_transport_security_header_value": "",
            "routing_http_response_x_content_type_options_header_value": "",
            "routing_http_response_x_frame_options_header_value": "",
            "ssl_policy": "ELBSecurityPolicy-TLS13-1-2-2021-06",
            "tags": {},
            "tags_all": {},
            "tcp_idle_timeout_seconds": null,
            "timeouts": null
          },
          "sensitive_attributes": [],
          "identity_schema_version": 0,
          "identity": {
            "arn": "arn:aws:elasticloadbalancing:us-east-1:263427518575:listener/app/Opalink-prod-KowlUI-LB/7208a0e5704bc6f5/691ecab2fc4b3200"
          },
          "private": "eyJlMmJmYjczMC1lY2FhLTExZTYtOGY4OC0zNDM2M2JjN2M0YzAiOnsiY3JlYXRlIjozMDAwMDAwMDAwMDAsInVwZGF0ZSI6MzAwMDAwMDAwMDAwfSwic2NoZW1hX3ZlcnNpb24iOiIwIn0="
        }
      ]
    },
    {
      "module": "module.load_balancer",
      "mode": "managed",
      "type": "aws_lb_listener",
      "name": "lb_https",
      "provider": "provider[\"registry.terraform.io/hashicorp/aws\"]",
      "instances": [
        {
          "schema_version": 0,
          "attributes": {
            "alpn_policy": null,
            "arn": "arn:aws:elasticloadbalancing:us-east-1:263427518575:listener/app/opalink-prod-load-balancer/0a0bef0ef1ca1d3f/f4dce4f3747b75c9",
            "certificate_arn": "arn:aws:acm:us-east-1:263427518575:certificate/de9732bb-5e2a-4786-97de-972735fe01bf",
            "default_action": [
              {
                "authenticate_cognito": [],
                "authenticate_oidc": [],
                "fixed_response": [],
                "forward": [
                  {
                    "stickiness": [
                      {
                        "duration": 3600,
                        "enabled": false
                      }
                    ],
                    "target_group": [
                      {
                        "arn": "arn:aws:elasticloadbalancing:us-east-1:263427518575:targetgroup/opalink-prod-nginx-service/15c6c4a095eb080d",
                        "weight": 1
                      }
                    ]
                  }
                ],
                "order": 1,
                "redirect": [],
                "target_group_arn": "arn:aws:elasticloadbalancing:us-east-1:263427518575:targetgroup/opalink-prod-nginx-service/15c6c4a095eb080d",
                "type": "forward"
              }
            ],
            "id": "arn:aws:elasticloadbalancing:us-east-1:263427518575:listener/app/opalink-prod-load-balancer/0a0bef0ef1ca1d3f/f4dce4f3747b75c9",
            "load_balancer_arn": "arn:aws:elasticloadbalancing:us-east-1:263427518575:loadbalancer/app/opalink-prod-load-balancer/0a0bef0ef1ca1d3f",
            "mutual_authentication": [
              {
                "advertise_trust_store_ca_names": "",
                "ignore_client_certificate_expiry": false,
                "mode": "off",
                "trust_store_arn": ""
              }
            ],
            "port": 443,
            "protocol": "HTTPS",
            "region": "us-east-1",
            "routing_http_request_x_amzn_mtls_clientcert_header_name": "",
            "routing_http_request_x_amzn_mtls_clientcert_issuer_header_name": "",
            "routing_http_request_x_amzn_mtls_clientcert_leaf_header_name": "",
            "routing_http_request_x_amzn_mtls_clientcert_serial_number_header_name": "",
            "routing_http_request_x_amzn_mtls_clientcert_subject_header_name": "",
            "routing_http_request_x_amzn_mtls_clientcert_validity_header_name": "",
            "routing_http_request_x_amzn_tls_cipher_suite_header_name": "",
            "routing_http_request_x_amzn_tls_version_header_name": "",
            "routing_http_response_access_control_allow_credentials_header_value": "",
            "routing_http_response_access_control_allow_headers_header_value": "",
            "routing_http_response_access_control_allow_methods_header_value": "",
            "routing_http_response_access_control_allow_origin_header_value": "",
            "routing_http_response_access_control_expose_headers_header_value": "",
            "routing_http_response_access_control_max_age_header_value": "",
            "routing_http_response_content_security_policy_header_value": "",
            "routing_http_response_server_enabled": true,
            "routing_http_response_strict_transport_security_header_value": "",
            "routing_http_response_x_content_type_options_header_value": "",
            "routing_http_response_x_frame_options_header_value": "",
            "ssl_policy": "ELBSecurityPolicy-TLS13-1-2-Res-2021-06",
            "tags": {},
            "tags_all": {},
            "tcp_idle_timeout_seconds": null,
            "timeouts": null
          },
          "sensitive_attributes": [],
          "identity_schema_version": 0,
          "identity": {
            "arn": "arn:aws:elasticloadbalancing:us-east-1:263427518575:listener/app/opalink-prod-load-balancer/0a0bef0ef1ca1d3f/f4dce4f3747b75c9"
          },
          "private": "eyJlMmJmYjczMC1lY2FhLTExZTYtOGY4OC0zNDM2M2JjN2M0YzAiOnsiY3JlYXRlIjozMDAwMDAwMDAwMDAsInVwZGF0ZSI6MzAwMDAwMDAwMDAwfSwic2NoZW1hX3ZlcnNpb24iOiIwIn0=",
          "dependencies": [
            "module.acm.aws_acm_certificate.cert",
            "module.load_balancer.aws_lb.lb",
            "module.load_balancer.aws_lb_target_group.nginx_service",
            "module.load_balancer.aws_security_group.lb_sg",
            "module.vpc.aws_subnet.public_subnet1",
            "module.vpc.aws_subnet.public_subnet2",
            "module.vpc.aws_subnet.public_subnet3",
            "module.vpc.aws_vpc.vpc"
          ]
        }
      ]
    },
    {
      "module": "module.load_balancer",
      "mode": "managed",
      "type": "aws_lb_listener",
      "name": "mobile_service",
      "provider": "provider[\"registry.terraform.io/hashicorp/aws\"]",
      "instances": [
        {
          "schema_version": 0,
          "attributes": {
            "alpn_policy": null,
            "arn": "arn:aws:elasticloadbalancing:us-east-1:263427518575:listener/app/opalink-prod-load-balancer/0a0bef0ef1ca1d3f/b7726a38bd37654f",
            "certificate_arn": null,
            "default_action": [
              {
                "authenticate_cognito": [],
                "authenticate_oidc": [],
                "fixed_response": [],
                "forward": [
                  {
                    "stickiness": [
                      {
                        "duration": 3600,
                        "enabled": false
                      }
                    ],
                    "target_group": [
                      {
                        "arn": "arn:aws:elasticloadbalancing:us-east-1:263427518575:targetgroup/opalink-prod-mobile-service/6c55d470963e770e",
                        "weight": 1
                      }
                    ]
                  }
                ],
                "order": 1,
                "redirect": [],
                "target_group_arn": "arn:aws:elasticloadbalancing:us-east-1:263427518575:targetgroup/opalink-prod-mobile-service/6c55d470963e770e",
                "type": "forward"
              }
            ],
            "id": "arn:aws:elasticloadbalancing:us-east-1:263427518575:listener/app/opalink-prod-load-balancer/0a0bef0ef1ca1d3f/b7726a38bd37654f",
            "load_balancer_arn": "arn:aws:elasticloadbalancing:us-east-1:263427518575:loadbalancer/app/opalink-prod-load-balancer/0a0bef0ef1ca1d3f",
            "mutual_authentication": [],
            "port": 6001,
            "protocol": "HTTP",
            "region": "us-east-1",
            "routing_http_request_x_amzn_mtls_clientcert_header_name": null,
            "routing_http_request_x_amzn_mtls_clientcert_issuer_header_name": null,
            "routing_http_request_x_amzn_mtls_clientcert_leaf_header_name": null,
            "routing_http_request_x_amzn_mtls_clientcert_serial_number_header_name": null,
            "routing_http_request_x_amzn_mtls_clientcert_subject_header_name": null,
            "routing_http_request_x_amzn_mtls_clientcert_validity_header_name": null,
            "routing_http_request_x_amzn_tls_cipher_suite_header_name": null,
            "routing_http_request_x_amzn_tls_version_header_name": null,
            "routing_http_response_access_control_allow_credentials_header_value": "",
            "routing_http_response_access_control_allow_headers_header_value": "",
            "routing_http_response_access_control_allow_methods_header_value": "",
            "routing_http_response_access_control_allow_origin_header_value": "",
            "routing_http_response_access_control_expose_headers_header_value": "",
            "routing_http_response_access_control_max_age_header_value": "",
            "routing_http_response_content_security_policy_header_value": "",
            "routing_http_response_server_enabled": true,
            "routing_http_response_strict_transport_security_header_value": "",
            "routing_http_response_x_content_type_options_header_value": "",
            "routing_http_response_x_frame_options_header_value": "",
            "ssl_policy": "",
            "tags": {},
            "tags_all": {},
            "tcp_idle_timeout_seconds": null,
            "timeouts": null
          },
          "sensitive_attributes": [],
          "identity_schema_version": 0,
          "identity": {
            "arn": "arn:aws:elasticloadbalancing:us-east-1:263427518575:listener/app/opalink-prod-load-balancer/0a0bef0ef1ca1d3f/b7726a38bd37654f"
          },
          "private": "eyJlMmJmYjczMC1lY2FhLTExZTYtOGY4OC0zNDM2M2JjN2M0YzAiOnsiY3JlYXRlIjozMDAwMDAwMDAwMDAsInVwZGF0ZSI6MzAwMDAwMDAwMDAwfSwic2NoZW1hX3ZlcnNpb24iOiIwIn0=",
          "dependencies": [
            "module.load_balancer.aws_lb.lb",
            "module.load_balancer.aws_lb_target_group.mobile_service",
            "module.load_balancer.aws_security_group.lb_sg",
            "module.vpc.aws_subnet.public_subnet1",
            "module.vpc.aws_subnet.public_subnet2",
            "module.vpc.aws_subnet.public_subnet3",
            "module.vpc.aws_vpc.vpc"
          ]
        }
      ]
    },
    {
      "module": "module.load_balancer",
      "mode": "managed",
      "type": "aws_lb_listener",
      "name": "nginx_service_http",
      "provider": "provider[\"registry.terraform.io/hashicorp/aws\"]",
      "instances": [
        {
          "schema_version": 0,
          "attributes": {
            "alpn_policy": null,
            "arn": "arn:aws:elasticloadbalancing:us-east-1:263427518575:listener/app/opalink-prod-load-balancer/0a0bef0ef1ca1d3f/b7bdbeae70c01fb1",
            "certificate_arn": null,
            "default_action": [
              {
                "authenticate_cognito": [],
                "authenticate_oidc": [],
                "fixed_response": [],
                "forward": [
                  {
                    "stickiness": [
                      {
                        "duration": 3600,
                        "enabled": false
                      }
                    ],
                    "target_group": [
                      {
                        "arn": "arn:aws:elasticloadbalancing:us-east-1:263427518575:targetgroup/opalink-prod-nginx-service/15c6c4a095eb080d",
                        "weight": 1
                      }
                    ]
                  }
                ],
                "order": 1,
                "redirect": [],
                "target_group_arn": "arn:aws:elasticloadbalancing:us-east-1:263427518575:targetgroup/opalink-prod-nginx-service/15c6c4a095eb080d",
                "type": "forward"
              }
            ],
            "id": "arn:aws:elasticloadbalancing:us-east-1:263427518575:listener/app/opalink-prod-load-balancer/0a0bef0ef1ca1d3f/b7bdbeae70c01fb1",
            "load_balancer_arn": "arn:aws:elasticloadbalancing:us-east-1:263427518575:loadbalancer/app/opalink-prod-load-balancer/0a0bef0ef1ca1d3f",
            "mutual_authentication": [],
            "port": 80,
            "protocol": "HTTP",
            "region": "us-east-1",
            "routing_http_request_x_amzn_mtls_clientcert_header_name": null,
            "routing_http_request_x_amzn_mtls_clientcert_issuer_header_name": null,
            "routing_http_request_x_amzn_mtls_clientcert_leaf_header_name": null,
            "routing_http_request_x_amzn_mtls_clientcert_serial_number_header_name": null,
            "routing_http_request_x_amzn_mtls_clientcert_subject_header_name": null,
            "routing_http_request_x_amzn_mtls_clientcert_validity_header_name": null,
            "routing_http_request_x_amzn_tls_cipher_suite_header_name": null,
            "routing_http_request_x_amzn_tls_version_header_name": null,
            "routing_http_response_access_control_allow_credentials_header_value": "",
            "routing_http_response_access_control_allow_headers_header_value": "",
            "routing_http_response_access_control_allow_methods_header_value": "",
            "routing_http_response_access_control_allow_origin_header_value": "",
            "routing_http_response_access_control_expose_headers_header_value": "",
            "routing_http_response_access_control_max_age_header_value": "",
            "routing_http_response_content_security_policy_header_value": "",
            "routing_http_response_server_enabled": true,
            "routing_http_response_strict_transport_security_header_value": "",
            "routing_http_response_x_content_type_options_header_value": "",
            "routing_http_response_x_frame_options_header_value": "",
            "ssl_policy": "",
            "tags": {},
            "tags_all": {},
            "tcp_idle_timeout_seconds": null,
            "timeouts": null
          },
          "sensitive_attributes": [],
          "identity_schema_version": 0,
          "identity": {
            "arn": "arn:aws:elasticloadbalancing:us-east-1:263427518575:listener/app/opalink-prod-load-balancer/0a0bef0ef1ca1d3f/b7bdbeae70c01fb1"
          },
          "private": "eyJlMmJmYjczMC1lY2FhLTExZTYtOGY4OC0zNDM2M2JjN2M0YzAiOnsiY3JlYXRlIjozMDAwMDAwMDAwMDAsInVwZGF0ZSI6MzAwMDAwMDAwMDAwfSwic2NoZW1hX3ZlcnNpb24iOiIwIn0=",
          "dependencies": [
            "module.load_balancer.aws_lb.lb",
            "module.load_balancer.aws_lb_target_group.nginx_service",
            "module.load_balancer.aws_security_group.lb_sg",
            "module.vpc.aws_subnet.public_subnet1",
            "module.vpc.aws_subnet.public_subnet2",
            "module.vpc.aws_subnet.public_subnet3",
            "module.vpc.aws_vpc.vpc"
          ]
        }
      ]
    },
    {
      "module": "module.load_balancer",
      "mode": "managed",
      "type": "aws_lb_listener",
      "name": "notification",
      "provider": "provider[\"registry.terraform.io/hashicorp/aws\"]",
      "instances": [
        {
          "schema_version": 0,
          "attributes": {
            "alpn_policy": null,
            "arn": "arn:aws:elasticloadbalancing:us-east-1:263427518575:listener/app/opalink-prod-load-balancer/0a0bef0ef1ca1d3f/de439390e3fc7b73",
            "certificate_arn": null,
            "default_action": [
              {
                "authenticate_cognito": [],
                "authenticate_oidc": [],
                "fixed_response": [],
                "forward": [
                  {
                    "stickiness": [
                      {
                        "duration": 3600,
                        "enabled": false
                      }
                    ],
                    "target_group": [
                      {
                        "arn": "arn:aws:elasticloadbalancing:us-east-1:263427518575:targetgroup/opalink-prod-notification/45df65e60cdf10cc",
                        "weight": 1
                      }
                    ]
                  }
                ],
                "order": 1,
                "redirect": [],
                "target_group_arn": "arn:aws:elasticloadbalancing:us-east-1:263427518575:targetgroup/opalink-prod-notification/45df65e60cdf10cc",
                "type": "forward"
              }
            ],
            "id": "arn:aws:elasticloadbalancing:us-east-1:263427518575:listener/app/opalink-prod-load-balancer/0a0bef0ef1ca1d3f/de439390e3fc7b73",
            "load_balancer_arn": "arn:aws:elasticloadbalancing:us-east-1:263427518575:loadbalancer/app/opalink-prod-load-balancer/0a0bef0ef1ca1d3f",
            "mutual_authentication": [],
            "port": 3003,
            "protocol": "HTTP",
            "region": "us-east-1",
            "routing_http_request_x_amzn_mtls_clientcert_header_name": null,
            "routing_http_request_x_amzn_mtls_clientcert_issuer_header_name": null,
            "routing_http_request_x_amzn_mtls_clientcert_leaf_header_name": null,
            "routing_http_request_x_amzn_mtls_clientcert_serial_number_header_name": null,
            "routing_http_request_x_amzn_mtls_clientcert_subject_header_name": null,
            "routing_http_request_x_amzn_mtls_clientcert_validity_header_name": null,
            "routing_http_request_x_amzn_tls_cipher_suite_header_name": null,
            "routing_http_request_x_amzn_tls_version_header_name": null,
            "routing_http_response_access_control_allow_credentials_header_value": "",
            "routing_http_response_access_control_allow_headers_header_value": "",
            "routing_http_response_access_control_allow_methods_header_value": "",
            "routing_http_response_access_control_allow_origin_header_value": "",
            "routing_http_response_access_control_expose_headers_header_value": "",
            "routing_http_response_access_control_max_age_header_value": "",
            "routing_http_response_content_security_policy_header_value": "",
            "routing_http_response_server_enabled": true,
            "routing_http_response_strict_transport_security_header_value": "",
            "routing_http_response_x_content_type_options_header_value": "",
            "routing_http_response_x_frame_options_header_value": "",
            "ssl_policy": "",
            "tags": {},
            "tags_all": {},
            "tcp_idle_timeout_seconds": null,
            "timeouts": null
          },
          "sensitive_attributes": [],
          "identity_schema_version": 0,
          "identity": {
            "arn": "arn:aws:elasticloadbalancing:us-east-1:263427518575:listener/app/opalink-prod-load-balancer/0a0bef0ef1ca1d3f/de439390e3fc7b73"
          },
          "private": "eyJlMmJmYjczMC1lY2FhLTExZTYtOGY4OC0zNDM2M2JjN2M0YzAiOnsiY3JlYXRlIjozMDAwMDAwMDAwMDAsInVwZGF0ZSI6MzAwMDAwMDAwMDAwfSwic2NoZW1hX3ZlcnNpb24iOiIwIn0=",
          "dependencies": [
            "module.load_balancer.aws_lb.lb",
            "module.load_balancer.aws_lb_target_group.notification",
            "module.load_balancer.aws_security_group.lb_sg",
            "module.vpc.aws_subnet.public_subnet1",
            "module.vpc.aws_subnet.public_subnet2",
            "module.vpc.aws_subnet.public_subnet3",
            "module.vpc.aws_vpc.vpc"
          ]
        }
      ]
    },
    {
      "module": "module.load_balancer",
      "mode": "managed",
      "type": "aws_lb_listener",
      "name": "restaurant_service",
      "provider": "provider[\"registry.terraform.io/hashicorp/aws\"]",
      "instances": [
        {
          "schema_version": 0,
          "attributes": {
            "alpn_policy": null,
            "arn": "arn:aws:elasticloadbalancing:us-east-1:263427518575:listener/app/opalink-prod-load-balancer/0a0bef0ef1ca1d3f/aa4cbb0d5f18530b",
            "certificate_arn": null,
            "default_action": [
              {
                "authenticate_cognito": [],
                "authenticate_oidc": [],
                "fixed_response": [],
                "forward": [
                  {
                    "stickiness": [
                      {
                        "duration": 3600,
                        "enabled": false
                      }
                    ],
                    "target_group": [
                      {
                        "arn": "arn:aws:elasticloadbalancing:us-east-1:263427518575:targetgroup/opalink-prod-restaurant-service/e0a96c40de2c048f",
                        "weight": 1
                      }
                    ]
                  }
                ],
                "order": 1,
                "redirect": [],
                "target_group_arn": "arn:aws:elasticloadbalancing:us-east-1:263427518575:targetgroup/opalink-prod-restaurant-service/e0a96c40de2c048f",
                "type": "forward"
              }
            ],
            "id": "arn:aws:elasticloadbalancing:us-east-1:263427518575:listener/app/opalink-prod-load-balancer/0a0bef0ef1ca1d3f/aa4cbb0d5f18530b",
            "load_balancer_arn": "arn:aws:elasticloadbalancing:us-east-1:263427518575:loadbalancer/app/opalink-prod-load-balancer/0a0bef0ef1ca1d3f",
            "mutual_authentication": [],
            "port": 3004,
            "protocol": "HTTP",
            "region": "us-east-1",
            "routing_http_request_x_amzn_mtls_clientcert_header_name": null,
            "routing_http_request_x_amzn_mtls_clientcert_issuer_header_name": null,
            "routing_http_request_x_amzn_mtls_clientcert_leaf_header_name": null,
            "routing_http_request_x_amzn_mtls_clientcert_serial_number_header_name": null,
            "routing_http_request_x_amzn_mtls_clientcert_subject_header_name": null,
            "routing_http_request_x_amzn_mtls_clientcert_validity_header_name": null,
            "routing_http_request_x_amzn_tls_cipher_suite_header_name": null,
            "routing_http_request_x_amzn_tls_version_header_name": null,
            "routing_http_response_access_control_allow_credentials_header_value": "",
            "routing_http_response_access_control_allow_headers_header_value": "",
            "routing_http_response_access_control_allow_methods_header_value": "",
            "routing_http_response_access_control_allow_origin_header_value": "",
            "routing_http_response_access_control_expose_headers_header_value": "",
            "routing_http_response_access_control_max_age_header_value": "",
            "routing_http_response_content_security_policy_header_value": "",
            "routing_http_response_server_enabled": true,
            "routing_http_response_strict_transport_security_header_value": "",
            "routing_http_response_x_content_type_options_header_value": "",
            "routing_http_response_x_frame_options_header_value": "",
            "ssl_policy": "",
            "tags": {},
            "tags_all": {},
            "tcp_idle_timeout_seconds": null,
            "timeouts": null
          },
          "sensitive_attributes": [],
          "identity_schema_version": 0,
          "identity": {
            "arn": "arn:aws:elasticloadbalancing:us-east-1:263427518575:listener/app/opalink-prod-load-balancer/0a0bef0ef1ca1d3f/aa4cbb0d5f18530b"
          },
          "private": "eyJlMmJmYjczMC1lY2FhLTExZTYtOGY4OC0zNDM2M2JjN2M0YzAiOnsiY3JlYXRlIjozMDAwMDAwMDAwMDAsInVwZGF0ZSI6MzAwMDAwMDAwMDAwfSwic2NoZW1hX3ZlcnNpb24iOiIwIn0=",
          "dependencies": [
            "module.load_balancer.aws_lb.lb",
            "module.load_balancer.aws_lb_target_group.restaurant_service",
            "module.load_balancer.aws_security_group.lb_sg",
            "module.vpc.aws_subnet.public_subnet1",
            "module.vpc.aws_subnet.public_subnet2",
            "module.vpc.aws_subnet.public_subnet3",
            "module.vpc.aws_vpc.vpc"
          ]
        }
      ]
    },
    {
      "module": "module.load_balancer",
      "mode": "managed",
      "type": "aws_lb_listener",
      "name": "restaurant_web",
      "provider": "provider[\"registry.terraform.io/hashicorp/aws\"]",
      "instances": [
        {
          "schema_version": 0,
          "attributes": {
            "alpn_policy": null,
            "arn": "arn:aws:elasticloadbalancing:us-east-1:263427518575:listener/app/opalink-prod-load-balancer/0a0bef0ef1ca1d3f/8b9cf601fb213b3f",
            "certificate_arn": null,
            "default_action": [
              {
                "authenticate_cognito": [],
                "authenticate_oidc": [],
                "fixed_response": [],
                "forward": [
                  {
                    "stickiness": [
                      {
                        "duration": 3600,
                        "enabled": false
                      }
                    ],
                    "target_group": [
                      {
                        "arn": "arn:aws:elasticloadbalancing:us-east-1:263427518575:targetgroup/opalink-prod-restaurant-web/ef7c81a95de6ab6f",
                        "weight": 1
                      }
                    ]
                  }
                ],
                "order": 1,
                "redirect": [],
                "target_group_arn": "arn:aws:elasticloadbalancing:us-east-1:263427518575:targetgroup/opalink-prod-restaurant-web/ef7c81a95de6ab6f",
                "type": "forward"
              }
            ],
            "id": "arn:aws:elasticloadbalancing:us-east-1:263427518575:listener/app/opalink-prod-load-balancer/0a0bef0ef1ca1d3f/8b9cf601fb213b3f",
            "load_balancer_arn": "arn:aws:elasticloadbalancing:us-east-1:263427518575:loadbalancer/app/opalink-prod-load-balancer/0a0bef0ef1ca1d3f",
            "mutual_authentication": [],
            "port": 6002,
            "protocol": "HTTP",
            "region": "us-east-1",
            "routing_http_request_x_amzn_mtls_clientcert_header_name": null,
            "routing_http_request_x_amzn_mtls_clientcert_issuer_header_name": null,
            "routing_http_request_x_amzn_mtls_clientcert_leaf_header_name": null,
            "routing_http_request_x_amzn_mtls_clientcert_serial_number_header_name": null,
            "routing_http_request_x_amzn_mtls_clientcert_subject_header_name": null,
            "routing_http_request_x_amzn_mtls_clientcert_validity_header_name": null,
            "routing_http_request_x_amzn_tls_cipher_suite_header_name": null,
            "routing_http_request_x_amzn_tls_version_header_name": null,
            "routing_http_response_access_control_allow_credentials_header_value": "",
            "routing_http_response_access_control_allow_headers_header_value": "",
            "routing_http_response_access_control_allow_methods_header_value": "",
            "routing_http_response_access_control_allow_origin_header_value": "",
            "routing_http_response_access_control_expose_headers_header_value": "",
            "routing_http_response_access_control_max_age_header_value": "",
            "routing_http_response_content_security_policy_header_value": "",
            "routing_http_response_server_enabled": true,
            "routing_http_response_strict_transport_security_header_value": "",
            "routing_http_response_x_content_type_options_header_value": "",
            "routing_http_response_x_frame_options_header_value": "",
            "ssl_policy": "",
            "tags": {},
            "tags_all": {},
            "tcp_idle_timeout_seconds": null,
            "timeouts": null
          },
          "sensitive_attributes": [],
          "identity_schema_version": 0,
          "identity": {
            "arn": "arn:aws:elasticloadbalancing:us-east-1:263427518575:listener/app/opalink-prod-load-balancer/0a0bef0ef1ca1d3f/8b9cf601fb213b3f"
          },
          "private": "eyJlMmJmYjczMC1lY2FhLTExZTYtOGY4OC0zNDM2M2JjN2M0YzAiOnsiY3JlYXRlIjozMDAwMDAwMDAwMDAsInVwZGF0ZSI6MzAwMDAwMDAwMDAwfSwic2NoZW1hX3ZlcnNpb24iOiIwIn0=",
          "dependencies": [
            "module.load_balancer.aws_lb.lb",
            "module.load_balancer.aws_lb_target_group.restaurant_web",
            "module.load_balancer.aws_security_group.lb_sg",
            "module.vpc.aws_subnet.public_subnet1",
            "module.vpc.aws_subnet.public_subnet2",
            "module.vpc.aws_subnet.public_subnet3",
            "module.vpc.aws_vpc.vpc"
          ]
        }
      ]
    },
    {
      "module": "module.load_balancer",
      "mode": "managed",
      "type": "aws_lb_listener",
      "name": "super_admin",
      "provider": "provider[\"registry.terraform.io/hashicorp/aws\"]",
      "instances": [
        {
          "schema_version": 0,
          "attributes": {
            "alpn_policy": null,
            "arn": "arn:aws:elasticloadbalancing:us-east-1:263427518575:listener/app/opalink-prod-load-balancer/0a0bef0ef1ca1d3f/0ece3d8eaf535336",
            "certificate_arn": null,
            "default_action": [
              {
                "authenticate_cognito": [],
                "authenticate_oidc": [],
                "fixed_response": [],
                "forward": [
                  {
                    "stickiness": [
                      {
                        "duration": 3600,
                        "enabled": false
                      }
                    ],
                    "target_group": [
                      {
                        "arn": "arn:aws:elasticloadbalancing:us-east-1:263427518575:targetgroup/opalink-prod-super-admin/7538e908f0435acc",
                        "weight": 1
                      }
                    ]
                  }
                ],
                "order": 1,
                "redirect": [],
                "target_group_arn": "arn:aws:elasticloadbalancing:us-east-1:263427518575:targetgroup/opalink-prod-super-admin/7538e908f0435acc",
                "type": "forward"
              }
            ],
            "id": "arn:aws:elasticloadbalancing:us-east-1:263427518575:listener/app/opalink-prod-load-balancer/0a0bef0ef1ca1d3f/0ece3d8eaf535336",
            "load_balancer_arn": "arn:aws:elasticloadbalancing:us-east-1:263427518575:loadbalancer/app/opalink-prod-load-balancer/0a0bef0ef1ca1d3f",
            "mutual_authentication": [],
            "port": 6003,
            "protocol": "HTTP",
            "region": "us-east-1",
            "routing_http_request_x_amzn_mtls_clientcert_header_name": null,
            "routing_http_request_x_amzn_mtls_clientcert_issuer_header_name": null,
            "routing_http_request_x_amzn_mtls_clientcert_leaf_header_name": null,
            "routing_http_request_x_amzn_mtls_clientcert_serial_number_header_name": null,
            "routing_http_request_x_amzn_mtls_clientcert_subject_header_name": null,
            "routing_http_request_x_amzn_mtls_clientcert_validity_header_name": null,
            "routing_http_request_x_amzn_tls_cipher_suite_header_name": null,
            "routing_http_request_x_amzn_tls_version_header_name": null,
            "routing_http_response_access_control_allow_credentials_header_value": "",
            "routing_http_response_access_control_allow_headers_header_value": "",
            "routing_http_response_access_control_allow_methods_header_value": "",
            "routing_http_response_access_control_allow_origin_header_value": "",
            "routing_http_response_access_control_expose_headers_header_value": "",
            "routing_http_response_access_control_max_age_header_value": "",
            "routing_http_response_content_security_policy_header_value": "",
            "routing_http_response_server_enabled": true,
            "routing_http_response_strict_transport_security_header_value": "",
            "routing_http_response_x_content_type_options_header_value": "",
            "routing_http_response_x_frame_options_header_value": "",
            "ssl_policy": "",
            "tags": {},
            "tags_all": {},
            "tcp_idle_timeout_seconds": null,
            "timeouts": null
          },
          "sensitive_attributes": [],
          "identity_schema_version": 0,
          "identity": {
            "arn": "arn:aws:elasticloadbalancing:us-east-1:263427518575:listener/app/opalink-prod-load-balancer/0a0bef0ef1ca1d3f/0ece3d8eaf535336"
          },
          "private": "eyJlMmJmYjczMC1lY2FhLTExZTYtOGY4OC0zNDM2M2JjN2M0YzAiOnsiY3JlYXRlIjozMDAwMDAwMDAwMDAsInVwZGF0ZSI6MzAwMDAwMDAwMDAwfSwic2NoZW1hX3ZlcnNpb24iOiIwIn0=",
          "dependencies": [
            "module.load_balancer.aws_lb.lb",
            "module.load_balancer.aws_lb_target_group.super_admin",
            "module.load_balancer.aws_security_group.lb_sg",
            "module.vpc.aws_subnet.public_subnet1",
            "module.vpc.aws_subnet.public_subnet2",
            "module.vpc.aws_subnet.public_subnet3",
            "module.vpc.aws_vpc.vpc"
          ]
        }
      ]
    },
    {
      "module": "module.load_balancer",
      "mode": "managed",
      "type": "aws_lb_listener",
      "name": "user_service",
      "provider": "provider[\"registry.terraform.io/hashicorp/aws\"]",
      "instances": [
        {
          "schema_version": 0,
          "attributes": {
            "alpn_policy": null,
            "arn": "arn:aws:elasticloadbalancing:us-east-1:263427518575:listener/app/opalink-prod-load-balancer/0a0bef0ef1ca1d3f/eba4cd382b807eac",
            "certificate_arn": null,
            "default_action": [
              {
                "authenticate_cognito": [],
                "authenticate_oidc": [],
                "fixed_response": [],
                "forward": [
                  {
                    "stickiness": [
                      {
                        "duration": 3600,
                        "enabled": false
                      }
                    ],
                    "target_group": [
                      {
                        "arn": "arn:aws:elasticloadbalancing:us-east-1:263427518575:targetgroup/opalink-prod-user-service/e60266f4e528a2dc",
                        "weight": 1
                      }
                    ]
                  }
                ],
                "order": 1,
                "redirect": [],
                "target_group_arn": "arn:aws:elasticloadbalancing:us-east-1:263427518575:targetgroup/opalink-prod-user-service/e60266f4e528a2dc",
                "type": "forward"
              }
            ],
            "id": "arn:aws:elasticloadbalancing:us-east-1:263427518575:listener/app/opalink-prod-load-balancer/0a0bef0ef1ca1d3f/eba4cd382b807eac",
            "load_balancer_arn": "arn:aws:elasticloadbalancing:us-east-1:263427518575:loadbalancer/app/opalink-prod-load-balancer/0a0bef0ef1ca1d3f",
            "mutual_authentication": [],
            "port": 3005,
            "protocol": "HTTP",
            "region": "us-east-1",
            "routing_http_request_x_amzn_mtls_clientcert_header_name": null,
            "routing_http_request_x_amzn_mtls_clientcert_issuer_header_name": null,
            "routing_http_request_x_amzn_mtls_clientcert_leaf_header_name": null,
            "routing_http_request_x_amzn_mtls_clientcert_serial_number_header_name": null,
            "routing_http_request_x_amzn_mtls_clientcert_subject_header_name": null,
            "routing_http_request_x_amzn_mtls_clientcert_validity_header_name": null,
            "routing_http_request_x_amzn_tls_cipher_suite_header_name": null,
            "routing_http_request_x_amzn_tls_version_header_name": null,
            "routing_http_response_access_control_allow_credentials_header_value": "",
            "routing_http_response_access_control_allow_headers_header_value": "",
            "routing_http_response_access_control_allow_methods_header_value": "",
            "routing_http_response_access_control_allow_origin_header_value": "",
            "routing_http_response_access_control_expose_headers_header_value": "",
            "routing_http_response_access_control_max_age_header_value": "",
            "routing_http_response_content_security_policy_header_value": "",
            "routing_http_response_server_enabled": true,
            "routing_http_response_strict_transport_security_header_value": "",
            "routing_http_response_x_content_type_options_header_value": "",
            "routing_http_response_x_frame_options_header_value": "",
            "ssl_policy": "",
            "tags": {},
            "tags_all": {},
            "tcp_idle_timeout_seconds": null,
            "timeouts": null
          },
          "sensitive_attributes": [],
          "identity_schema_version": 0,
          "identity": {
            "arn": "arn:aws:elasticloadbalancing:us-east-1:263427518575:listener/app/opalink-prod-load-balancer/0a0bef0ef1ca1d3f/eba4cd382b807eac"
          },
          "private": "eyJlMmJmYjczMC1lY2FhLTExZTYtOGY4OC0zNDM2M2JjN2M0YzAiOnsiY3JlYXRlIjozMDAwMDAwMDAwMDAsInVwZGF0ZSI6MzAwMDAwMDAwMDAwfSwic2NoZW1hX3ZlcnNpb24iOiIwIn0=",
          "dependencies": [
            "module.load_balancer.aws_lb.lb",
            "module.load_balancer.aws_lb_target_group.user_service",
            "module.load_balancer.aws_security_group.lb_sg",
            "module.vpc.aws_subnet.public_subnet1",
            "module.vpc.aws_subnet.public_subnet2",
            "module.vpc.aws_subnet.public_subnet3",
            "module.vpc.aws_vpc.vpc"
          ]
        }
      ]
    },
    {
      "module": "module.load_balancer",
      "mode": "managed",
      "type": "aws_lb_listener_rule",
      "name": "accounting_nginx_service_rule",
      "provider": "provider[\"registry.terraform.io/hashicorp/aws\"]",
      "instances": [
        {
          "schema_version": 0,
          "attributes": {
            "action": [
              {
                "authenticate_cognito": [],
                "authenticate_oidc": [],
                "fixed_response": [],
                "forward": [
                  {
                    "stickiness": [
                      {
                        "duration": 3600,
                        "enabled": false
                      }
                    ],
                    "target_group": [
                      {
                        "arn": "arn:aws:elasticloadbalancing:us-east-1:263427518575:targetgroup/opalink-prod-nginx-service/15c6c4a095eb080d",
                        "weight": 1
                      }
                    ]
                  }
                ],
                "order": 1,
                "redirect": [],
                "target_group_arn": "arn:aws:elasticloadbalancing:us-east-1:263427518575:targetgroup/opalink-prod-nginx-service/15c6c4a095eb080d",
                "type": "forward"
              }
            ],
            "arn": "arn:aws:elasticloadbalancing:us-east-1:263427518575:listener-rule/app/opalink-prod-load-balancer/0a0bef0ef1ca1d3f/f4dce4f3747b75c9/59048da836eac28c",
            "condition": [
              {
                "host_header": [],
                "http_header": [],
                "http_request_method": [],
                "path_pattern": [
                  {
                    "regex_values": [],
                    "values": [
                      "/accounting/*"
                    ]
                  }
                ],
                "query_string": [],
                "source_ip": []
              }
            ],
            "id": "arn:aws:elasticloadbalancing:us-east-1:263427518575:listener-rule/app/opalink-prod-load-balancer/0a0bef0ef1ca1d3f/f4dce4f3747b75c9/59048da836eac28c",
            "listener_arn": "arn:aws:elasticloadbalancing:us-east-1:263427518575:listener/app/opalink-prod-load-balancer/0a0bef0ef1ca1d3f/f4dce4f3747b75c9",
            "priority": 11,
            "region": "us-east-1",
            "tags": {},
            "tags_all": {},
            "transform": []
          },
          "sensitive_attributes": [],
          "identity_schema_version": 0,
          "identity": {
            "arn": "arn:aws:elasticloadbalancing:us-east-1:263427518575:listener-rule/app/opalink-prod-load-balancer/0a0bef0ef1ca1d3f/f4dce4f3747b75c9/59048da836eac28c"
          },
          "private": "eyJzY2hlbWFfdmVyc2lvbiI6IjAifQ=="
        }
      ]
    },
    {
      "module": "module.load_balancer",
      "mode": "managed",
      "type": "aws_lb_listener_rule",
      "name": "admin_web_nginx_service_rule",
      "provider": "provider[\"registry.terraform.io/hashicorp/aws\"]",
      "instances": [
        {
          "schema_version": 0,
          "attributes": {
            "action": [
              {
                "authenticate_cognito": [],
                "authenticate_oidc": [],
                "fixed_response": [],
                "forward": [
                  {
                    "stickiness": [
                      {
                        "duration": 3600,
                        "enabled": false
                      }
                    ],
                    "target_group": [
                      {
                        "arn": "arn:aws:elasticloadbalancing:us-east-1:263427518575:targetgroup/opalink-prod-nginx-service/15c6c4a095eb080d",
                        "weight": 1
                      }
                    ]
                  }
                ],
                "order": 1,
                "redirect": [],
                "target_group_arn": "arn:aws:elasticloadbalancing:us-east-1:263427518575:targetgroup/opalink-prod-nginx-service/15c6c4a095eb080d",
                "type": "forward"
              }
            ],
            "arn": "arn:aws:elasticloadbalancing:us-east-1:263427518575:listener-rule/app/opalink-prod-load-balancer/0a0bef0ef1ca1d3f/f4dce4f3747b75c9/ba449f60195b65cc",
            "condition": [
              {
                "host_header": [],
                "http_header": [],
                "http_request_method": [],
                "path_pattern": [
                  {
                    "regex_values": [],
                    "values": [
                      "/admin-web/*"
                    ]
                  }
                ],
                "query_string": [],
                "source_ip": []
              }
            ],
            "id": "arn:aws:elasticloadbalancing:us-east-1:263427518575:listener-rule/app/opalink-prod-load-balancer/0a0bef0ef1ca1d3f/f4dce4f3747b75c9/ba449f60195b65cc",
            "listener_arn": "arn:aws:elasticloadbalancing:us-east-1:263427518575:listener/app/opalink-prod-load-balancer/0a0bef0ef1ca1d3f/f4dce4f3747b75c9",
            "priority": 2,
            "region": "us-east-1",
            "tags": {},
            "tags_all": {},
            "transform": []
          },
          "sensitive_attributes": [],
          "identity_schema_version": 0,
          "identity": {
            "arn": "arn:aws:elasticloadbalancing:us-east-1:263427518575:listener-rule/app/opalink-prod-load-balancer/0a0bef0ef1ca1d3f/f4dce4f3747b75c9/ba449f60195b65cc"
          },
          "private": "eyJzY2hlbWFfdmVyc2lvbiI6IjAifQ=="
        }
      ]
    },
    {
      "module": "module.load_balancer",
      "mode": "managed",
      "type": "aws_lb_listener_rule",
      "name": "auth_nginx_service_rule",
      "provider": "provider[\"registry.terraform.io/hashicorp/aws\"]",
      "instances": [
        {
          "schema_version": 0,
          "attributes": {
            "action": [
              {
                "authenticate_cognito": [],
                "authenticate_oidc": [],
                "fixed_response": [],
                "forward": [
                  {
                    "stickiness": [
                      {
                        "duration": 3600,
                        "enabled": false
                      }
                    ],
                    "target_group": [
                      {
                        "arn": "arn:aws:elasticloadbalancing:us-east-1:263427518575:targetgroup/opalink-prod-nginx-service/15c6c4a095eb080d",
                        "weight": 1
                      }
                    ]
                  }
                ],
                "order": 1,
                "redirect": [],
                "target_group_arn": "arn:aws:elasticloadbalancing:us-east-1:263427518575:targetgroup/opalink-prod-nginx-service/15c6c4a095eb080d",
                "type": "forward"
              }
            ],
            "arn": "arn:aws:elasticloadbalancing:us-east-1:263427518575:listener-rule/app/opalink-prod-load-balancer/0a0bef0ef1ca1d3f/f4dce4f3747b75c9/6e25ce999e41eddf",
            "condition": [
              {
                "host_header": [],
                "http_header": [],
                "http_request_method": [],
                "path_pattern": [
                  {
                    "regex_values": [],
                    "values": [
                      "/auth/*"
                    ]
                  }
                ],
                "query_string": [],
                "source_ip": []
              }
            ],
            "id": "arn:aws:elasticloadbalancing:us-east-1:263427518575:listener-rule/app/opalink-prod-load-balancer/0a0bef0ef1ca1d3f/f4dce4f3747b75c9/6e25ce999e41eddf",
            "listener_arn": "arn:aws:elasticloadbalancing:us-east-1:263427518575:listener/app/opalink-prod-load-balancer/0a0bef0ef1ca1d3f/f4dce4f3747b75c9",
            "priority": 1,
            "region": "us-east-1",
            "tags": {},
            "tags_all": {},
            "transform": []
          },
          "sensitive_attributes": [],
          "identity_schema_version": 0,
          "identity": {
            "arn": "arn:aws:elasticloadbalancing:us-east-1:263427518575:listener-rule/app/opalink-prod-load-balancer/0a0bef0ef1ca1d3f/f4dce4f3747b75c9/6e25ce999e41eddf"
          },
          "private": "eyJzY2hlbWFfdmVyc2lvbiI6IjAifQ=="
        }
      ]
    },
    {
      "module": "module.load_balancer",
      "mode": "managed",
      "type": "aws_lb_listener_rule",
      "name": "customer_support_nginx_service_rule",
      "provider": "provider[\"registry.terraform.io/hashicorp/aws\"]",
      "instances": [
        {
          "schema_version": 0,
          "attributes": {
            "action": [
              {
                "authenticate_cognito": [],
                "authenticate_oidc": [],
                "fixed_response": [],
                "forward": [
                  {
                    "stickiness": [
                      {
                        "duration": 3600,
                        "enabled": false
                      }
                    ],
                    "target_group": [
                      {
                        "arn": "arn:aws:elasticloadbalancing:us-east-1:263427518575:targetgroup/opalink-prod-nginx-service/15c6c4a095eb080d",
                        "weight": 1
                      }
                    ]
                  }
                ],
                "order": 1,
                "redirect": [],
                "target_group_arn": "arn:aws:elasticloadbalancing:us-east-1:263427518575:targetgroup/opalink-prod-nginx-service/15c6c4a095eb080d",
                "type": "forward"
              }
            ],
            "arn": "arn:aws:elasticloadbalancing:us-east-1:263427518575:listener-rule/app/opalink-prod-load-balancer/0a0bef0ef1ca1d3f/f4dce4f3747b75c9/1c8ddd83ddeb8352",
            "condition": [
              {
                "host_header": [],
                "http_header": [],
                "http_request_method": [],
                "path_pattern": [
                  {
                    "regex_values": [],
                    "values": [
                      "/customer-support/*"
                    ]
                  }
                ],
                "query_string": [],
                "source_ip": []
              }
            ],
            "id": "arn:aws:elasticloadbalancing:us-east-1:263427518575:listener-rule/app/opalink-prod-load-balancer/0a0bef0ef1ca1d3f/f4dce4f3747b75c9/1c8ddd83ddeb8352",
            "listener_arn": "arn:aws:elasticloadbalancing:us-east-1:263427518575:listener/app/opalink-prod-load-balancer/0a0bef0ef1ca1d3f/f4dce4f3747b75c9",
            "priority": 6,
            "region": "us-east-1",
            "tags": {},
            "tags_all": {},
            "transform": []
          },
          "sensitive_attributes": [],
          "identity_schema_version": 0,
          "identity": {
            "arn": "arn:aws:elasticloadbalancing:us-east-1:263427518575:listener-rule/app/opalink-prod-load-balancer/0a0bef0ef1ca1d3f/f4dce4f3747b75c9/1c8ddd83ddeb8352"
          },
          "private": "eyJzY2hlbWFfdmVyc2lvbiI6IjAifQ=="
        }
      ]
    },
    {
      "module": "module.load_balancer",
      "mode": "managed",
      "type": "aws_lb_listener_rule",
      "name": "gift_nginx_service_rule",
      "provider": "provider[\"registry.terraform.io/hashicorp/aws\"]",
      "instances": [
        {
          "schema_version": 0,
          "attributes": {
            "action": [
              {
                "authenticate_cognito": [],
                "authenticate_oidc": [],
                "fixed_response": [],
                "forward": [
                  {
                    "stickiness": [
                      {
                        "duration": 3600,
                        "enabled": false
                      }
                    ],
                    "target_group": [
                      {
                        "arn": "arn:aws:elasticloadbalancing:us-east-1:263427518575:targetgroup/opalink-prod-nginx-service/15c6c4a095eb080d",
                        "weight": 1
                      }
                    ]
                  }
                ],
                "order": 1,
                "redirect": [],
                "target_group_arn": "arn:aws:elasticloadbalancing:us-east-1:263427518575:targetgroup/opalink-prod-nginx-service/15c6c4a095eb080d",
                "type": "forward"
              }
            ],
            "arn": "arn:aws:elasticloadbalancing:us-east-1:263427518575:listener-rule/app/opalink-prod-load-balancer/0a0bef0ef1ca1d3f/f4dce4f3747b75c9/fc6dbe0fddb9400b",
            "condition": [
              {
                "host_header": [],
                "http_header": [],
                "http_request_method": [],
                "path_pattern": [
                  {
                    "regex_values": [],
                    "values": [
                      "/gift/*"
                    ]
                  }
                ],
                "query_string": [],
                "source_ip": []
              }
            ],
            "id": "arn:aws:elasticloadbalancing:us-east-1:263427518575:listener-rule/app/opalink-prod-load-balancer/0a0bef0ef1ca1d3f/f4dce4f3747b75c9/fc6dbe0fddb9400b",
            "listener_arn": "arn:aws:elasticloadbalancing:us-east-1:263427518575:listener/app/opalink-prod-load-balancer/0a0bef0ef1ca1d3f/f4dce4f3747b75c9",
            "priority": 8,
            "region": "us-east-1",
            "tags": {},
            "tags_all": {},
            "transform": []
          },
          "sensitive_attributes": [],
          "identity_schema_version": 0,
          "identity": {
            "arn": "arn:aws:elasticloadbalancing:us-east-1:263427518575:listener-rule/app/opalink-prod-load-balancer/0a0bef0ef1ca1d3f/f4dce4f3747b75c9/fc6dbe0fddb9400b"
          },
          "private": "eyJzY2hlbWFfdmVyc2lvbiI6IjAifQ=="
        }
      ]
    },
    {
      "module": "module.load_balancer",
      "mode": "managed",
      "type": "aws_lb_listener_rule",
      "name": "mobile_nginx_service_rule",
      "provider": "provider[\"registry.terraform.io/hashicorp/aws\"]",
      "instances": [
        {
          "schema_version": 0,
          "attributes": {
            "action": [
              {
                "authenticate_cognito": [],
                "authenticate_oidc": [],
                "fixed_response": [],
                "forward": [
                  {
                    "stickiness": [
                      {
                        "duration": 3600,
                        "enabled": false
                      }
                    ],
                    "target_group": [
                      {
                        "arn": "arn:aws:elasticloadbalancing:us-east-1:263427518575:targetgroup/opalink-prod-nginx-service/15c6c4a095eb080d",
                        "weight": 1
                      }
                    ]
                  }
                ],
                "order": 1,
                "redirect": [],
                "target_group_arn": "arn:aws:elasticloadbalancing:us-east-1:263427518575:targetgroup/opalink-prod-nginx-service/15c6c4a095eb080d",
                "type": "forward"
              }
            ],
            "arn": "arn:aws:elasticloadbalancing:us-east-1:263427518575:listener-rule/app/opalink-prod-load-balancer/0a0bef0ef1ca1d3f/f4dce4f3747b75c9/e20d13a2bf0119a2",
            "condition": [
              {
                "host_header": [],
                "http_header": [],
                "http_request_method": [],
                "path_pattern": [
                  {
                    "regex_values": [],
                    "values": [
                      "/mobile/*"
                    ]
                  }
                ],
                "query_string": [],
                "source_ip": []
              }
            ],
            "id": "arn:aws:elasticloadbalancing:us-east-1:263427518575:listener-rule/app/opalink-prod-load-balancer/0a0bef0ef1ca1d3f/f4dce4f3747b75c9/e20d13a2bf0119a2",
            "listener_arn": "arn:aws:elasticloadbalancing:us-east-1:263427518575:listener/app/opalink-prod-load-balancer/0a0bef0ef1ca1d3f/f4dce4f3747b75c9",
            "priority": 4,
            "region": "us-east-1",
            "tags": {},
            "tags_all": {},
            "transform": []
          },
          "sensitive_attributes": [],
          "identity_schema_version": 0,
          "identity": {
            "arn": "arn:aws:elasticloadbalancing:us-east-1:263427518575:listener-rule/app/opalink-prod-load-balancer/0a0bef0ef1ca1d3f/f4dce4f3747b75c9/e20d13a2bf0119a2"
          },
          "private": "eyJzY2hlbWFfdmVyc2lvbiI6IjAifQ=="
        }
      ]
    },
    {
      "module": "module.load_balancer",
      "mode": "managed",
      "type": "aws_lb_listener_rule",
      "name": "notification_nginx_service_rule",
      "provider": "provider[\"registry.terraform.io/hashicorp/aws\"]",
      "instances": [
        {
          "schema_version": 0,
          "attributes": {
            "action": [
              {
                "authenticate_cognito": [],
                "authenticate_oidc": [],
                "fixed_response": [],
                "forward": [
                  {
                    "stickiness": [
                      {
                        "duration": 3600,
                        "enabled": false
                      }
                    ],
                    "target_group": [
                      {
                        "arn": "arn:aws:elasticloadbalancing:us-east-1:263427518575:targetgroup/opalink-prod-nginx-service/15c6c4a095eb080d",
                        "weight": 1
                      }
                    ]
                  }
                ],
                "order": 1,
                "redirect": [],
                "target_group_arn": "arn:aws:elasticloadbalancing:us-east-1:263427518575:targetgroup/opalink-prod-nginx-service/15c6c4a095eb080d",
                "type": "forward"
              }
            ],
            "arn": "arn:aws:elasticloadbalancing:us-east-1:263427518575:listener-rule/app/opalink-prod-load-balancer/0a0bef0ef1ca1d3f/f4dce4f3747b75c9/5be4bdbf9f0155b4",
            "condition": [
              {
                "host_header": [],
                "http_header": [],
                "http_request_method": [],
                "path_pattern": [
                  {
                    "regex_values": [],
                    "values": [
                      "/notification/*"
                    ]
                  }
                ],
                "query_string": [],
                "source_ip": []
              }
            ],
            "id": "arn:aws:elasticloadbalancing:us-east-1:263427518575:listener-rule/app/opalink-prod-load-balancer/0a0bef0ef1ca1d3f/f4dce4f3747b75c9/5be4bdbf9f0155b4",
            "listener_arn": "arn:aws:elasticloadbalancing:us-east-1:263427518575:listener/app/opalink-prod-load-balancer/0a0bef0ef1ca1d3f/f4dce4f3747b75c9",
            "priority": 5,
            "region": "us-east-1",
            "tags": {},
            "tags_all": {},
            "transform": []
          },
          "sensitive_attributes": [],
          "identity_schema_version": 0,
          "identity": {
            "arn": "arn:aws:elasticloadbalancing:us-east-1:263427518575:listener-rule/app/opalink-prod-load-balancer/0a0bef0ef1ca1d3f/f4dce4f3747b75c9/5be4bdbf9f0155b4"
          },
          "private": "eyJzY2hlbWFfdmVyc2lvbiI6IjAifQ=="
        }
      ]
    },
    {
      "module": "module.load_balancer",
      "mode": "managed",
      "type": "aws_lb_listener_rule",
      "name": "restaurant_nginx_service_rule",
      "provider": "provider[\"registry.terraform.io/hashicorp/aws\"]",
      "instances": [
        {
          "schema_version": 0,
          "attributes": {
            "action": [
              {
                "authenticate_cognito": [],
                "authenticate_oidc": [],
                "fixed_response": [],
                "forward": [
                  {
                    "stickiness": [
                      {
                        "duration": 3600,
                        "enabled": false
                      }
                    ],
                    "target_group": [
                      {
                        "arn": "arn:aws:elasticloadbalancing:us-east-1:263427518575:targetgroup/opalink-prod-nginx-service/15c6c4a095eb080d",
                        "weight": 1
                      }
                    ]
                  }
                ],
                "order": 1,
                "redirect": [],
                "target_group_arn": "arn:aws:elasticloadbalancing:us-east-1:263427518575:targetgroup/opalink-prod-nginx-service/15c6c4a095eb080d",
                "type": "forward"
              }
            ],
            "arn": "arn:aws:elasticloadbalancing:us-east-1:263427518575:listener-rule/app/opalink-prod-load-balancer/0a0bef0ef1ca1d3f/f4dce4f3747b75c9/bc1f837b7f706caf",
            "condition": [
              {
                "host_header": [],
                "http_header": [],
                "http_request_method": [],
                "path_pattern": [
                  {
                    "regex_values": [],
                    "values": [
                      "/restaurant/*"
                    ]
                  }
                ],
                "query_string": [],
                "source_ip": []
              }
            ],
            "id": "arn:aws:elasticloadbalancing:us-east-1:263427518575:listener-rule/app/opalink-prod-load-balancer/0a0bef0ef1ca1d3f/f4dce4f3747b75c9/bc1f837b7f706caf",
            "listener_arn": "arn:aws:elasticloadbalancing:us-east-1:263427518575:listener/app/opalink-prod-load-balancer/0a0bef0ef1ca1d3f/f4dce4f3747b75c9",
            "priority": 9,
            "region": "us-east-1",
            "tags": {},
            "tags_all": {},
            "transform": []
          },
          "sensitive_attributes": [],
          "identity_schema_version": 0,
          "identity": {
            "arn": "arn:aws:elasticloadbalancing:us-east-1:263427518575:listener-rule/app/opalink-prod-load-balancer/0a0bef0ef1ca1d3f/f4dce4f3747b75c9/bc1f837b7f706caf"
          },
          "private": "eyJzY2hlbWFfdmVyc2lvbiI6IjAifQ=="
        }
      ]
    },
    {
      "module": "module.load_balancer",
      "mode": "managed",
      "type": "aws_lb_listener_rule",
      "name": "restaurant_web_nginx_service_rule",
      "provider": "provider[\"registry.terraform.io/hashicorp/aws\"]",
      "instances": [
        {
          "schema_version": 0,
          "attributes": {
            "action": [
              {
                "authenticate_cognito": [],
                "authenticate_oidc": [],
                "fixed_response": [],
                "forward": [
                  {
                    "stickiness": [
                      {
                        "duration": 3600,
                        "enabled": false
                      }
                    ],
                    "target_group": [
                      {
                        "arn": "arn:aws:elasticloadbalancing:us-east-1:263427518575:targetgroup/opalink-prod-nginx-service/15c6c4a095eb080d",
                        "weight": 1
                      }
                    ]
                  }
                ],
                "order": 1,
                "redirect": [],
                "target_group_arn": "arn:aws:elasticloadbalancing:us-east-1:263427518575:targetgroup/opalink-prod-nginx-service/15c6c4a095eb080d",
                "type": "forward"
              }
            ],
            "arn": "arn:aws:elasticloadbalancing:us-east-1:263427518575:listener-rule/app/opalink-prod-load-balancer/0a0bef0ef1ca1d3f/f4dce4f3747b75c9/200fe57eb2b4268e",
            "condition": [
              {
                "host_header": [],
                "http_header": [],
                "http_request_method": [],
                "path_pattern": [
                  {
                    "regex_values": [],
                    "values": [
                      "/restaurant-web/*"
                    ]
                  }
                ],
                "query_string": [],
                "source_ip": []
              }
            ],
            "id": "arn:aws:elasticloadbalancing:us-east-1:263427518575:listener-rule/app/opalink-prod-load-balancer/0a0bef0ef1ca1d3f/f4dce4f3747b75c9/200fe57eb2b4268e",
            "listener_arn": "arn:aws:elasticloadbalancing:us-east-1:263427518575:listener/app/opalink-prod-load-balancer/0a0bef0ef1ca1d3f/f4dce4f3747b75c9",
            "priority": 3,
            "region": "us-east-1",
            "tags": {},
            "tags_all": {},
            "transform": []
          },
          "sensitive_attributes": [],
          "identity_schema_version": 0,
          "identity": {
            "arn": "arn:aws:elasticloadbalancing:us-east-1:263427518575:listener-rule/app/opalink-prod-load-balancer/0a0bef0ef1ca1d3f/f4dce4f3747b75c9/200fe57eb2b4268e"
          },
          "private": "eyJzY2hlbWFfdmVyc2lvbiI6IjAifQ=="
        }
      ]
    },
    {
      "module": "module.load_balancer",
      "mode": "managed",
      "type": "aws_lb_listener_rule",
      "name": "user_nginx_service_rule",
      "provider": "provider[\"registry.terraform.io/hashicorp/aws\"]",
      "instances": [
        {
          "schema_version": 0,
          "attributes": {
            "action": [
              {
                "authenticate_cognito": [],
                "authenticate_oidc": [],
                "fixed_response": [],
                "forward": [
                  {
                    "stickiness": [
                      {
                        "duration": 3600,
                        "enabled": false
                      }
                    ],
                    "target_group": [
                      {
                        "arn": "arn:aws:elasticloadbalancing:us-east-1:263427518575:targetgroup/opalink-prod-nginx-service/15c6c4a095eb080d",
                        "weight": 1
                      }
                    ]
                  }
                ],
                "order": 1,
                "redirect": [],
                "target_group_arn": "arn:aws:elasticloadbalancing:us-east-1:263427518575:targetgroup/opalink-prod-nginx-service/15c6c4a095eb080d",
                "type": "forward"
              }
            ],
            "arn": "arn:aws:elasticloadbalancing:us-east-1:263427518575:listener-rule/app/opalink-prod-load-balancer/0a0bef0ef1ca1d3f/f4dce4f3747b75c9/3f7890fd6e5f8b77",
            "condition": [
              {
                "host_header": [],
                "http_header": [],
                "http_request_method": [],
                "path_pattern": [
                  {
                    "regex_values": [],
                    "values": [
                      "/user/*"
                    ]
                  }
                ],
                "query_string": [],
                "source_ip": []
              }
            ],
            "id": "arn:aws:elasticloadbalancing:us-east-1:263427518575:listener-rule/app/opalink-prod-load-balancer/0a0bef0ef1ca1d3f/f4dce4f3747b75c9/3f7890fd6e5f8b77",
            "listener_arn": "arn:aws:elasticloadbalancing:us-east-1:263427518575:listener/app/opalink-prod-load-balancer/0a0bef0ef1ca1d3f/f4dce4f3747b75c9",
            "priority": 10,
            "region": "us-east-1",
            "tags": {},
            "tags_all": {},
            "transform": []
          },
          "sensitive_attributes": [],
          "identity_schema_version": 0,
          "identity": {
            "arn": "arn:aws:elasticloadbalancing:us-east-1:263427518575:listener-rule/app/opalink-prod-load-balancer/0a0bef0ef1ca1d3f/f4dce4f3747b75c9/3f7890fd6e5f8b77"
          },
          "private": "eyJzY2hlbWFfdmVyc2lvbiI6IjAifQ=="
        }
      ]
    },
    {
      "module": "module.load_balancer",
      "mode": "managed",
      "type": "aws_lb_target_group",
      "name": "accounting_service",
      "provider": "provider[\"registry.terraform.io/hashicorp/aws\"]",
      "instances": [
        {
          "schema_version": 0,
          "attributes": {
            "arn": "arn:aws:elasticloadbalancing:us-east-1:263427518575:targetgroup/opalink-prod-accounting-service/46f7b71e985aa042",
            "arn_suffix": "targetgroup/opalink-prod-accounting-service/46f7b71e985aa042",
            "connection_termination": null,
            "deregistration_delay": "300",
            "health_check": [
              {
                "enabled": true,
                "healthy_threshold": 5,
                "interval": 30,
                "matcher": "200",
                "path": "/",
                "port": "3000",
                "protocol": "HTTP",
                "timeout": 5,
                "unhealthy_threshold": 2
              }
            ],
            "id": "arn:aws:elasticloadbalancing:us-east-1:263427518575:targetgroup/opalink-prod-accounting-service/46f7b71e985aa042",
            "ip_address_type": "ipv4",
            "lambda_multi_value_headers_enabled": null,
            "load_balancer_arns": [
              "arn:aws:elasticloadbalancing:us-east-1:263427518575:loadbalancer/app/opalink-prod-load-balancer/0a0bef0ef1ca1d3f"
            ],
            "load_balancing_algorithm_type": "round_robin",
            "load_balancing_anomaly_mitigation": "off",
            "load_balancing_cross_zone_enabled": "use_load_balancer_configuration",
            "name": "opalink-prod-accounting-service",
            "name_prefix": "",
            "port": 3000,
            "preserve_client_ip": null,
            "protocol": "HTTP",
            "protocol_version": "HTTP1",
            "proxy_protocol_v2": null,
            "region": "us-east-1",
            "slow_start": 0,
            "stickiness": [
              {
                "cookie_duration": 86400,
                "cookie_name": "",
                "enabled": false,
                "type": "lb_cookie"
              }
            ],
            "tags": {},
            "tags_all": {},
            "target_failover": [
              {
                "on_deregistration": null,
                "on_unhealthy": null
              }
            ],
            "target_group_health": [
              {
                "dns_failover": [
                  {
                    "minimum_healthy_targets_count": "1",
                    "minimum_healthy_targets_percentage": "off"
                  }
                ],
                "unhealthy_state_routing": [
                  {
                    "minimum_healthy_targets_count": 1,
                    "minimum_healthy_targets_percentage": "off"
                  }
                ]
              }
            ],
            "target_health_state": [
              {
                "enable_unhealthy_connection_termination": null,
                "unhealthy_draining_interval": null
              }
            ],
            "target_type": "ip",
            "vpc_id": "vpc-061e967e475b80600"
          },
          "sensitive_attributes": [],
          "identity_schema_version": 0,
          "identity": {
            "arn": "arn:aws:elasticloadbalancing:us-east-1:263427518575:targetgroup/opalink-prod-accounting-service/46f7b71e985aa042"
          },
          "private": "eyJzY2hlbWFfdmVyc2lvbiI6IjAifQ==",
          "dependencies": [
            "module.vpc.aws_vpc.vpc"
          ]
        }
      ]
    },
    {
      "module": "module.load_balancer",
      "mode": "managed",
      "type": "aws_lb_target_group",
      "name": "auth_service",
      "provider": "provider[\"registry.terraform.io/hashicorp/aws\"]",
      "instances": [
        {
          "schema_version": 0,
          "attributes": {
            "arn": "arn:aws:elasticloadbalancing:us-east-1:263427518575:targetgroup/opalink-prod-auth-service/a6a422e6df8e5e0b",
            "arn_suffix": "targetgroup/opalink-prod-auth-service/a6a422e6df8e5e0b",
            "connection_termination": null,
            "deregistration_delay": "300",
            "health_check": [
              {
                "enabled": true,
                "healthy_threshold": 5,
                "interval": 30,
                "matcher": "200",
                "path": "/",
                "port": "3001",
                "protocol": "HTTP",
                "timeout": 5,
                "unhealthy_threshold": 2
              }
            ],
            "id": "arn:aws:elasticloadbalancing:us-east-1:263427518575:targetgroup/opalink-prod-auth-service/a6a422e6df8e5e0b",
            "ip_address_type": "ipv4",
            "lambda_multi_value_headers_enabled": null,
            "load_balancer_arns": [
              "arn:aws:elasticloadbalancing:us-east-1:263427518575:loadbalancer/app/opalink-prod-load-balancer/0a0bef0ef1ca1d3f"
            ],
            "load_balancing_algorithm_type": "round_robin",
            "load_balancing_anomaly_mitigation": "off",
            "load_balancing_cross_zone_enabled": "use_load_balancer_configuration",
            "name": "opalink-prod-auth-service",
            "name_prefix": "",
            "port": 3001,
            "preserve_client_ip": null,
            "protocol": "HTTP",
            "protocol_version": "HTTP1",
            "proxy_protocol_v2": null,
            "region": "us-east-1",
            "slow_start": 0,
            "stickiness": [
              {
                "cookie_duration": 86400,
                "cookie_name": "",
                "enabled": false,
                "type": "lb_cookie"
              }
            ],
            "tags": {},
            "tags_all": {},
            "target_failover": [
              {
                "on_deregistration": null,
                "on_unhealthy": null
              }
            ],
            "target_group_health": [
              {
                "dns_failover": [
                  {
                    "minimum_healthy_targets_count": "1",
                    "minimum_healthy_targets_percentage": "off"
                  }
                ],
                "unhealthy_state_routing": [
                  {
                    "minimum_healthy_targets_count": 1,
                    "minimum_healthy_targets_percentage": "off"
                  }
                ]
              }
            ],
            "target_health_state": [
              {
                "enable_unhealthy_connection_termination": null,
                "unhealthy_draining_interval": null
              }
            ],
            "target_type": "ip",
            "vpc_id": "vpc-061e967e475b80600"
          },
          "sensitive_attributes": [],
          "identity_schema_version": 0,
          "identity": {
            "arn": "arn:aws:elasticloadbalancing:us-east-1:263427518575:targetgroup/opalink-prod-auth-service/a6a422e6df8e5e0b"
          },
          "private": "eyJzY2hlbWFfdmVyc2lvbiI6IjAifQ==",
          "dependencies": [
            "module.vpc.aws_vpc.vpc"
          ]
        }
      ]
    },
    {
      "module": "module.load_balancer",
      "mode": "managed",
      "type": "aws_lb_target_group",
      "name": "customer_support",
      "provider": "provider[\"registry.terraform.io/hashicorp/aws\"]",
      "instances": [
        {
          "schema_version": 0,
          "attributes": {
            "arn": "arn:aws:elasticloadbalancing:us-east-1:263427518575:targetgroup/opalink-prod-customer-support/531cca4f3582a612",
            "arn_suffix": "targetgroup/opalink-prod-customer-support/531cca4f3582a612",
            "connection_termination": null,
            "deregistration_delay": "300",
            "health_check": [
              {
                "enabled": true,
                "healthy_threshold": 5,
                "interval": 30,
                "matcher": "200",
                "path": "/",
                "port": "3002",
                "protocol": "HTTP",
                "timeout": 5,
                "unhealthy_threshold": 2
              }
            ],
            "id": "arn:aws:elasticloadbalancing:us-east-1:263427518575:targetgroup/opalink-prod-customer-support/531cca4f3582a612",
            "ip_address_type": "ipv4",
            "lambda_multi_value_headers_enabled": null,
            "load_balancer_arns": [
              "arn:aws:elasticloadbalancing:us-east-1:263427518575:loadbalancer/app/opalink-prod-load-balancer/0a0bef0ef1ca1d3f"
            ],
            "load_balancing_algorithm_type": "round_robin",
            "load_balancing_anomaly_mitigation": "off",
            "load_balancing_cross_zone_enabled": "use_load_balancer_configuration",
            "name": "opalink-prod-customer-support",
            "name_prefix": "",
            "port": 3002,
            "preserve_client_ip": null,
            "protocol": "HTTP",
            "protocol_version": "HTTP1",
            "proxy_protocol_v2": null,
            "region": "us-east-1",
            "slow_start": 0,
            "stickiness": [
              {
                "cookie_duration": 86400,
                "cookie_name": "",
                "enabled": false,
                "type": "lb_cookie"
              }
            ],
            "tags": {},
            "tags_all": {},
            "target_failover": [
              {
                "on_deregistration": null,
                "on_unhealthy": null
              }
            ],
            "target_group_health": [
              {
                "dns_failover": [
                  {
                    "minimum_healthy_targets_count": "1",
                    "minimum_healthy_targets_percentage": "off"
                  }
                ],
                "unhealthy_state_routing": [
                  {
                    "minimum_healthy_targets_count": 1,
                    "minimum_healthy_targets_percentage": "off"
                  }
                ]
              }
            ],
            "target_health_state": [
              {
                "enable_unhealthy_connection_termination": null,
                "unhealthy_draining_interval": null
              }
            ],
            "target_type": "ip",
            "vpc_id": "vpc-061e967e475b80600"
          },
          "sensitive_attributes": [],
          "identity_schema_version": 0,
          "identity": {
            "arn": "arn:aws:elasticloadbalancing:us-east-1:263427518575:targetgroup/opalink-prod-customer-support/531cca4f3582a612"
          },
          "private": "eyJzY2hlbWFfdmVyc2lvbiI6IjAifQ==",
          "dependencies": [
            "module.vpc.aws_vpc.vpc"
          ]
        }
      ]
    },
    {
      "module": "module.load_balancer",
      "mode": "managed",
      "type": "aws_lb_target_group",
      "name": "gift_service",
      "provider": "provider[\"registry.terraform.io/hashicorp/aws\"]",
      "instances": [
        {
          "schema_version": 0,
          "attributes": {
            "arn": "arn:aws:elasticloadbalancing:us-east-1:263427518575:targetgroup/opalink-prod-gift-service/eff798499598b3ff",
            "arn_suffix": "targetgroup/opalink-prod-gift-service/eff798499598b3ff",
            "connection_termination": null,
            "deregistration_delay": "300",
            "health_check": [
              {
                "enabled": true,
                "healthy_threshold": 5,
                "interval": 30,
                "matcher": "200",
                "path": "/",
                "port": "3006",
                "protocol": "HTTP",
                "timeout": 5,
                "unhealthy_threshold": 2
              }
            ],
            "id": "arn:aws:elasticloadbalancing:us-east-1:263427518575:targetgroup/opalink-prod-gift-service/eff798499598b3ff",
            "ip_address_type": "ipv4",
            "lambda_multi_value_headers_enabled": null,
            "load_balancer_arns": [
              "arn:aws:elasticloadbalancing:us-east-1:263427518575:loadbalancer/app/opalink-prod-load-balancer/0a0bef0ef1ca1d3f"
            ],
            "load_balancing_algorithm_type": "round_robin",
            "load_balancing_anomaly_mitigation": "off",
            "load_balancing_cross_zone_enabled": "use_load_balancer_configuration",
            "name": "opalink-prod-gift-service",
            "name_prefix": "",
            "port": 3006,
            "preserve_client_ip": null,
            "protocol": "HTTP",
            "protocol_version": "HTTP1",
            "proxy_protocol_v2": null,
            "region": "us-east-1",
            "slow_start": 0,
            "stickiness": [
              {
                "cookie_duration": 86400,
                "cookie_name": "",
                "enabled": false,
                "type": "lb_cookie"
              }
            ],
            "tags": {},
            "tags_all": {},
            "target_failover": [
              {
                "on_deregistration": null,
                "on_unhealthy": null
              }
            ],
            "target_group_health": [
              {
                "dns_failover": [
                  {
                    "minimum_healthy_targets_count": "1",
                    "minimum_healthy_targets_percentage": "off"
                  }
                ],
                "unhealthy_state_routing": [
                  {
                    "minimum_healthy_targets_count": 1,
                    "minimum_healthy_targets_percentage": "off"
                  }
                ]
              }
            ],
            "target_health_state": [
              {
                "enable_unhealthy_connection_termination": null,
                "unhealthy_draining_interval": null
              }
            ],
            "target_type": "ip",
            "vpc_id": "vpc-061e967e475b80600"
          },
          "sensitive_attributes": [],
          "identity_schema_version": 0,
          "identity": {
            "arn": "arn:aws:elasticloadbalancing:us-east-1:263427518575:targetgroup/opalink-prod-gift-service/eff798499598b3ff"
          },
          "private": "eyJzY2hlbWFfdmVyc2lvbiI6IjAifQ==",
          "dependencies": [
            "module.vpc.aws_vpc.vpc"
          ]
        }
      ]
    },
    {
      "module": "module.load_balancer",
      "mode": "managed",
      "type": "aws_lb_target_group",
      "name": "kowlUI_target_group",
      "provider": "provider[\"registry.terraform.io/hashicorp/aws\"]",
      "instances": [
        {
          "schema_version": 0,
          "attributes": {
            "arn": "arn:aws:elasticloadbalancing:us-east-1:263427518575:targetgroup/opalink-prod-kowlUI-targetg/25c25278c72b1950",
            "arn_suffix": "targetgroup/opalink-prod-kowlUI-targetg/25c25278c72b1950",
            "connection_termination": null,
            "deregistration_delay": "300",
            "health_check": [
              {
                "enabled": true,
                "healthy_threshold": 5,
                "interval": 30,
                "matcher": "200",
                "path": "/",
                "port": "traffic-port",
                "protocol": "HTTP",
                "timeout": 5,
                "unhealthy_threshold": 2
              }
            ],
            "id": "arn:aws:elasticloadbalancing:us-east-1:263427518575:targetgroup/opalink-prod-kowlUI-targetg/25c25278c72b1950",
            "ip_address_type": "ipv4",
            "lambda_multi_value_headers_enabled": null,
            "load_balancer_arns": [
              "arn:aws:elasticloadbalancing:us-east-1:263427518575:loadbalancer/app/Opalink-prod-KowlUI-LB/7208a0e5704bc6f5"
            ],
            "load_balancing_algorithm_type": "round_robin",
            "load_balancing_anomaly_mitigation": "off",
            "load_balancing_cross_zone_enabled": "use_load_balancer_configuration",
            "name": "opalink-prod-kowlUI-targetg",
            "name_prefix": "",
            "port": 8080,
            "preserve_client_ip": null,
            "protocol": "HTTP",
            "protocol_version": "HTTP1",
            "proxy_protocol_v2": null,
            "region": "us-east-1",
            "slow_start": 0,
            "stickiness": [
              {
                "cookie_duration": 86400,
                "cookie_name": "",
                "enabled": false,
                "type": "lb_cookie"
              }
            ],
            "tags": {},
            "tags_all": {},
            "target_failover": [
              {
                "on_deregistration": null,
                "on_unhealthy": null
              }
            ],
            "target_group_health": [
              {
                "dns_failover": [
                  {
                    "minimum_healthy_targets_count": "1",
                    "minimum_healthy_targets_percentage": "off"
                  }
                ],
                "unhealthy_state_routing": [
                  {
                    "minimum_healthy_targets_count": 1,
                    "minimum_healthy_targets_percentage": "off"
                  }
                ]
              }
            ],
            "target_health_state": [
              {
                "enable_unhealthy_connection_termination": null,
                "unhealthy_draining_interval": null
              }
            ],
            "target_type": "ip",
            "vpc_id": "vpc-061e967e475b80600"
          },
          "sensitive_attributes": [],
          "identity_schema_version": 0,
          "identity": {
            "arn": "arn:aws:elasticloadbalancing:us-east-1:263427518575:targetgroup/opalink-prod-kowlUI-targetg/25c25278c72b1950"
          },
          "private": "eyJzY2hlbWFfdmVyc2lvbiI6IjAifQ=="
        }
      ]
    },
    {
      "module": "module.load_balancer",
      "mode": "managed",
      "type": "aws_lb_target_group",
      "name": "mobile_service",
      "provider": "provider[\"registry.terraform.io/hashicorp/aws\"]",
      "instances": [
        {
          "schema_version": 0,
          "attributes": {
            "arn": "arn:aws:elasticloadbalancing:us-east-1:263427518575:targetgroup/opalink-prod-mobile-service/6c55d470963e770e",
            "arn_suffix": "targetgroup/opalink-prod-mobile-service/6c55d470963e770e",
            "connection_termination": null,
            "deregistration_delay": "300",
            "health_check": [
              {
                "enabled": true,
                "healthy_threshold": 5,
                "interval": 30,
                "matcher": "200",
                "path": "/",
                "port": "6001",
                "protocol": "HTTP",
                "timeout": 5,
                "unhealthy_threshold": 2
              }
            ],
            "id": "arn:aws:elasticloadbalancing:us-east-1:263427518575:targetgroup/opalink-prod-mobile-service/6c55d470963e770e",
            "ip_address_type": "ipv4",
            "lambda_multi_value_headers_enabled": null,
            "load_balancer_arns": [
              "arn:aws:elasticloadbalancing:us-east-1:263427518575:loadbalancer/app/opalink-prod-load-balancer/0a0bef0ef1ca1d3f"
            ],
            "load_balancing_algorithm_type": "round_robin",
            "load_balancing_anomaly_mitigation": "off",
            "load_balancing_cross_zone_enabled": "use_load_balancer_configuration",
            "name": "opalink-prod-mobile-service",
            "name_prefix": "",
            "port": 6001,
            "preserve_client_ip": null,
            "protocol": "HTTP",
            "protocol_version": "HTTP1",
            "proxy_protocol_v2": null,
            "region": "us-east-1",
            "slow_start": 0,
            "stickiness": [
              {
                "cookie_duration": 86400,
                "cookie_name": "",
                "enabled": false,
                "type": "lb_cookie"
              }
            ],
            "tags": {},
            "tags_all": {},
            "target_failover": [
              {
                "on_deregistration": null,
                "on_unhealthy": null
              }
            ],
            "target_group_health": [
              {
                "dns_failover": [
                  {
                    "minimum_healthy_targets_count": "1",
                    "minimum_healthy_targets_percentage": "off"
                  }
                ],
                "unhealthy_state_routing": [
                  {
                    "minimum_healthy_targets_count": 1,
                    "minimum_healthy_targets_percentage": "off"
                  }
                ]
              }
            ],
            "target_health_state": [
              {
                "enable_unhealthy_connection_termination": null,
                "unhealthy_draining_interval": null
              }
            ],
            "target_type": "ip",
            "vpc_id": "vpc-061e967e475b80600"
          },
          "sensitive_attributes": [],
          "identity_schema_version": 0,
          "identity": {
            "arn": "arn:aws:elasticloadbalancing:us-east-1:263427518575:targetgroup/opalink-prod-mobile-service/6c55d470963e770e"
          },
          "private": "eyJzY2hlbWFfdmVyc2lvbiI6IjAifQ==",
          "dependencies": [
            "module.vpc.aws_vpc.vpc"
          ]
        }
      ]
    },
    {
      "module": "module.load_balancer",
      "mode": "managed",
      "type": "aws_lb_target_group",
      "name": "nginx_service",
      "provider": "provider[\"registry.terraform.io/hashicorp/aws\"]",
      "instances": [
        {
          "schema_version": 0,
          "attributes": {
            "arn": "arn:aws:elasticloadbalancing:us-east-1:263427518575:targetgroup/opalink-prod-nginx-service/15c6c4a095eb080d",
            "arn_suffix": "targetgroup/opalink-prod-nginx-service/15c6c4a095eb080d",
            "connection_termination": null,
            "deregistration_delay": "300",
            "health_check": [
              {
                "enabled": true,
                "healthy_threshold": 5,
                "interval": 30,
                "matcher": "200",
                "path": "/healthcheck",
                "port": "traffic-port",
                "protocol": "HTTP",
                "timeout": 5,
                "unhealthy_threshold": 2
              }
            ],
            "id": "arn:aws:elasticloadbalancing:us-east-1:263427518575:targetgroup/opalink-prod-nginx-service/15c6c4a095eb080d",
            "ip_address_type": "ipv4",
            "lambda_multi_value_headers_enabled": null,
            "load_balancer_arns": [
              "arn:aws:elasticloadbalancing:us-east-1:263427518575:loadbalancer/app/opalink-prod-load-balancer/0a0bef0ef1ca1d3f"
            ],
            "load_balancing_algorithm_type": "round_robin",
            "load_balancing_anomaly_mitigation": "off",
            "load_balancing_cross_zone_enabled": "use_load_balancer_configuration",
            "name": "opalink-prod-nginx-service",
            "name_prefix": "",
            "port": 80,
            "preserve_client_ip": null,
            "protocol": "HTTP",
            "protocol_version": "HTTP1",
            "proxy_protocol_v2": null,
            "region": "us-east-1",
            "slow_start": 0,
            "stickiness": [
              {
                "cookie_duration": 86400,
                "cookie_name": "",
                "enabled": false,
                "type": "lb_cookie"
              }
            ],
            "tags": {},
            "tags_all": {},
            "target_failover": [
              {
                "on_deregistration": null,
                "on_unhealthy": null
              }
            ],
            "target_group_health": [
              {
                "dns_failover": [
                  {
                    "minimum_healthy_targets_count": "1",
                    "minimum_healthy_targets_percentage": "off"
                  }
                ],
                "unhealthy_state_routing": [
                  {
                    "minimum_healthy_targets_count": 1,
                    "minimum_healthy_targets_percentage": "off"
                  }
                ]
              }
            ],
            "target_health_state": [
              {
                "enable_unhealthy_connection_termination": null,
                "unhealthy_draining_interval": null
              }
            ],
            "target_type": "ip",
            "vpc_id": "vpc-061e967e475b80600"
          },
          "sensitive_attributes": [],
          "identity_schema_version": 0,
          "identity": {
            "arn": "arn:aws:elasticloadbalancing:us-east-1:263427518575:targetgroup/opalink-prod-nginx-service/15c6c4a095eb080d"
          },
          "private": "eyJzY2hlbWFfdmVyc2lvbiI6IjAifQ==",
          "dependencies": [
            "module.vpc.aws_vpc.vpc"
          ]
        }
      ]
    },
    {
      "module": "module.load_balancer",
      "mode": "managed",
      "type": "aws_lb_target_group",
      "name": "notification",
      "provider": "provider[\"registry.terraform.io/hashicorp/aws\"]",
      "instances": [
        {
          "schema_version": 0,
          "attributes": {
            "arn": "arn:aws:elasticloadbalancing:us-east-1:263427518575:targetgroup/opalink-prod-notification/45df65e60cdf10cc",
            "arn_suffix": "targetgroup/opalink-prod-notification/45df65e60cdf10cc",
            "connection_termination": null,
            "deregistration_delay": "300",
            "health_check": [
              {
                "enabled": true,
                "healthy_threshold": 5,
                "interval": 30,
                "matcher": "200",
                "path": "/",
                "port": "3003",
                "protocol": "HTTP",
                "timeout": 5,
                "unhealthy_threshold": 2
              }
            ],
            "id": "arn:aws:elasticloadbalancing:us-east-1:263427518575:targetgroup/opalink-prod-notification/45df65e60cdf10cc",
            "ip_address_type": "ipv4",
            "lambda_multi_value_headers_enabled": null,
            "load_balancer_arns": [
              "arn:aws:elasticloadbalancing:us-east-1:263427518575:loadbalancer/app/opalink-prod-load-balancer/0a0bef0ef1ca1d3f"
            ],
            "load_balancing_algorithm_type": "round_robin",
            "load_balancing_anomaly_mitigation": "off",
            "load_balancing_cross_zone_enabled": "use_load_balancer_configuration",
            "name": "opalink-prod-notification",
            "name_prefix": "",
            "port": 3003,
            "preserve_client_ip": null,
            "protocol": "HTTP",
            "protocol_version": "HTTP1",
            "proxy_protocol_v2": null,
            "region": "us-east-1",
            "slow_start": 0,
            "stickiness": [
              {
                "cookie_duration": 86400,
                "cookie_name": "",
                "enabled": false,
                "type": "lb_cookie"
              }
            ],
            "tags": {},
            "tags_all": {},
            "target_failover": [
              {
                "on_deregistration": null,
                "on_unhealthy": null
              }
            ],
            "target_group_health": [
              {
                "dns_failover": [
                  {
                    "minimum_healthy_targets_count": "1",
                    "minimum_healthy_targets_percentage": "off"
                  }
                ],
                "unhealthy_state_routing": [
                  {
                    "minimum_healthy_targets_count": 1,
                    "minimum_healthy_targets_percentage": "off"
                  }
                ]
              }
            ],
            "target_health_state": [
              {
                "enable_unhealthy_connection_termination": null,
                "unhealthy_draining_interval": null
              }
            ],
            "target_type": "ip",
            "vpc_id": "vpc-061e967e475b80600"
          },
          "sensitive_attributes": [],
          "identity_schema_version": 0,
          "identity": {
            "arn": "arn:aws:elasticloadbalancing:us-east-1:263427518575:targetgroup/opalink-prod-notification/45df65e60cdf10cc"
          },
          "private": "eyJzY2hlbWFfdmVyc2lvbiI6IjAifQ==",
          "dependencies": [
            "module.vpc.aws_vpc.vpc"
          ]
        }
      ]
    },
    {
      "module": "module.load_balancer",
      "mode": "managed",
      "type": "aws_lb_target_group",
      "name": "restaurant_service",
      "provider": "provider[\"registry.terraform.io/hashicorp/aws\"]",
      "instances": [
        {
          "schema_version": 0,
          "attributes": {
            "arn": "arn:aws:elasticloadbalancing:us-east-1:263427518575:targetgroup/opalink-prod-restaurant-service/e0a96c40de2c048f",
            "arn_suffix": "targetgroup/opalink-prod-restaurant-service/e0a96c40de2c048f",
            "connection_termination": null,
            "deregistration_delay": "300",
            "health_check": [
              {
                "enabled": true,
                "healthy_threshold": 5,
                "interval": 30,
                "matcher": "200",
                "path": "/",
                "port": "3004",
                "protocol": "HTTP",
                "timeout": 5,
                "unhealthy_threshold": 2
              }
            ],
            "id": "arn:aws:elasticloadbalancing:us-east-1:263427518575:targetgroup/opalink-prod-restaurant-service/e0a96c40de2c048f",
            "ip_address_type": "ipv4",
            "lambda_multi_value_headers_enabled": null,
            "load_balancer_arns": [
              "arn:aws:elasticloadbalancing:us-east-1:263427518575:loadbalancer/app/opalink-prod-load-balancer/0a0bef0ef1ca1d3f"
            ],
            "load_balancing_algorithm_type": "round_robin",
            "load_balancing_anomaly_mitigation": "off",
            "load_balancing_cross_zone_enabled": "use_load_balancer_configuration",
            "name": "opalink-prod-restaurant-service",
            "name_prefix": "",
            "port": 3004,
            "preserve_client_ip": null,
            "protocol": "HTTP",
            "protocol_version": "HTTP1",
            "proxy_protocol_v2": null,
            "region": "us-east-1",
            "slow_start": 0,
            "stickiness": [
              {
                "cookie_duration": 86400,
                "cookie_name": "",
                "enabled": false,
                "type": "lb_cookie"
              }
            ],
            "tags": {},
            "tags_all": {},
            "target_failover": [
              {
                "on_deregistration": null,
                "on_unhealthy": null
              }
            ],
            "target_group_health": [
              {
                "dns_failover": [
                  {
                    "minimum_healthy_targets_count": "1",
                    "minimum_healthy_targets_percentage": "off"
                  }
                ],
                "unhealthy_state_routing": [
                  {
                    "minimum_healthy_targets_count": 1,
                    "minimum_healthy_targets_percentage": "off"
                  }
                ]
              }
            ],
            "target_health_state": [
              {
                "enable_unhealthy_connection_termination": null,
                "unhealthy_draining_interval": null
              }
            ],
            "target_type": "ip",
            "vpc_id": "vpc-061e967e475b80600"
          },
          "sensitive_attributes": [],
          "identity_schema_version": 0,
          "identity": {
            "arn": "arn:aws:elasticloadbalancing:us-east-1:263427518575:targetgroup/opalink-prod-restaurant-service/e0a96c40de2c048f"
          },
          "private": "eyJzY2hlbWFfdmVyc2lvbiI6IjAifQ==",
          "dependencies": [
            "module.vpc.aws_vpc.vpc"
          ]
        }
      ]
    },
    {
      "module": "module.load_balancer",
      "mode": "managed",
      "type": "aws_lb_target_group",
      "name": "restaurant_web",
      "provider": "provider[\"registry.terraform.io/hashicorp/aws\"]",
      "instances": [
        {
          "schema_version": 0,
          "attributes": {
            "arn": "arn:aws:elasticloadbalancing:us-east-1:263427518575:targetgroup/opalink-prod-restaurant-web/ef7c81a95de6ab6f",
            "arn_suffix": "targetgroup/opalink-prod-restaurant-web/ef7c81a95de6ab6f",
            "connection_termination": null,
            "deregistration_delay": "300",
            "health_check": [
              {
                "enabled": true,
                "healthy_threshold": 5,
                "interval": 30,
                "matcher": "200",
                "path": "/",
                "port": "6002",
                "protocol": "HTTP",
                "timeout": 5,
                "unhealthy_threshold": 2
              }
            ],
            "id": "arn:aws:elasticloadbalancing:us-east-1:263427518575:targetgroup/opalink-prod-restaurant-web/ef7c81a95de6ab6f",
            "ip_address_type": "ipv4",
            "lambda_multi_value_headers_enabled": null,
            "load_balancer_arns": [
              "arn:aws:elasticloadbalancing:us-east-1:263427518575:loadbalancer/app/opalink-prod-load-balancer/0a0bef0ef1ca1d3f"
            ],
            "load_balancing_algorithm_type": "round_robin",
            "load_balancing_anomaly_mitigation": "off",
            "load_balancing_cross_zone_enabled": "use_load_balancer_configuration",
            "name": "opalink-prod-restaurant-web",
            "name_prefix": "",
            "port": 6002,
            "preserve_client_ip": null,
            "protocol": "HTTP",
            "protocol_version": "HTTP1",
            "proxy_protocol_v2": null,
            "region": "us-east-1",
            "slow_start": 0,
            "stickiness": [
              {
                "cookie_duration": 86400,
                "cookie_name": "",
                "enabled": false,
                "type": "lb_cookie"
              }
            ],
            "tags": {},
            "tags_all": {},
            "target_failover": [
              {
                "on_deregistration": null,
                "on_unhealthy": null
              }
            ],
            "target_group_health": [
              {
                "dns_failover": [
                  {
                    "minimum_healthy_targets_count": "1",
                    "minimum_healthy_targets_percentage": "off"
                  }
                ],
                "unhealthy_state_routing": [
                  {
                    "minimum_healthy_targets_count": 1,
                    "minimum_healthy_targets_percentage": "off"
                  }
                ]
              }
            ],
            "target_health_state": [
              {
                "enable_unhealthy_connection_termination": null,
                "unhealthy_draining_interval": null
              }
            ],
            "target_type": "ip",
            "vpc_id": "vpc-061e967e475b80600"
          },
          "sensitive_attributes": [],
          "identity_schema_version": 0,
          "identity": {
            "arn": "arn:aws:elasticloadbalancing:us-east-1:263427518575:targetgroup/opalink-prod-restaurant-web/ef7c81a95de6ab6f"
          },
          "private": "eyJzY2hlbWFfdmVyc2lvbiI6IjAifQ==",
          "dependencies": [
            "module.vpc.aws_vpc.vpc"
          ]
        }
      ]
    },
    {
      "module": "module.load_balancer",
      "mode": "managed",
      "type": "aws_lb_target_group",
      "name": "super_admin",
      "provider": "provider[\"registry.terraform.io/hashicorp/aws\"]",
      "instances": [
        {
          "schema_version": 0,
          "attributes": {
            "arn": "arn:aws:elasticloadbalancing:us-east-1:263427518575:targetgroup/opalink-prod-super-admin/7538e908f0435acc",
            "arn_suffix": "targetgroup/opalink-prod-super-admin/7538e908f0435acc",
            "connection_termination": null,
            "deregistration_delay": "300",
            "health_check": [
              {
                "enabled": true,
                "healthy_threshold": 5,
                "interval": 30,
                "matcher": "200",
                "path": "/",
                "port": "6003",
                "protocol": "HTTP",
                "timeout": 5,
                "unhealthy_threshold": 2
              }
            ],
            "id": "arn:aws:elasticloadbalancing:us-east-1:263427518575:targetgroup/opalink-prod-super-admin/7538e908f0435acc",
            "ip_address_type": "ipv4",
            "lambda_multi_value_headers_enabled": null,
            "load_balancer_arns": [
              "arn:aws:elasticloadbalancing:us-east-1:263427518575:loadbalancer/app/opalink-prod-load-balancer/0a0bef0ef1ca1d3f"
            ],
            "load_balancing_algorithm_type": "round_robin",
            "load_balancing_anomaly_mitigation": "off",
            "load_balancing_cross_zone_enabled": "use_load_balancer_configuration",
            "name": "opalink-prod-super-admin",
            "name_prefix": "",
            "port": 6003,
            "preserve_client_ip": null,
            "protocol": "HTTP",
            "protocol_version": "HTTP1",
            "proxy_protocol_v2": null,
            "region": "us-east-1",
            "slow_start": 0,
            "stickiness": [
              {
                "cookie_duration": 86400,
                "cookie_name": "",
                "enabled": false,
                "type": "lb_cookie"
              }
            ],
            "tags": {},
            "tags_all": {},
            "target_failover": [
              {
                "on_deregistration": null,
                "on_unhealthy": null
              }
            ],
            "target_group_health": [
              {
                "dns_failover": [
                  {
                    "minimum_healthy_targets_count": "1",
                    "minimum_healthy_targets_percentage": "off"
                  }
                ],
                "unhealthy_state_routing": [
                  {
                    "minimum_healthy_targets_count": 1,
                    "minimum_healthy_targets_percentage": "off"
                  }
                ]
              }
            ],
            "target_health_state": [
              {
                "enable_unhealthy_connection_termination": null,
                "unhealthy_draining_interval": null
              }
            ],
            "target_type": "ip",
            "vpc_id": "vpc-061e967e475b80600"
          },
          "sensitive_attributes": [],
          "identity_schema_version": 0,
          "identity": {
            "arn": "arn:aws:elasticloadbalancing:us-east-1:263427518575:targetgroup/opalink-prod-super-admin/7538e908f0435acc"
          },
          "private": "eyJzY2hlbWFfdmVyc2lvbiI6IjAifQ==",
          "dependencies": [
            "module.vpc.aws_vpc.vpc"
          ]
        }
      ]
    },
    {
      "module": "module.load_balancer",
      "mode": "managed",
      "type": "aws_lb_target_group",
      "name": "user_service",
      "provider": "provider[\"registry.terraform.io/hashicorp/aws\"]",
      "instances": [
        {
          "schema_version": 0,
          "attributes": {
            "arn": "arn:aws:elasticloadbalancing:us-east-1:263427518575:targetgroup/opalink-prod-user-service/e60266f4e528a2dc",
            "arn_suffix": "targetgroup/opalink-prod-user-service/e60266f4e528a2dc",
            "connection_termination": null,
            "deregistration_delay": "300",
            "health_check": [
              {
                "enabled": true,
                "healthy_threshold": 5,
                "interval": 30,
                "matcher": "200",
                "path": "/",
                "port": "3005",
                "protocol": "HTTP",
                "timeout": 5,
                "unhealthy_threshold": 2
              }
            ],
            "id": "arn:aws:elasticloadbalancing:us-east-1:263427518575:targetgroup/opalink-prod-user-service/e60266f4e528a2dc",
            "ip_address_type": "ipv4",
            "lambda_multi_value_headers_enabled": null,
            "load_balancer_arns": [
              "arn:aws:elasticloadbalancing:us-east-1:263427518575:loadbalancer/app/opalink-prod-load-balancer/0a0bef0ef1ca1d3f"
            ],
            "load_balancing_algorithm_type": "round_robin",
            "load_balancing_anomaly_mitigation": "off",
            "load_balancing_cross_zone_enabled": "use_load_balancer_configuration",
            "name": "opalink-prod-user-service",
            "name_prefix": "",
            "port": 3005,
            "preserve_client_ip": null,
            "protocol": "HTTP",
            "protocol_version": "HTTP1",
            "proxy_protocol_v2": null,
            "region": "us-east-1",
            "slow_start": 0,
            "stickiness": [
              {
                "cookie_duration": 86400,
                "cookie_name": "",
                "enabled": false,
                "type": "lb_cookie"
              }
            ],
            "tags": {},
            "tags_all": {},
            "target_failover": [
              {
                "on_deregistration": null,
                "on_unhealthy": null
              }
            ],
            "target_group_health": [
              {
                "dns_failover": [
                  {
                    "minimum_healthy_targets_count": "1",
                    "minimum_healthy_targets_percentage": "off"
                  }
                ],
                "unhealthy_state_routing": [
                  {
                    "minimum_healthy_targets_count": 1,
                    "minimum_healthy_targets_percentage": "off"
                  }
                ]
              }
            ],
            "target_health_state": [
              {
                "enable_unhealthy_connection_termination": null,
                "unhealthy_draining_interval": null
              }
            ],
            "target_type": "ip",
            "vpc_id": "vpc-061e967e475b80600"
          },
          "sensitive_attributes": [],
          "identity_schema_version": 0,
          "identity": {
            "arn": "arn:aws:elasticloadbalancing:us-east-1:263427518575:targetgroup/opalink-prod-user-service/e60266f4e528a2dc"
          },
          "private": "eyJzY2hlbWFfdmVyc2lvbiI6IjAifQ==",
          "dependencies": [
            "module.vpc.aws_vpc.vpc"
          ]
        }
      ]
    },
    {
      "module": "module.load_balancer",
      "mode": "managed",
      "type": "aws_security_group",
      "name": "kowl_lb_sg",
      "provider": "provider[\"registry.terraform.io/hashicorp/aws\"]",
      "instances": [
        {
          "schema_version": 1,
          "attributes": {
            "arn": "arn:aws:ec2:us-east-1:263427518575:security-group/sg-0338eeb05a954580e",
            "description": "kowl-alb-sg",
            "egress": [
              {
                "cidr_blocks": [
                  "0.0.0.0/0"
                ],
                "description": "",
                "from_port": 0,
                "ipv6_cidr_blocks": [],
                "prefix_list_ids": [],
                "protocol": "-1",
                "security_groups": [],
                "self": false,
                "to_port": 0
              }
            ],
            "id": "sg-0338eeb05a954580e",
            "ingress": [
              {
                "cidr_blocks": [
                  "0.0.0.0/0"
                ],
                "description": "",
                "from_port": 443,
                "ipv6_cidr_blocks": [],
                "prefix_list_ids": [],
                "protocol": "tcp",
                "security_groups": [],
                "self": false,
                "to_port": 443
              },
              {
                "cidr_blocks": [
                  "0.0.0.0/0"
                ],
                "description": "",
                "from_port": 80,
                "ipv6_cidr_blocks": [],
                "prefix_list_ids": [],
                "protocol": "tcp",
                "security_groups": [],
                "self": false,
                "to_port": 80
              }
            ],
            "name": "kowl-alb-sg",
            "name_prefix": "",
            "owner_id": "263427518575",
            "region": "us-east-1",
            "revoke_rules_on_delete": null,
            "tags": {},
            "tags_all": {},
            "timeouts": null,
            "vpc_id": "vpc-061e967e475b80600"
          },
          "sensitive_attributes": [],
          "identity_schema_version": 0,
          "identity": {
            "account_id": "263427518575",
            "id": "sg-0338eeb05a954580e",
            "region": "us-east-1"
          },
          "private": "eyJlMmJmYjczMC1lY2FhLTExZTYtOGY4OC0zNDM2M2JjN2M0YzAiOnsiY3JlYXRlIjo2MDAwMDAwMDAwMDAsImRlbGV0ZSI6OTAwMDAwMDAwMDAwfSwic2NoZW1hX3ZlcnNpb24iOiIxIn0="
        }
      ]
    },
    {
      "module": "module.load_balancer",
      "mode": "managed",
      "type": "aws_security_group",
      "name": "lb_sg",
      "provider": "provider[\"registry.terraform.io/hashicorp/aws\"]",
      "instances": [
        {
          "schema_version": 1,
          "attributes": {
            "arn": "arn:aws:ec2:us-east-1:263427518575:security-group/sg-0e7d7aa70861f9951",
            "description": "prod-ecs-load-balancer-sg",
            "egress": [
              {
                "cidr_blocks": [
                  "0.0.0.0/0"
                ],
                "description": "",
                "from_port": 0,
                "ipv6_cidr_blocks": [],
                "prefix_list_ids": [],
                "protocol": "-1",
                "security_groups": [],
                "self": false,
                "to_port": 0
              }
            ],
            "id": "sg-0e7d7aa70861f9951",
            "ingress": [
              {
                "cidr_blocks": [
                  "0.0.0.0/0"
                ],
                "description": "",
                "from_port": 3000,
                "ipv6_cidr_blocks": [],
                "prefix_list_ids": [],
                "protocol": "tcp",
                "security_groups": [],
                "self": false,
                "to_port": 3000
              },
              {
                "cidr_blocks": [
                  "0.0.0.0/0"
                ],
                "description": "",
                "from_port": 3001,
                "ipv6_cidr_blocks": [],
                "prefix_list_ids": [],
                "protocol": "tcp",
                "security_groups": [],
                "self": false,
                "to_port": 3001
              },
              {
                "cidr_blocks": [
                  "0.0.0.0/0"
                ],
                "description": "",
                "from_port": 3002,
                "ipv6_cidr_blocks": [],
                "prefix_list_ids": [],
                "protocol": "tcp",
                "security_groups": [],
                "self": false,
                "to_port": 3002
              },
              {
                "cidr_blocks": [
                  "0.0.0.0/0"
                ],
                "description": "",
                "from_port": 3003,
                "ipv6_cidr_blocks": [],
                "prefix_list_ids": [],
                "protocol": "tcp",
                "security_groups": [],
                "self": false,
                "to_port": 3003
              },
              {
                "cidr_blocks": [
                  "0.0.0.0/0"
                ],
                "description": "",
                "from_port": 3004,
                "ipv6_cidr_blocks": [],
                "prefix_list_ids": [],
                "protocol": "tcp",
                "security_groups": [],
                "self": false,
                "to_port": 3004
              },
              {
                "cidr_blocks": [
                  "0.0.0.0/0"
                ],
                "description": "",
                "from_port": 3005,
                "ipv6_cidr_blocks": [],
                "prefix_list_ids": [],
                "protocol": "tcp",
                "security_groups": [],
                "self": false,
                "to_port": 3005
              },
              {
                "cidr_blocks": [
                  "0.0.0.0/0"
                ],
                "description": "",
                "from_port": 3006,
                "ipv6_cidr_blocks": [],
                "prefix_list_ids": [],
                "protocol": "tcp",
                "security_groups": [],
                "self": false,
                "to_port": 3006
              },
              {
                "cidr_blocks": [
                  "0.0.0.0/0"
                ],
                "description": "",
                "from_port": 443,
                "ipv6_cidr_blocks": [],
                "prefix_list_ids": [],
                "protocol": "tcp",
                "security_groups": [],
                "self": false,
                "to_port": 443
              },
              {
                "cidr_blocks": [
                  "0.0.0.0/0"
                ],
                "description": "",
                "from_port": 6001,
                "ipv6_cidr_blocks": [],
                "prefix_list_ids": [],
                "protocol": "tcp",
                "security_groups": [],
                "self": false,
                "to_port": 6001
              },
              {
                "cidr_blocks": [
                  "0.0.0.0/0"
                ],
                "description": "",
                "from_port": 6002,
                "ipv6_cidr_blocks": [],
                "prefix_list_ids": [],
                "protocol": "tcp",
                "security_groups": [],
                "self": false,
                "to_port": 6002
              },
              {
                "cidr_blocks": [
                  "0.0.0.0/0"
                ],
                "description": "",
                "from_port": 6003,
                "ipv6_cidr_blocks": [],
                "prefix_list_ids": [],
                "protocol": "tcp",
                "security_groups": [],
                "self": false,
                "to_port": 6003
              },
              {
                "cidr_blocks": [
                  "0.0.0.0/0"
                ],
                "description": "",
                "from_port": 80,
                "ipv6_cidr_blocks": [],
                "prefix_list_ids": [],
                "protocol": "tcp",
                "security_groups": [],
                "self": false,
                "to_port": 80
              }
            ],
            "name": "prod-ecs-load-balancer-sg",
            "name_prefix": "",
            "owner_id": "263427518575",
            "region": "us-east-1",
            "revoke_rules_on_delete": null,
            "tags": {
              "Name": "prod-ecs-load-balancer-sg"
            },
            "tags_all": {
              "Name": "prod-ecs-load-balancer-sg"
            },
            "timeouts": null,
            "vpc_id": "vpc-061e967e475b80600"
          },
          "sensitive_attributes": [],
          "identity_schema_version": 0,
          "identity": {
            "account_id": "263427518575",
            "id": "sg-0e7d7aa70861f9951",
            "region": "us-east-1"
          },
          "private": "eyJlMmJmYjczMC1lY2FhLTExZTYtOGY4OC0zNDM2M2JjN2M0YzAiOnsiY3JlYXRlIjo2MDAwMDAwMDAwMDAsImRlbGV0ZSI6OTAwMDAwMDAwMDAwfSwic2NoZW1hX3ZlcnNpb24iOiIxIn0=",
          "dependencies": [
            "module.vpc.aws_vpc.vpc"
          ]
        }
      ]
    },
    {
      "module": "module.pipeline",
      "mode": "managed",
      "type": "aws_codebuild_project",
      "name": "accounting",
      "provider": "provider[\"registry.terraform.io/hashicorp/aws\"]",
      "instances": [
        {
          "schema_version": 0,
          "attributes": {
            "arn": "arn:aws:codebuild:us-east-1:263427518575:project/opalink-prod-accounting-build",
            "artifacts": [
              {
                "artifact_identifier": "",
                "bucket_owner_access": "",
                "encryption_disabled": false,
                "location": "",
                "name": "opalink-prod-accounting-build",
                "namespace_type": "",
                "override_artifact_name": false,
                "packaging": "NONE",
                "path": "",
                "type": "CODEPIPELINE"
              }
            ],
            "auto_retry_limit": 0,
            "badge_enabled": false,
            "badge_url": "",
            "build_batch_config": [],
            "build_timeout": 60,
            "cache": [
              {
                "location": "",
                "modes": [],
                "type": "NO_CACHE"
              }
            ],
            "concurrent_build_limit": 0,
            "description": "",
            "encryption_key": "arn:aws:kms:us-east-1:263427518575:alias/aws/s3",
            "environment": [
              {
                "certificate": "",
                "compute_type": "BUILD_GENERAL1_SMALL",
                "docker_server": [],
                "environment_variable": [
                  {
                    "name": "AWS_ACCESS_KEY_ID",
                    "type": "SECRETS_MANAGER",
                    "value": "arn:aws:secretsmanager:us-east-1:263427518575:secret:opalink/prod/accounting-ApgplJ:AWS_ACCESS_KEY_ID"
                  },
                  {
                    "name": "AWS_SECRET_ACCESS_KEY",
                    "type": "SECRETS_MANAGER",
                    "value": "arn:aws:secretsmanager:us-east-1:263427518575:secret:opalink/prod/accounting-ApgplJ:AWS_SECRET_ACCESS_KEY"
                  },
                  {
                    "name": "AWS_DEFAULT_REGION",
                    "type": "PLAINTEXT",
                    "value": "us-east-1"
                  }
                ],
                "fleet": [],
                "image": "aws/codebuild/standard:7.0",
                "image_pull_credentials_type": "CODEBUILD",
                "privileged_mode": false,
                "registry_credential": [],
                "type": "LINUX_CONTAINER"
              }
            ],
            "file_system_locations": [],
            "id": "arn:aws:codebuild:us-east-1:263427518575:project/opalink-prod-accounting-build",
            "logs_config": [
              {
                "cloudwatch_logs": [
                  {
                    "group_name": "",
                    "status": "ENABLED",
                    "stream_name": ""
                  }
                ],
                "s3_logs": [
                  {
                    "bucket_owner_access": "",
                    "encryption_disabled": false,
                    "location": "",
                    "status": "DISABLED"
                  }
                ]
              }
            ],
            "name": "opalink-prod-accounting-build",
            "project_visibility": "PRIVATE",
            "public_project_alias": "",
            "queued_timeout": 480,
            "region": "us-east-1",
            "resource_access_role": "",
            "secondary_artifacts": [],
            "secondary_source_version": [],
            "secondary_sources": [],
            "service_role": "arn:aws:iam::263427518575:role/service-role/codebuild-opalink-prod-accounting-build-service-role",
            "source": [
              {
                "auth": [],
                "build_status_config": [],
                "buildspec": "version: 0.2\r\n\r\nphases:\r\n  pre_build:\r\n    commands:\r\n      - echo Logging in to Amazon ECR...\r\n      - aws ecr get-login-password --region us-east-1 | docker login --username AWS --password-stdin 263427518575.dkr.ecr.us-east-1.amazonaws.com\r\n\r\n  build:\r\n    commands:\r\n      - echo Build started on date\r\n      - echo Building the Docker image...\r\n      - docker build --build-arg AWS_ACCESS_KEY_ID=$AWS_ACCESS_KEY_ID --build-arg AWS_SECRET_ACCESS_KEY=$AWS_SECRET_ACCESS_KEY --build-arg AWS_DEFAULT_REGION=us-east-1 -t accounting-prod .\r\n      - docker tag accounting-prod:latest 263427518575.dkr.ecr.us-east-1.amazonaws.com/accounting-prod:latest\r\n\r\n  post_build:\r\n    commands:\r\n      - echo Build completed on date\r\n      - echo Pushing the Docker image...\r\n      - docker push 263427518575.dkr.ecr.us-east-1.amazonaws.com/accounting-prod:latest\r\n      - echo Writing imagedefinitions.json file...\r\n      - printf '[{\"name\":\"accounting\",\"imageUri\":\"263427518575.dkr.ecr.us-east-1.amazonaws.com/accounting-prod:latest\"}]' \u003e imagedefinitions.json\r\n\r\nartifacts:\r\n  files:\r\n    - imagedefinitions.json",
                "git_clone_depth": 0,
                "git_submodules_config": [],
                "insecure_ssl": false,
                "location": "",
                "report_build_status": false,
                "type": "CODEPIPELINE"
              }
            ],
            "source_version": "",
            "tags": {},
            "tags_all": {},
            "vpc_config": []
          },
          "sensitive_attributes": [],
          "identity_schema_version": 0,
          "identity": {
            "arn": "arn:aws:codebuild:us-east-1:263427518575:project/opalink-prod-accounting-build"
          },
          "private": "eyJzY2hlbWFfdmVyc2lvbiI6IjAifQ=="
        }
      ]
    },
    {
      "module": "module.pipeline",
      "mode": "managed",
      "type": "aws_codepipeline",
      "name": "accounting_codepipeline",
      "provider": "provider[\"registry.terraform.io/hashicorp/aws\"]",
      "instances": [
        {
          "schema_version": 0,
          "attributes": {
            "arn": "arn:aws:codepipeline:us-east-1:263427518575:opalink-accounting-prod-pipeline",
            "artifact_store": [
              {
                "encryption_key": [],
                "location": "codepipeline-us-east-1-70012dd85603-407e-918b-b915aa801171",
                "region": "",
                "type": "S3"
              }
            ],
            "execution_mode": "QUEUED",
            "id": "opalink-accounting-prod-pipeline",
            "name": "opalink-accounting-prod-pipeline",
            "pipeline_type": "V2",
            "region": "us-east-1",
            "role_arn": "arn:aws:iam::263427518575:role/service-role/AWSCodePipelineServiceRole-us-east-1-opalink-accounting-prod-pi",
            "stage": [
              {
                "action": [
                  {
                    "category": "Source",
                    "configuration": {
                      "BranchName": "feature/main",
                      "ConnectionArn": "arn:aws:codeconnections:us-east-1:263427518575:connection/57d4aa90-7e69-4249-b1ac-41a8cf6e6e42",
                      "DetectChanges": "true",
                      "FullRepositoryId": "opalink-app/accounting-service",
                      "OutputArtifactFormat": "CODE_ZIP"
                    },
                    "input_artifacts": [],
                    "name": "Source",
                    "namespace": "SourceVariables",
                    "output_artifacts": [
                      "SourceArtifact"
                    ],
                    "owner": "AWS",
                    "provider": "CodeStarSourceConnection",
                    "region": "us-east-1",
                    "role_arn": "",
                    "run_order": 1,
                    "timeout_in_minutes": 0,
                    "version": "1"
                  }
                ],
                "before_entry": [],
                "name": "Source",
                "on_failure": [
                  {
                    "condition": [],
                    "result": "RETRY",
                    "retry_configuration": [
                      {
                        "retry_mode": "ALL_ACTIONS"
                      }
                    ]
                  }
                ],
                "on_success": []
              },
              {
                "action": [
                  {
                    "category": "Build",
                    "configuration": {
                      "ProjectName": "opalink-prod-accounting-build"
                    },
                    "input_artifacts": [
                      "SourceArtifact"
                    ],
                    "name": "Build",
                    "namespace": "BuildVariables",
                    "output_artifacts": [
                      "BuildArtifact"
                    ],
                    "owner": "AWS",
                    "provider": "CodeBuild",
                    "region": "us-east-1",
                    "role_arn": "",
                    "run_order": 1,
                    "timeout_in_minutes": 0,
                    "version": "1"
                  }
                ],
                "before_entry": [],
                "name": "Build",
                "on_failure": [
                  {
                    "condition": [],
                    "result": "RETRY",
                    "retry_configuration": [
                      {
                        "retry_mode": "ALL_ACTIONS"
                      }
                    ]
                  }
                ],
                "on_success": []
              },
              {
                "action": [
                  {
                    "category": "Deploy",
                    "configuration": {
                      "ClusterName": "ProdCluster",
                      "ServiceName": "accounting-prod-service-8ia6ni4r"
                    },
                    "input_artifacts": [
                      "BuildArtifact"
                    ],
                    "name": "Deploy",
                    "namespace": "DeployVariables",
                    "output_artifacts": [],
                    "owner": "AWS",
                    "provider": "ECS",
                    "region": "us-east-1",
                    "role_arn": "",
                    "run_order": 1,
                    "timeout_in_minutes": 0,
                    "version": "1"
                  }
                ],
                "before_entry": [],
                "name": "Deploy",
                "on_failure": [
                  {
                    "condition": [],
                    "result": "ROLLBACK",
                    "retry_configuration": []
                  }
                ],
                "on_success": []
              }
            ],
            "tags": {},
            "tags_all": {},
            "trigger": [],
            "trigger_all": [
              {
                "git_configuration": [
                  {
                    "pull_request": [],
                    "push": [
                      {
                        "branches": [
                          {
                            "excludes": [],
                            "includes": [
                              "feature/main"
                            ]
                          }
                        ],
                        "file_paths": [],
                        "tags": []
                      }
                    ],
                    "source_action_name": "Source"
                  }
                ],
                "provider_type": "CodeStarSourceConnection"
              }
            ],
            "variable": []
          },
          "sensitive_attributes": [],
          "identity_schema_version": 0,
          "private": "eyJzY2hlbWFfdmVyc2lvbiI6IjAifQ=="
        }
      ]
    },
    {
      "module": "module.pipeline",
      "mode": "managed",
      "type": "aws_codestarconnections_connection",
      "name": "codestar_connection",
      "provider": "provider[\"registry.terraform.io/hashicorp/aws\"]",
      "instances": [
        {
          "schema_version": 0,
          "attributes": {
            "arn": "arn:aws:codeconnections:us-east-1:263427518575:connection/57d4aa90-7e69-4249-b1ac-41a8cf6e6e42",
            "connection_status": "AVAILABLE",
            "host_arn": "",
            "id": "arn:aws:codeconnections:us-east-1:263427518575:connection/57d4aa90-7e69-4249-b1ac-41a8cf6e6e42",
            "name": "github-opalink-prod-connection",
            "provider_type": "GitHub",
            "region": "us-east-1",
            "tags": {},
            "tags_all": {}
          },
          "sensitive_attributes": [],
          "identity_schema_version": 0,
          "identity": {
            "arn": "arn:aws:codeconnections:us-east-1:263427518575:connection/57d4aa90-7e69-4249-b1ac-41a8cf6e6e42"
          },
          "private": "eyJzY2hlbWFfdmVyc2lvbiI6IjAifQ=="
        }
      ]
    },
    {
      "module": "module.pipeline",
      "mode": "managed",
      "type": "aws_iam_policy",
      "name": "accounting_codebuild_pipeline_policy",
      "provider": "provider[\"registry.terraform.io/hashicorp/aws\"]",
      "instances": [
        {
          "schema_version": 0,
          "attributes": {
            "arn": "arn:aws:iam::263427518575:policy/service-role/CodePipeline-CodeBuild-us-east-1-opalink-accounting-prod-pipeline",
            "attachment_count": 1,
            "description": "Policy used in trust relationship with CodePipeline for CodeBuild Action",
            "id": "arn:aws:iam::263427518575:policy/service-role/CodePipeline-CodeBuild-us-east-1-opalink-accounting-prod-pipeline",
            "name": "CodePipeline-CodeBuild-us-east-1-opalink-accounting-prod-pipeline",
            "name_prefix": "",
            "path": "/service-role/",
            "policy": "{\"Statement\":[{\"Action\":[\"codebuild:BatchGetBuilds\",\"codebuild:StartBuild\",\"codebuild:BatchGetBuildBatches\",\"codebuild:StartBuildBatch\"],\"Effect\":\"Allow\",\"Resource\":[\"arn:aws:codebuild:*:263427518575:project/opalink-prod-accounting-build\"]}],\"Version\":\"2012-10-17\"}",
            "policy_id": "ANPAT2VMA6BXXLRUWAMZI",
            "tags": {},
            "tags_all": {}
          },
          "sensitive_attributes": [],
          "identity_schema_version": 0,
          "identity": {
            "arn": "arn:aws:iam::263427518575:policy/service-role/CodePipeline-CodeBuild-us-east-1-opalink-accounting-prod-pipeline"
          },
          "private": "eyJzY2hlbWFfdmVyc2lvbiI6IjAifQ=="
        }
      ]
    },
    {
      "module": "module.pipeline",
      "mode": "managed",
      "type": "aws_iam_policy",
      "name": "accounting_policy",
      "provider": "provider[\"registry.terraform.io/hashicorp/aws\"]",
      "instances": [
        {
          "schema_version": 0,
          "attributes": {
            "arn": "arn:aws:iam::263427518575:policy/service-role/CodeBuildBasePolicy-opalink-prod-accounting-build-us-east-1",
            "attachment_count": 1,
            "description": "Policy used in trust relationship with CodeBuild",
            "id": "arn:aws:iam::263427518575:policy/service-role/CodeBuildBasePolicy-opalink-prod-accounting-build-us-east-1",
            "name": "CodeBuildBasePolicy-opalink-prod-accounting-build-us-east-1",
            "name_prefix": "",
            "path": "/service-role/",
            "policy": "{\"Statement\":[{\"Action\":[\"logs:CreateLogGroup\",\"logs:CreateLogStream\",\"logs:PutLogEvents\"],\"Effect\":\"Allow\",\"Resource\":[\"arn:aws:logs:us-east-1:263427518575:log-group:/aws/codebuild/opalink-prod-accounting-build\",\"arn:aws:logs:us-east-1:263427518575:log-group:/aws/codebuild/opalink-prod-accounting-build:*\",\"arn:aws:logs:us-east-1:263427518575:log-group:/aws/codebuild/opalink-prod-resturant-build\",\"arn:aws:logs:us-east-1:263427518575:log-group:/aws/codebuild/opalink-prod-resturant-build:*\",\"arn:aws:logs:us-east-1:263427518575:log-group:/aws/codebuild/opalink-prod-super-admin-build\",\"arn:aws:logs:us-east-1:263427518575:log-group:/aws/codebuild/opalink-prod-super-admin-build:*\",\"arn:aws:logs:us-east-1:263427518575:log-group:/aws/codebuild/opalink-prod-notification-build\",\"arn:aws:logs:us-east-1:263427518575:log-group:/aws/codebuild/opalink-prod-notification-build:*\",\"arn:aws:logs:us-east-1:263427518575:log-group:/aws/codebuild/opalink-prod-auth-build\",\"arn:aws:logs:us-east-1:263427518575:log-group:/aws/codebuild/opalink-prod-auth-build:*\",\"arn:aws:logs:us-east-1:263427518575:log-group:/aws/codebuild/opalink-prod-gift-build\",\"arn:aws:logs:us-east-1:263427518575:log-group:/aws/codebuild/opalink-prod-gift-build:*\",\"arn:aws:logs:us-east-1:263427518575:log-group:/aws/codebuild/opalink-prod-user-build\",\"arn:aws:logs:us-east-1:263427518575:log-group:/aws/codebuild/opalink-prod-user-build:*\",\"arn:aws:logs:us-east-1:263427518575:log-group:/aws/codebuild/opalink-prod-customer-support-build\",\"arn:aws:logs:us-east-1:263427518575:log-group:/aws/codebuild/opalink-prod-customer-support-build:*\",\"arn:aws:logs:us-east-1:263427518575:log-group:/aws/codebuild/opalink-prod-mobile-build\",\"arn:aws:logs:us-east-1:263427518575:log-group:/aws/codebuild/opalink-prod-mobile-build:*\",\"arn:aws:logs:us-east-1:263427518575:log-group:/aws/codebuild/opalink-prod-resturant-web-app-build\",\"arn:aws:logs:us-east-1:263427518575:log-group:/aws/codebuild/opalink-prod-resturant-web-app-build:*\"]},{\"Action\":[\"s3:PutObject\",\"s3:GetObject\",\"s3:GetObjectVersion\",\"s3:GetBucketAcl\",\"s3:GetBucketLocation\"],\"Effect\":\"Allow\",\"Resource\":[\"arn:aws:s3:::codepipeline-us-east-1-*\",\"arn:aws:s3:::codepipeline-us-east-1-*/*\"]},{\"Action\":[\"codebuild:CreateReportGroup\",\"codebuild:CreateReport\",\"codebuild:UpdateReport\",\"codebuild:BatchPutTestCases\",\"codebuild:BatchPutCodeCoverages\"],\"Effect\":\"Allow\",\"Resource\":[\"arn:aws:codebuild:us-east-1:263427518575:report-group/opalink-prod-accounting-build-*\",\"arn:aws:codebuild:us-east-1:263427518575:report-group/opalink-prod-resturant-build-*\",\"arn:aws:codebuild:us-east-1:263427518575:report-group/opalink-prod-super-admin-build-*\",\"arn:aws:codebuild:us-east-1:263427518575:report-group/opalink-prod-notification-build-*\",\"arn:aws:codebuild:us-east-1:263427518575:report-group/opalink-prod-auth-build-*\",\"arn:aws:codebuild:us-east-1:263427518575:report-group/opalink-prod-gift-build-*\",\"arn:aws:codebuild:us-east-1:263427518575:report-group/opalink-prod-user-build-*\",\"arn:aws:codebuild:us-east-1:263427518575:report-group/opalink-prod-customer-support-build-*\",\"arn:aws:codebuild:us-east-1:263427518575:report-group/opalink-prod-mobile-build-*\",\"arn:aws:codebuild:us-east-1:263427518575:report-group/opalink-prod-resturant-web-app-build-*\"]},{\"Action\":[\"ecr:GetAuthorizationToken\"],\"Effect\":\"Allow\",\"Resource\":\"*\"},{\"Action\":[\"ecr:BatchCheckLayerAvailability\",\"ecr:GetDownloadUrlForLayer\",\"ecr:ListImages\",\"ecr:DescribeRepositories\",\"ecr:BatchGetImage\",\"ecr:PutImage\",\"ecr:InitiateLayerUpload\",\"ecr:UploadLayerPart\",\"ecr:CompleteLayerUpload\"],\"Effect\":\"Allow\",\"Resource\":[\"arn:aws:ecr:us-east-1:263427518575:repository/accounting-prod\",\"arn:aws:ecr:us-east-1:263427518575:repository/auth-prod\",\"arn:aws:ecr:us-east-1:263427518575:repository/customer-support-prod\",\"arn:aws:ecr:us-east-1:263427518575:repository/gift-prod\",\"arn:aws:ecr:us-east-1:263427518575:repository/mobile-prod\",\"arn:aws:ecr:us-east-1:263427518575:repository/notification-prod\",\"arn:aws:ecr:us-east-1:263427518575:repository/resturant-prod\",\"arn:aws:ecr:us-east-1:263427518575:repository/super-admin-prod\",\"arn:aws:ecr:us-east-1:263427518575:repository/user-prod\",\"arn:aws:ecr:us-east-1:263427518575:repository/restaurant-web-prod\"]}],\"Version\":\"2012-10-17\"}",
            "policy_id": "ANPAT2VMA6BXRIFSZUMWG",
            "tags": {},
            "tags_all": {}
          },
          "sensitive_attributes": [],
          "identity_schema_version": 0,
          "identity": {
            "arn": "arn:aws:iam::263427518575:policy/service-role/CodeBuildBasePolicy-opalink-prod-accounting-build-us-east-1"
          },
          "private": "eyJzY2hlbWFfdmVyc2lvbiI6IjAifQ=="
        }
      ]
    },
    {
      "module": "module.pipeline",
      "mode": "managed",
      "type": "aws_iam_policy",
      "name": "pipeline_codestar_policy",
      "provider": "provider[\"registry.terraform.io/hashicorp/aws\"]",
      "instances": [
        {
          "schema_version": 0,
          "attributes": {
            "arn": "arn:aws:iam::263427518575:policy/service-role/CodePipeline-CodeConnections-us-east-1-opalink-accounting-prod-pipeline",
            "attachment_count": 1,
            "description": "Policy used in trust relationship with CodePipeline for CodeConnections Action",
            "id": "arn:aws:iam::263427518575:policy/service-role/CodePipeline-CodeConnections-us-east-1-opalink-accounting-prod-pipeline",
            "name": "CodePipeline-CodeConnections-us-east-1-opalink-accounting-prod-pipeline",
            "name_prefix": "",
            "path": "/service-role/",
            "policy": "{\"Statement\":[{\"Action\":[\"codeconnections:UseConnection\",\"codestar-connections:UseConnection\"],\"Effect\":\"Allow\",\"Resource\":[\"arn:aws:codestar-connections:*:263427518575:connection/57d4aa90-7e69-4249-b1ac-41a8cf6e6e42\",\"arn:aws:codeconnections:*:263427518575:connection/57d4aa90-7e69-4249-b1ac-41a8cf6e6e42\"]}],\"Version\":\"2012-10-17\"}",
            "policy_id": "ANPAT2VMA6BXQ2T3QOUDG",
            "tags": {},
            "tags_all": {}
          },
          "sensitive_attributes": [],
          "identity_schema_version": 0,
          "identity": {
            "arn": "arn:aws:iam::263427518575:policy/service-role/CodePipeline-CodeConnections-us-east-1-opalink-accounting-prod-pipeline"
          },
          "private": "eyJzY2hlbWFfdmVyc2lvbiI6IjAifQ=="
        }
      ]
    },
    {
      "module": "module.pipeline",
      "mode": "managed",
      "type": "aws_iam_policy",
      "name": "pipeline_ecs_policy",
      "provider": "provider[\"registry.terraform.io/hashicorp/aws\"]",
      "instances": [
        {
          "schema_version": 0,
          "attributes": {
            "arn": "arn:aws:iam::263427518575:policy/service-role/CodePipeline-ECSDeploy-us-east-1-opalink-accounting-prod-pipeline",
            "attachment_count": 1,
            "description": "Policy used in trust relationship with CodePipeline for ECS Action",
            "id": "arn:aws:iam::263427518575:policy/service-role/CodePipeline-ECSDeploy-us-east-1-opalink-accounting-prod-pipeline",
            "name": "CodePipeline-ECSDeploy-us-east-1-opalink-accounting-prod-pipeline",
            "name_prefix": "",
            "path": "/service-role/",
            "policy": "{\"Statement\":[{\"Action\":[\"ecs:DescribeTaskDefinition\",\"ecs:RegisterTaskDefinition\"],\"Effect\":\"Allow\",\"Resource\":[\"*\"],\"Sid\":\"TaskDefinitionPermissions\"},{\"Action\":[\"ecs:DescribeServices\",\"ecs:UpdateService\"],\"Effect\":\"Allow\",\"Resource\":[\"arn:aws:ecs:*:263427518575:service/ProdCluster/*\"],\"Sid\":\"ECSServicePermissions\"},{\"Action\":[\"ecs:TagResource\"],\"Condition\":{\"StringEquals\":{\"ecs:CreateAction\":[\"RegisterTaskDefinition\"]}},\"Effect\":\"Allow\",\"Resource\":[\"arn:aws:ecs:*:263427518575:task-definition/arn:aws:ecs:us-east-1:263427518575:task-definition/accounting-prod-task-defination:9:*\"],\"Sid\":\"ECSTagResource\"},{\"Action\":\"iam:PassRole\",\"Condition\":{\"StringEquals\":{\"iam:PassedToService\":[\"ecs.amazonaws.com\",\"ecs-tasks.amazonaws.com\"]}},\"Effect\":\"Allow\",\"Resource\":[\"arn:aws:iam::263427518575:role/opalink-prod-ecs-task-defination-role\"],\"Sid\":\"IamPassRolePermissions\"}],\"Version\":\"2012-10-17\"}",
            "policy_id": "ANPAT2VMA6BXY2RYR22HS",
            "tags": {},
            "tags_all": {}
          },
          "sensitive_attributes": [],
          "identity_schema_version": 0,
          "identity": {
            "arn": "arn:aws:iam::263427518575:policy/service-role/CodePipeline-ECSDeploy-us-east-1-opalink-accounting-prod-pipeline"
          },
          "private": "eyJzY2hlbWFfdmVyc2lvbiI6IjAifQ=="
        }
      ]
    },
    {
      "module": "module.pipeline",
      "mode": "managed",
      "type": "aws_iam_policy",
      "name": "pipeline_s3_policy",
      "provider": "provider[\"registry.terraform.io/hashicorp/aws\"]",
      "instances": [
        {
          "schema_version": 0,
          "attributes": {
            "arn": "arn:aws:iam::263427518575:policy/service-role/AWSCodePipelineServiceRole-us-east-1-opalink-accounting-prod-pipeline",
            "attachment_count": 1,
            "description": "Policy used in trust relationship with CodePipeline for service role",
            "id": "arn:aws:iam::263427518575:policy/service-role/AWSCodePipelineServiceRole-us-east-1-opalink-accounting-prod-pipeline",
            "name": "AWSCodePipelineServiceRole-us-east-1-opalink-accounting-prod-pipeline",
            "name_prefix": "",
            "path": "/service-role/",
            "policy": "{\"Statement\":[{\"Action\":[\"s3:GetBucketVersioning\",\"s3:GetBucketAcl\",\"s3:GetBucketLocation\"],\"Condition\":{\"StringEquals\":{\"aws:ResourceAccount\":\"263427518575\"}},\"Effect\":\"Allow\",\"Resource\":[\"arn:aws:s3:::codepipeline-us-east-1-70012dd85603-407e-918b-b915aa801171\"],\"Sid\":\"AllowS3BucketAccess\"},{\"Action\":[\"s3:PutObject\",\"s3:PutObjectAcl\",\"s3:GetObject\",\"s3:GetObjectVersion\"],\"Condition\":{\"StringEquals\":{\"aws:ResourceAccount\":\"263427518575\"}},\"Effect\":\"Allow\",\"Resource\":[\"arn:aws:s3:::codepipeline-us-east-1-70012dd85603-407e-918b-b915aa801171/*\"],\"Sid\":\"AllowS3ObjectAccess\"}],\"Version\":\"2012-10-17\"}",
            "policy_id": "ANPAT2VMA6BXXXKIP6RRF",
            "tags": {},
            "tags_all": {}
          },
          "sensitive_attributes": [],
          "identity_schema_version": 0,
          "identity": {
            "arn": "arn:aws:iam::263427518575:policy/service-role/AWSCodePipelineServiceRole-us-east-1-opalink-accounting-prod-pipeline"
          },
          "private": "eyJzY2hlbWFfdmVyc2lvbiI6IjAifQ=="
        }
      ]
    },
    {
      "module": "module.pipeline",
      "mode": "managed",
      "type": "aws_iam_policy",
      "name": "secret_manager_policy_accounting",
      "provider": "provider[\"registry.terraform.io/hashicorp/aws\"]",
      "instances": [
        {
          "schema_version": 0,
          "attributes": {
            "arn": "arn:aws:iam::263427518575:policy/service-role/CodeBuildSecretsManagerPolicy-opalink-prod-accounting-build-us-east-1",
            "attachment_count": 1,
            "description": "Policy used in trust relationship with CodeBuild",
            "id": "arn:aws:iam::263427518575:policy/service-role/CodeBuildSecretsManagerPolicy-opalink-prod-accounting-build-us-east-1",
            "name": "CodeBuildSecretsManagerPolicy-opalink-prod-accounting-build-us-east-1",
            "name_prefix": "",
            "path": "/service-role/",
            "policy": "{\"Statement\":[{\"Action\":[\"secretsmanager:GetSecretValue\"],\"Effect\":\"Allow\",\"Resource\":[\"arn:aws:secretsmanager:us-east-1:263427518575:secret:/CodeBuild/*\"]}],\"Version\":\"2012-10-17\"}",
            "policy_id": "ANPAT2VMA6BXQQRJHBW2Z",
            "tags": {},
            "tags_all": {}
          },
          "sensitive_attributes": [],
          "identity_schema_version": 0,
          "identity": {
            "arn": "arn:aws:iam::263427518575:policy/service-role/CodeBuildSecretsManagerPolicy-opalink-prod-accounting-build-us-east-1"
          },
          "private": "eyJzY2hlbWFfdmVyc2lvbiI6IjAifQ=="
        }
      ]
    },
    {
      "module": "module.pipeline",
      "mode": "managed",
      "type": "aws_iam_policy",
      "name": "secret_manager_policy_auth",
      "provider": "provider[\"registry.terraform.io/hashicorp/aws\"]",
      "instances": [
        {
          "schema_version": 0,
          "attributes": {
            "arn": "arn:aws:iam::263427518575:policy/service-role/CodeBuildSecretsManagerPolicy-opalink-prod-auth-build-us-east-1",
            "attachment_count": 1,
            "description": "Policy used in trust relationship with CodeBuild",
            "id": "arn:aws:iam::263427518575:policy/service-role/CodeBuildSecretsManagerPolicy-opalink-prod-auth-build-us-east-1",
            "name": "CodeBuildSecretsManagerPolicy-opalink-prod-auth-build-us-east-1",
            "name_prefix": "",
            "path": "/service-role/",
            "policy": "{\"Statement\":[{\"Action\":[\"secretsmanager:GetSecretValue\"],\"Effect\":\"Allow\",\"Resource\":[\"arn:aws:secretsmanager:us-east-1:263427518575:secret:/CodeBuild/*\"]}],\"Version\":\"2012-10-17\"}",
            "policy_id": "ANPAT2VMA6BX7K7ISZYXK",
            "tags": {},
            "tags_all": {}
          },
          "sensitive_attributes": [],
          "identity_schema_version": 0,
          "identity": {
            "arn": "arn:aws:iam::263427518575:policy/service-role/CodeBuildSecretsManagerPolicy-opalink-prod-auth-build-us-east-1"
          },
          "private": "eyJzY2hlbWFfdmVyc2lvbiI6IjAifQ=="
        }
      ]
    },
    {
      "module": "module.pipeline",
      "mode": "managed",
      "type": "aws_iam_policy",
      "name": "secret_manager_policy_gift",
      "provider": "provider[\"registry.terraform.io/hashicorp/aws\"]",
      "instances": [
        {
          "schema_version": 0,
          "attributes": {
            "arn": "arn:aws:iam::263427518575:policy/service-role/CodeBuildSecretsManagerPolicy-opalink-prod-gift-build-us-east-1",
            "attachment_count": 1,
            "description": "Policy used in trust relationship with CodeBuild",
            "id": "arn:aws:iam::263427518575:policy/service-role/CodeBuildSecretsManagerPolicy-opalink-prod-gift-build-us-east-1",
            "name": "CodeBuildSecretsManagerPolicy-opalink-prod-gift-build-us-east-1",
            "name_prefix": "",
            "path": "/service-role/",
            "policy": "{\"Statement\":[{\"Action\":[\"secretsmanager:GetSecretValue\"],\"Effect\":\"Allow\",\"Resource\":[\"arn:aws:secretsmanager:us-east-1:263427518575:secret:/CodeBuild/*\"]}],\"Version\":\"2012-10-17\"}",
            "policy_id": "ANPAT2VMA6BXSRRICI2WP",
            "tags": {},
            "tags_all": {}
          },
          "sensitive_attributes": [],
          "identity_schema_version": 0,
          "identity": {
            "arn": "arn:aws:iam::263427518575:policy/service-role/CodeBuildSecretsManagerPolicy-opalink-prod-gift-build-us-east-1"
          },
          "private": "eyJzY2hlbWFfdmVyc2lvbiI6IjAifQ=="
        }
      ]
    },
    {
      "module": "module.pipeline",
      "mode": "managed",
      "type": "aws_iam_policy",
      "name": "secret_manager_policy_mobile",
      "provider": "provider[\"registry.terraform.io/hashicorp/aws\"]",
      "instances": [
        {
          "schema_version": 0,
          "attributes": {
            "arn": "arn:aws:iam::263427518575:policy/service-role/CodeBuildSecretsManagerPolicy-opalink-prod-mobile-build-us-east-1",
            "attachment_count": 1,
            "description": "Policy used in trust relationship with CodeBuild",
            "id": "arn:aws:iam::263427518575:policy/service-role/CodeBuildSecretsManagerPolicy-opalink-prod-mobile-build-us-east-1",
            "name": "CodeBuildSecretsManagerPolicy-opalink-prod-mobile-build-us-east-1",
            "name_prefix": "",
            "path": "/service-role/",
            "policy": "{\"Statement\":[{\"Action\":[\"secretsmanager:GetSecretValue\"],\"Effect\":\"Allow\",\"Resource\":[\"arn:aws:secretsmanager:us-east-1:263427518575:secret:/CodeBuild/*\"]}],\"Version\":\"2012-10-17\"}",
            "policy_id": "ANPAT2VMA6BXU7A5SCG4C",
            "tags": {},
            "tags_all": {}
          },
          "sensitive_attributes": [],
          "identity_schema_version": 0,
          "identity": {
            "arn": "arn:aws:iam::263427518575:policy/service-role/CodeBuildSecretsManagerPolicy-opalink-prod-mobile-build-us-east-1"
          },
          "private": "eyJzY2hlbWFfdmVyc2lvbiI6IjAifQ=="
        }
      ]
    },
    {
      "module": "module.pipeline",
      "mode": "managed",
      "type": "aws_iam_policy",
      "name": "secret_manager_policy_notification",
      "provider": "provider[\"registry.terraform.io/hashicorp/aws\"]",
      "instances": [
        {
          "schema_version": 0,
          "attributes": {
            "arn": "arn:aws:iam::263427518575:policy/service-role/CodeBuildSecretsManagerPolicy-opalink-prod-notification-build-us-east-1",
            "attachment_count": 1,
            "description": "Policy used in trust relationship with CodeBuild",
            "id": "arn:aws:iam::263427518575:policy/service-role/CodeBuildSecretsManagerPolicy-opalink-prod-notification-build-us-east-1",
            "name": "CodeBuildSecretsManagerPolicy-opalink-prod-notification-build-us-east-1",
            "name_prefix": "",
            "path": "/service-role/",
            "policy": "{\"Statement\":[{\"Action\":[\"secretsmanager:GetSecretValue\"],\"Effect\":\"Allow\",\"Resource\":[\"arn:aws:secretsmanager:us-east-1:263427518575:secret:/CodeBuild/*\"]}],\"Version\":\"2012-10-17\"}",
            "policy_id": "ANPAT2VMA6BX2JH6NBMZR",
            "tags": {},
            "tags_all": {}
          },
          "sensitive_attributes": [],
          "identity_schema_version": 0,
          "identity": {
            "arn": "arn:aws:iam::263427518575:policy/service-role/CodeBuildSecretsManagerPolicy-opalink-prod-notification-build-us-east-1"
          },
          "private": "eyJzY2hlbWFfdmVyc2lvbiI6IjAifQ=="
        }
      ]
    },
    {
      "module": "module.pipeline",
      "mode": "managed",
      "type": "aws_iam_policy",
      "name": "secret_manager_policy_resturant",
      "provider": "provider[\"registry.terraform.io/hashicorp/aws\"]",
      "instances": [
        {
          "schema_version": 0,
          "attributes": {
            "arn": "arn:aws:iam::263427518575:policy/service-role/CodeBuildSecretsManagerPolicy-opalink-prod-resturant-build-us-east-1",
            "attachment_count": 1,
            "description": "Policy used in trust relationship with CodeBuild",
            "id": "arn:aws:iam::263427518575:policy/service-role/CodeBuildSecretsManagerPolicy-opalink-prod-resturant-build-us-east-1",
            "name": "CodeBuildSecretsManagerPolicy-opalink-prod-resturant-build-us-east-1",
            "name_prefix": "",
            "path": "/service-role/",
            "policy": "{\"Statement\":[{\"Action\":[\"secretsmanager:GetSecretValue\"],\"Effect\":\"Allow\",\"Resource\":[\"arn:aws:secretsmanager:us-east-1:263427518575:secret:/CodeBuild/*\"]}],\"Version\":\"2012-10-17\"}",
            "policy_id": "ANPAT2VMA6BX7LNNT4V27",
            "tags": {},
            "tags_all": {}
          },
          "sensitive_attributes": [],
          "identity_schema_version": 0,
          "identity": {
            "arn": "arn:aws:iam::263427518575:policy/service-role/CodeBuildSecretsManagerPolicy-opalink-prod-resturant-build-us-east-1"
          },
          "private": "eyJzY2hlbWFfdmVyc2lvbiI6IjAifQ=="
        }
      ]
    },
    {
      "module": "module.pipeline",
      "mode": "managed",
      "type": "aws_iam_policy",
      "name": "secret_manager_policy_resturant_web",
      "provider": "provider[\"registry.terraform.io/hashicorp/aws\"]",
      "instances": [
        {
          "schema_version": 0,
          "attributes": {
            "arn": "arn:aws:iam::263427518575:policy/service-role/CodeBuildSecretsManagerPolicy-opalink-prod-resturant-web-app-build-us-east-1",
            "attachment_count": 1,
            "description": "Policy used in trust relationship with CodeBuild",
            "id": "arn:aws:iam::263427518575:policy/service-role/CodeBuildSecretsManagerPolicy-opalink-prod-resturant-web-app-build-us-east-1",
            "name": "CodeBuildSecretsManagerPolicy-opalink-prod-resturant-web-app-build-us-east-1",
            "name_prefix": "",
            "path": "/service-role/",
            "policy": "{\"Statement\":[{\"Action\":[\"secretsmanager:GetSecretValue\"],\"Effect\":\"Allow\",\"Resource\":[\"arn:aws:secretsmanager:us-east-1:263427518575:secret:/CodeBuild/*\"]}],\"Version\":\"2012-10-17\"}",
            "policy_id": "ANPAT2VMA6BX4KENNEHE4",
            "tags": {},
            "tags_all": {}
          },
          "sensitive_attributes": [],
          "identity_schema_version": 0,
          "identity": {
            "arn": "arn:aws:iam::263427518575:policy/service-role/CodeBuildSecretsManagerPolicy-opalink-prod-resturant-web-app-build-us-east-1"
          },
          "private": "eyJzY2hlbWFfdmVyc2lvbiI6IjAifQ=="
        }
      ]
    },
    {
      "module": "module.pipeline",
      "mode": "managed",
      "type": "aws_iam_policy",
      "name": "secret_manager_policy_user",
      "provider": "provider[\"registry.terraform.io/hashicorp/aws\"]",
      "instances": [
        {
          "schema_version": 0,
          "attributes": {
            "arn": "arn:aws:iam::263427518575:policy/service-role/CodeBuildSecretsManagerPolicy-opalink-prod-user-build-us-east-1",
            "attachment_count": 1,
            "description": "Policy used in trust relationship with CodeBuild",
            "id": "arn:aws:iam::263427518575:policy/service-role/CodeBuildSecretsManagerPolicy-opalink-prod-user-build-us-east-1",
            "name": "CodeBuildSecretsManagerPolicy-opalink-prod-user-build-us-east-1",
            "name_prefix": "",
            "path": "/service-role/",
            "policy": "{\"Statement\":[{\"Action\":[\"secretsmanager:GetSecretValue\"],\"Effect\":\"Allow\",\"Resource\":[\"arn:aws:secretsmanager:us-east-1:263427518575:secret:/CodeBuild/*\"]}],\"Version\":\"2012-10-17\"}",
            "policy_id": "ANPAT2VMA6BXQ4QDEJR22",
            "tags": {},
            "tags_all": {}
          },
          "sensitive_attributes": [],
          "identity_schema_version": 0,
          "identity": {
            "arn": "arn:aws:iam::263427518575:policy/service-role/CodeBuildSecretsManagerPolicy-opalink-prod-user-build-us-east-1"
          },
          "private": "eyJzY2hlbWFfdmVyc2lvbiI6IjAifQ=="
        }
      ]
    },
    {
      "module": "module.pipeline",
      "mode": "managed",
      "type": "aws_iam_role",
      "name": "accounting_service_role",
      "provider": "provider[\"registry.terraform.io/hashicorp/aws\"]",
      "instances": [
        {
          "schema_version": 0,
          "attributes": {
            "arn": "arn:aws:iam::263427518575:role/service-role/codebuild-opalink-prod-accounting-build-service-role",
            "assume_role_policy": "{\"Statement\":[{\"Action\":\"sts:AssumeRole\",\"Effect\":\"Allow\",\"Principal\":{\"Service\":\"codebuild.amazonaws.com\"}}],\"Version\":\"2012-10-17\"}",
            "create_date": "2025-04-28T05:27:16Z",
            "description": "",
            "force_detach_policies": false,
            "id": "codebuild-opalink-prod-accounting-build-service-role",
            "inline_policy": [
              {
                "name": "EC2VpcAccess",
                "policy": "{\"Version\":\"2012-10-17\",\"Statement\":[{\"Action\":[\"ec2:CreateNetworkInterface\",\"ec2:DescribeNetworkInterfaces\",\"ec2:DeleteNetworkInterface\",\"ec2:DescribeSubnets\",\"ec2:DescribeSecurityGroups\",\"ec2:DescribeDhcpOptions\",\"ec2:DescribeVpcs\",\"ec2:CreateNetworkInterfacePermission\"],\"Effect\":\"Allow\",\"Resource\":\"*\",\"Sid\":\"Statement1\"}]}"
              }
            ],
            "managed_policy_arns": [
              "arn:aws:iam::263427518575:policy/service-role/CodeBuildBasePolicy-opalink-prod-accounting-build-us-east-1",
              "arn:aws:iam::263427518575:policy/service-role/CodeBuildSecretsManagerPolicy-opalink-prod-accounting-build-us-east-1",
              "arn:aws:iam::263427518575:policy/service-role/CodeBuildSecretsManagerPolicy-opalink-prod-auth-build-us-east-1",
              "arn:aws:iam::263427518575:policy/service-role/CodeBuildSecretsManagerPolicy-opalink-prod-gift-build-us-east-1",
              "arn:aws:iam::263427518575:policy/service-role/CodeBuildSecretsManagerPolicy-opalink-prod-mobile-build-us-east-1",
              "arn:aws:iam::263427518575:policy/service-role/CodeBuildSecretsManagerPolicy-opalink-prod-notification-build-us-east-1",
              "arn:aws:iam::263427518575:policy/service-role/CodeBuildSecretsManagerPolicy-opalink-prod-resturant-build-us-east-1",
              "arn:aws:iam::263427518575:policy/service-role/CodeBuildSecretsManagerPolicy-opalink-prod-resturant-web-app-build-us-east-1",
              "arn:aws:iam::263427518575:policy/service-role/CodeBuildSecretsManagerPolicy-opalink-prod-user-build-us-east-1",
              "arn:aws:iam::aws:policy/SecretsManagerReadWrite"
            ],
            "max_session_duration": 3600,
            "name": "codebuild-opalink-prod-accounting-build-service-role",
            "name_prefix": "",
            "path": "/service-role/",
            "permissions_boundary": "",
            "tags": {},
            "tags_all": {},
            "unique_id": "AROAT2VMA6BX3UC3XVUAQ"
          },
          "sensitive_attributes": [],
          "identity_schema_version": 0,
          "identity": {
            "account_id": "263427518575",
            "name": "codebuild-opalink-prod-accounting-build-service-role"
          },
          "private": "eyJzY2hlbWFfdmVyc2lvbiI6IjAifQ=="
        }
      ]
    },
    {
      "module": "module.pipeline",
      "mode": "managed",
      "type": "aws_iam_role",
      "name": "codepipeline_role",
      "provider": "provider[\"registry.terraform.io/hashicorp/aws\"]",
      "instances": [
        {
          "schema_version": 0,
          "attributes": {
            "arn": "arn:aws:iam::263427518575:role/service-role/AWSCodePipelineServiceRole-us-east-1-opalink-accounting-prod-pi",
            "assume_role_policy": "{\"Statement\":[{\"Action\":\"sts:AssumeRole\",\"Condition\":{\"StringEquals\":{\"aws:SourceAccount\":\"263427518575\"}},\"Effect\":\"Allow\",\"Principal\":{\"Service\":\"codepipeline.amazonaws.com\"},\"Sid\":\"CodePipelineTrustPolicy\"}],\"Version\":\"2012-10-17\"}",
            "create_date": "2025-05-02T12:18:15Z",
            "description": "",
            "force_detach_policies": false,
            "id": "AWSCodePipelineServiceRole-us-east-1-opalink-accounting-prod-pi",
            "inline_policy": [],
            "managed_policy_arns": [
              "arn:aws:iam::263427518575:policy/service-role/AWSCodePipelineServiceRole-us-east-1-opalink-accounting-prod-pipeline",
              "arn:aws:iam::263427518575:policy/service-role/CodePipeline-CodeBuild-us-east-1-opalink-accounting-prod-pipeline",
              "arn:aws:iam::263427518575:policy/service-role/CodePipeline-CodeConnections-us-east-1-opalink-accounting-prod-pipeline",
              "arn:aws:iam::263427518575:policy/service-role/CodePipeline-ECSDeploy-us-east-1-opalink-accounting-prod-pipeline"
            ],
            "max_session_duration": 3600,
            "name": "AWSCodePipelineServiceRole-us-east-1-opalink-accounting-prod-pi",
            "name_prefix": "",
            "path": "/service-role/",
            "permissions_boundary": "",
            "tags": {},
            "tags_all": {},
            "unique_id": "AROAT2VMA6BXXMZ4RWEFA"
          },
          "sensitive_attributes": [],
          "identity_schema_version": 0,
          "identity": {
            "account_id": "263427518575",
            "name": "AWSCodePipelineServiceRole-us-east-1-opalink-accounting-prod-pi"
          },
          "private": "eyJzY2hlbWFfdmVyc2lvbiI6IjAifQ=="
        }
      ]
    },
    {
      "module": "module.pipeline",
      "mode": "managed",
      "type": "aws_iam_role_policy",
      "name": "EC2VpcAccess",
      "provider": "provider[\"registry.terraform.io/hashicorp/aws\"]",
      "instances": [
        {
          "schema_version": 0,
          "attributes": {
            "id": "codebuild-opalink-prod-accounting-build-service-role:EC2VpcAccess",
            "name": "EC2VpcAccess",
            "name_prefix": "",
            "policy": "{\"Version\":\"2012-10-17\",\"Statement\":[{\"Action\":[\"ec2:CreateNetworkInterface\",\"ec2:DescribeNetworkInterfaces\",\"ec2:DeleteNetworkInterface\",\"ec2:DescribeSubnets\",\"ec2:DescribeSecurityGroups\",\"ec2:DescribeDhcpOptions\",\"ec2:DescribeVpcs\",\"ec2:CreateNetworkInterfacePermission\"],\"Effect\":\"Allow\",\"Resource\":\"*\",\"Sid\":\"Statement1\"}]}",
            "role": "codebuild-opalink-prod-accounting-build-service-role"
          },
          "sensitive_attributes": [],
          "identity_schema_version": 0,
          "identity": {
            "account_id": "263427518575",
            "name": "EC2VpcAccess",
            "role": "codebuild-opalink-prod-accounting-build-service-role"
          },
          "private": "eyJzY2hlbWFfdmVyc2lvbiI6IjAifQ=="
        }
      ]
    },
    {
      "module": "module.pipeline",
      "mode": "managed",
      "type": "aws_iam_role_policy_attachment",
      "name": "accounting_attachment",
      "provider": "provider[\"registry.terraform.io/hashicorp/aws\"]",
      "instances": [
        {
          "schema_version": 0,
          "attributes": {
            "id": "codebuild-opalink-prod-accounting-build-service-role/arn:aws:iam::263427518575:policy/service-role/CodeBuildBasePolicy-opalink-prod-accounting-build-us-east-1",
            "policy_arn": "arn:aws:iam::263427518575:policy/service-role/CodeBuildBasePolicy-opalink-prod-accounting-build-us-east-1",
            "role": "codebuild-opalink-prod-accounting-build-service-role"
          },
          "sensitive_attributes": [],
          "identity_schema_version": 0,
          "identity": {
            "account_id": "263427518575",
            "policy_arn": "arn:aws:iam::263427518575:policy/service-role/CodeBuildBasePolicy-opalink-prod-accounting-build-us-east-1",
            "role": "codebuild-opalink-prod-accounting-build-service-role"
          },
          "private": "eyJzY2hlbWFfdmVyc2lvbiI6IjAifQ=="
        }
      ]
    },
    {
      "module": "module.pipeline",
      "mode": "managed",
      "type": "aws_iam_role_policy_attachment",
      "name": "attach_codebuild",
      "provider": "provider[\"registry.terraform.io/hashicorp/aws\"]",
      "instances": [
        {
          "schema_version": 0,
          "attributes": {
            "id": "AWSCodePipelineServiceRole-us-east-1-opalink-accounting-prod-pi/arn:aws:iam::263427518575:policy/service-role/CodePipeline-CodeBuild-us-east-1-opalink-accounting-prod-pipeline",
            "policy_arn": "arn:aws:iam::263427518575:policy/service-role/CodePipeline-CodeBuild-us-east-1-opalink-accounting-prod-pipeline",
            "role": "AWSCodePipelineServiceRole-us-east-1-opalink-accounting-prod-pi"
          },
          "sensitive_attributes": [],
          "identity_schema_version": 0,
          "identity": {
            "account_id": "263427518575",
            "policy_arn": "arn:aws:iam::263427518575:policy/service-role/CodePipeline-CodeBuild-us-east-1-opalink-accounting-prod-pipeline",
            "role": "AWSCodePipelineServiceRole-us-east-1-opalink-accounting-prod-pi"
          },
          "private": "eyJzY2hlbWFfdmVyc2lvbiI6IjAifQ=="
        }
      ]
    },
    {
      "module": "module.pipeline",
      "mode": "managed",
      "type": "aws_iam_role_policy_attachment",
      "name": "attach_codestar",
      "provider": "provider[\"registry.terraform.io/hashicorp/aws\"]",
      "instances": [
        {
          "schema_version": 0,
          "attributes": {
            "id": "AWSCodePipelineServiceRole-us-east-1-opalink-accounting-prod-pi/arn:aws:iam::263427518575:policy/service-role/CodePipeline-CodeConnections-us-east-1-opalink-accounting-prod-pipeline",
            "policy_arn": "arn:aws:iam::263427518575:policy/service-role/CodePipeline-CodeConnections-us-east-1-opalink-accounting-prod-pipeline",
            "role": "AWSCodePipelineServiceRole-us-east-1-opalink-accounting-prod-pi"
          },
          "sensitive_attributes": [],
          "identity_schema_version": 0,
          "identity": {
            "account_id": "263427518575",
            "policy_arn": "arn:aws:iam::263427518575:policy/service-role/CodePipeline-CodeConnections-us-east-1-opalink-accounting-prod-pipeline",
            "role": "AWSCodePipelineServiceRole-us-east-1-opalink-accounting-prod-pi"
          },
          "private": "eyJzY2hlbWFfdmVyc2lvbiI6IjAifQ=="
        }
      ]
    },
    {
      "module": "module.pipeline",
      "mode": "managed",
      "type": "aws_iam_role_policy_attachment",
      "name": "attach_ecs",
      "provider": "provider[\"registry.terraform.io/hashicorp/aws\"]",
      "instances": [
        {
          "schema_version": 0,
          "attributes": {
            "id": "AWSCodePipelineServiceRole-us-east-1-opalink-accounting-prod-pi/arn:aws:iam::263427518575:policy/service-role/CodePipeline-ECSDeploy-us-east-1-opalink-accounting-prod-pipeline",
            "policy_arn": "arn:aws:iam::263427518575:policy/service-role/CodePipeline-ECSDeploy-us-east-1-opalink-accounting-prod-pipeline",
            "role": "AWSCodePipelineServiceRole-us-east-1-opalink-accounting-prod-pi"
          },
          "sensitive_attributes": [],
          "identity_schema_version": 0,
          "identity": {
            "account_id": "263427518575",
            "policy_arn": "arn:aws:iam::263427518575:policy/service-role/CodePipeline-ECSDeploy-us-east-1-opalink-accounting-prod-pipeline",
            "role": "AWSCodePipelineServiceRole-us-east-1-opalink-accounting-prod-pi"
          },
          "private": "eyJzY2hlbWFfdmVyc2lvbiI6IjAifQ=="
        }
      ]
    },
    {
      "module": "module.pipeline",
      "mode": "managed",
      "type": "aws_iam_role_policy_attachment",
      "name": "attach_s3",
      "provider": "provider[\"registry.terraform.io/hashicorp/aws\"]",
      "instances": [
        {
          "schema_version": 0,
          "attributes": {
            "id": "AWSCodePipelineServiceRole-us-east-1-opalink-accounting-prod-pi/arn:aws:iam::263427518575:policy/service-role/AWSCodePipelineServiceRole-us-east-1-opalink-accounting-prod-pipeline",
            "policy_arn": "arn:aws:iam::263427518575:policy/service-role/AWSCodePipelineServiceRole-us-east-1-opalink-accounting-prod-pipeline",
            "role": "AWSCodePipelineServiceRole-us-east-1-opalink-accounting-prod-pi"
          },
          "sensitive_attributes": [],
          "identity_schema_version": 0,
          "identity": {
            "account_id": "263427518575",
            "policy_arn": "arn:aws:iam::263427518575:policy/service-role/AWSCodePipelineServiceRole-us-east-1-opalink-accounting-prod-pipeline",
            "role": "AWSCodePipelineServiceRole-us-east-1-opalink-accounting-prod-pi"
          },
          "private": "eyJzY2hlbWFfdmVyc2lvbiI6IjAifQ=="
        }
      ]
    },
    {
      "module": "module.pipeline",
      "mode": "managed",
      "type": "aws_iam_role_policy_attachment",
      "name": "secret_manager_policy_accounting_attachment",
      "provider": "provider[\"registry.terraform.io/hashicorp/aws\"]",
      "instances": [
        {
          "schema_version": 0,
          "attributes": {
            "id": "codebuild-opalink-prod-accounting-build-service-role/arn:aws:iam::263427518575:policy/service-role/CodeBuildSecretsManagerPolicy-opalink-prod-accounting-build-us-east-1",
            "policy_arn": "arn:aws:iam::263427518575:policy/service-role/CodeBuildSecretsManagerPolicy-opalink-prod-accounting-build-us-east-1",
            "role": "codebuild-opalink-prod-accounting-build-service-role"
          },
          "sensitive_attributes": [],
          "identity_schema_version": 0,
          "identity": {
            "account_id": "263427518575",
            "policy_arn": "arn:aws:iam::263427518575:policy/service-role/CodeBuildSecretsManagerPolicy-opalink-prod-accounting-build-us-east-1",
            "role": "codebuild-opalink-prod-accounting-build-service-role"
          },
          "private": "eyJzY2hlbWFfdmVyc2lvbiI6IjAifQ=="
        }
      ]
    },
    {
      "module": "module.pipeline",
      "mode": "managed",
      "type": "aws_iam_role_policy_attachment",
      "name": "secret_manager_policy_auth_attachment",
      "provider": "provider[\"registry.terraform.io/hashicorp/aws\"]",
      "instances": [
        {
          "schema_version": 0,
          "attributes": {
            "id": "codebuild-opalink-prod-accounting-build-service-role/arn:aws:iam::263427518575:policy/service-role/CodeBuildSecretsManagerPolicy-opalink-prod-auth-build-us-east-1",
            "policy_arn": "arn:aws:iam::263427518575:policy/service-role/CodeBuildSecretsManagerPolicy-opalink-prod-auth-build-us-east-1",
            "role": "codebuild-opalink-prod-accounting-build-service-role"
          },
          "sensitive_attributes": [],
          "identity_schema_version": 0,
          "identity": {
            "account_id": "263427518575",
            "policy_arn": "arn:aws:iam::263427518575:policy/service-role/CodeBuildSecretsManagerPolicy-opalink-prod-auth-build-us-east-1",
            "role": "codebuild-opalink-prod-accounting-build-service-role"
          },
          "private": "eyJzY2hlbWFfdmVyc2lvbiI6IjAifQ=="
        }
      ]
    },
    {
      "module": "module.pipeline",
      "mode": "managed",
      "type": "aws_iam_role_policy_attachment",
      "name": "secret_manager_policy_gift_attachment",
      "provider": "provider[\"registry.terraform.io/hashicorp/aws\"]",
      "instances": [
        {
          "schema_version": 0,
          "attributes": {
            "id": "codebuild-opalink-prod-accounting-build-service-role/arn:aws:iam::263427518575:policy/service-role/CodeBuildSecretsManagerPolicy-opalink-prod-gift-build-us-east-1",
            "policy_arn": "arn:aws:iam::263427518575:policy/service-role/CodeBuildSecretsManagerPolicy-opalink-prod-gift-build-us-east-1",
            "role": "codebuild-opalink-prod-accounting-build-service-role"
          },
          "sensitive_attributes": [],
          "identity_schema_version": 0,
          "identity": {
            "account_id": "263427518575",
            "policy_arn": "arn:aws:iam::263427518575:policy/service-role/CodeBuildSecretsManagerPolicy-opalink-prod-gift-build-us-east-1",
            "role": "codebuild-opalink-prod-accounting-build-service-role"
          },
          "private": "eyJzY2hlbWFfdmVyc2lvbiI6IjAifQ=="
        }
      ]
    },
    {
      "module": "module.pipeline",
      "mode": "managed",
      "type": "aws_iam_role_policy_attachment",
      "name": "secret_manager_policy_mobile_attachment",
      "provider": "provider[\"registry.terraform.io/hashicorp/aws\"]",
      "instances": [
        {
          "schema_version": 0,
          "attributes": {
            "id": "codebuild-opalink-prod-accounting-build-service-role/arn:aws:iam::263427518575:policy/service-role/CodeBuildSecretsManagerPolicy-opalink-prod-mobile-build-us-east-1",
            "policy_arn": "arn:aws:iam::263427518575:policy/service-role/CodeBuildSecretsManagerPolicy-opalink-prod-mobile-build-us-east-1",
            "role": "codebuild-opalink-prod-accounting-build-service-role"
          },
          "sensitive_attributes": [],
          "identity_schema_version": 0,
          "identity": {
            "account_id": "263427518575",
            "policy_arn": "arn:aws:iam::263427518575:policy/service-role/CodeBuildSecretsManagerPolicy-opalink-prod-mobile-build-us-east-1",
            "role": "codebuild-opalink-prod-accounting-build-service-role"
          },
          "private": "eyJzY2hlbWFfdmVyc2lvbiI6IjAifQ=="
        }
      ]
    },
    {
      "module": "module.pipeline",
      "mode": "managed",
      "type": "aws_iam_role_policy_attachment",
      "name": "secret_manager_policy_notification_attachment",
      "provider": "provider[\"registry.terraform.io/hashicorp/aws\"]",
      "instances": [
        {
          "schema_version": 0,
          "attributes": {
            "id": "codebuild-opalink-prod-accounting-build-service-role/arn:aws:iam::263427518575:policy/service-role/CodeBuildSecretsManagerPolicy-opalink-prod-notification-build-us-east-1",
            "policy_arn": "arn:aws:iam::263427518575:policy/service-role/CodeBuildSecretsManagerPolicy-opalink-prod-notification-build-us-east-1",
            "role": "codebuild-opalink-prod-accounting-build-service-role"
          },
          "sensitive_attributes": [],
          "identity_schema_version": 0,
          "identity": {
            "account_id": "263427518575",
            "policy_arn": "arn:aws:iam::263427518575:policy/service-role/CodeBuildSecretsManagerPolicy-opalink-prod-notification-build-us-east-1",
            "role": "codebuild-opalink-prod-accounting-build-service-role"
          },
          "private": "eyJzY2hlbWFfdmVyc2lvbiI6IjAifQ=="
        }
      ]
    },
    {
      "module": "module.pipeline",
      "mode": "managed",
      "type": "aws_iam_role_policy_attachment",
      "name": "secret_manager_policy_resturant_attachment",
      "provider": "provider[\"registry.terraform.io/hashicorp/aws\"]",
      "instances": [
        {
          "schema_version": 0,
          "attributes": {
            "id": "codebuild-opalink-prod-accounting-build-service-role/arn:aws:iam::263427518575:policy/service-role/CodeBuildSecretsManagerPolicy-opalink-prod-resturant-build-us-east-1",
            "policy_arn": "arn:aws:iam::263427518575:policy/service-role/CodeBuildSecretsManagerPolicy-opalink-prod-resturant-build-us-east-1",
            "role": "codebuild-opalink-prod-accounting-build-service-role"
          },
          "sensitive_attributes": [],
          "identity_schema_version": 0,
          "identity": {
            "account_id": "263427518575",
            "policy_arn": "arn:aws:iam::263427518575:policy/service-role/CodeBuildSecretsManagerPolicy-opalink-prod-resturant-build-us-east-1",
            "role": "codebuild-opalink-prod-accounting-build-service-role"
          },
          "private": "eyJzY2hlbWFfdmVyc2lvbiI6IjAifQ=="
        }
      ]
    },
    {
      "module": "module.pipeline",
      "mode": "managed",
      "type": "aws_iam_role_policy_attachment",
      "name": "secret_manager_policy_resturant_web_attachment",
      "provider": "provider[\"registry.terraform.io/hashicorp/aws\"]",
      "instances": [
        {
          "schema_version": 0,
          "attributes": {
            "id": "codebuild-opalink-prod-accounting-build-service-role/arn:aws:iam::263427518575:policy/service-role/CodeBuildSecretsManagerPolicy-opalink-prod-resturant-web-app-build-us-east-1",
            "policy_arn": "arn:aws:iam::263427518575:policy/service-role/CodeBuildSecretsManagerPolicy-opalink-prod-resturant-web-app-build-us-east-1",
            "role": "codebuild-opalink-prod-accounting-build-service-role"
          },
          "sensitive_attributes": [],
          "identity_schema_version": 0,
          "identity": {
            "account_id": "263427518575",
            "policy_arn": "arn:aws:iam::263427518575:policy/service-role/CodeBuildSecretsManagerPolicy-opalink-prod-resturant-web-app-build-us-east-1",
            "role": "codebuild-opalink-prod-accounting-build-service-role"
          },
          "private": "eyJzY2hlbWFfdmVyc2lvbiI6IjAifQ=="
        }
      ]
    },
    {
      "module": "module.pipeline",
      "mode": "managed",
      "type": "aws_iam_role_policy_attachment",
      "name": "secret_manager_policy_user_attachment",
      "provider": "provider[\"registry.terraform.io/hashicorp/aws\"]",
      "instances": [
        {
          "schema_version": 0,
          "attributes": {
            "id": "codebuild-opalink-prod-accounting-build-service-role/arn:aws:iam::263427518575:policy/service-role/CodeBuildSecretsManagerPolicy-opalink-prod-user-build-us-east-1",
            "policy_arn": "arn:aws:iam::263427518575:policy/service-role/CodeBuildSecretsManagerPolicy-opalink-prod-user-build-us-east-1",
            "role": "codebuild-opalink-prod-accounting-build-service-role"
          },
          "sensitive_attributes": [],
          "identity_schema_version": 0,
          "identity": {
            "account_id": "263427518575",
            "policy_arn": "arn:aws:iam::263427518575:policy/service-role/CodeBuildSecretsManagerPolicy-opalink-prod-user-build-us-east-1",
            "role": "codebuild-opalink-prod-accounting-build-service-role"
          },
          "private": "eyJzY2hlbWFfdmVyc2lvbiI6IjAifQ=="
        }
      ]
    },
    {
      "module": "module.pipeline",
      "mode": "managed",
      "type": "aws_iam_role_policy_attachment",
      "name": "secret_manager_read_write_attachment",
      "provider": "provider[\"registry.terraform.io/hashicorp/aws\"]",
      "instances": [
        {
          "schema_version": 0,
          "attributes": {
            "id": "codebuild-opalink-prod-accounting-build-service-role/arn:aws:iam::aws:policy/SecretsManagerReadWrite",
            "policy_arn": "arn:aws:iam::aws:policy/SecretsManagerReadWrite",
            "role": "codebuild-opalink-prod-accounting-build-service-role"
          },
          "sensitive_attributes": [],
          "identity_schema_version": 0,
          "identity": {
            "account_id": "263427518575",
            "policy_arn": "arn:aws:iam::aws:policy/SecretsManagerReadWrite",
            "role": "codebuild-opalink-prod-accounting-build-service-role"
          },
          "private": "eyJzY2hlbWFfdmVyc2lvbiI6IjAifQ=="
        }
      ]
    },
    {
      "module": "module.pipeline",
      "mode": "managed",
      "type": "aws_s3_bucket",
      "name": "s3_bucket_accounting_codepipeline",
      "provider": "provider[\"registry.terraform.io/hashicorp/aws\"]",
      "instances": [
        {
          "schema_version": 0,
          "attributes": {
            "acceleration_status": "",
            "acl": null,
            "arn": "arn:aws:s3:::codepipeline-us-east-1-70012dd85603-407e-918b-b915aa801171",
            "bucket": "codepipeline-us-east-1-70012dd85603-407e-918b-b915aa801171",
            "bucket_domain_name": "codepipeline-us-east-1-70012dd85603-407e-918b-b915aa801171.s3.amazonaws.com",
            "bucket_prefix": "",
            "bucket_region": "us-east-1",
            "bucket_regional_domain_name": "codepipeline-us-east-1-70012dd85603-407e-918b-b915aa801171.s3.us-east-1.amazonaws.com",
            "cors_rule": [],
            "force_destroy": false,
            "grant": [
              {
                "id": "9d320f03784b7600bf41bb493b620dab187464dc917404d30387ce2003e45e58",
                "permissions": [
                  "FULL_CONTROL"
                ],
                "type": "CanonicalUser",
                "uri": ""
              }
            ],
            "hosted_zone_id": "Z3AQBSTGFYJSTF",
            "id": "codepipeline-us-east-1-70012dd85603-407e-918b-b915aa801171",
            "lifecycle_rule": [],
            "logging": [],
            "object_lock_configuration": [],
            "object_lock_enabled": false,
            "policy": "{\"Id\":\"SSEAndSSLPolicy\",\"Statement\":[{\"Action\":\"s3:PutObject\",\"Condition\":{\"StringNotEquals\":{\"s3:x-amz-server-side-encryption\":\"aws:kms\"}},\"Effect\":\"Deny\",\"Principal\":\"*\",\"Resource\":\"arn:aws:s3:::codepipeline-us-east-1-70012dd85603-407e-918b-b915aa801171/*\",\"Sid\":\"DenyUnEncryptedObjectUploads\"},{\"Action\":\"s3:*\",\"Condition\":{\"Bool\":{\"aws:SecureTransport\":\"false\"}},\"Effect\":\"Deny\",\"Principal\":\"*\",\"Resource\":\"arn:aws:s3:::codepipeline-us-east-1-70012dd85603-407e-918b-b915aa801171/*\",\"Sid\":\"DenyInsecureConnections\"}],\"Version\":\"2012-10-17\"}",
            "region": "us-east-1",
            "replication_configuration": [],
            "request_payer": "BucketOwner",
            "server_side_encryption_configuration": [
              {
                "rule": [
                  {
                    "apply_server_side_encryption_by_default": [
                      {
                        "kms_master_key_id": "",
                        "sse_algorithm": "AES256"
                      }
                    ],
                    "bucket_key_enabled": false
                  }
                ]
              }
            ],
            "tags": {},
            "tags_all": {},
            "timeouts": null,
            "versioning": [
              {
                "enabled": false,
                "mfa_delete": false
              }
            ],
            "website": [],
            "website_domain": null,
            "website_endpoint": null
          },
          "sensitive_attributes": [],
          "identity_schema_version": 0,
          "identity": {
            "account_id": "263427518575",
            "bucket": "codepipeline-us-east-1-70012dd85603-407e-918b-b915aa801171",
            "region": "us-east-1"
          },
          "private": "eyJlMmJmYjczMC1lY2FhLTExZTYtOGY4OC0zNDM2M2JjN2M0YzAiOnsiY3JlYXRlIjoxMjAwMDAwMDAwMDAwLCJkZWxldGUiOjM2MDAwMDAwMDAwMDAsInJlYWQiOjEyMDAwMDAwMDAwMDAsInVwZGF0ZSI6MTIwMDAwMDAwMDAwMH0sInNjaGVtYV92ZXJzaW9uIjoiMCJ9"
        }
      ]
    },
    {
      "module": "module.route53",
      "mode": "managed",
      "type": "aws_route53_record",
      "name": "api",
      "provider": "provider[\"registry.terraform.io/hashicorp/aws\"]",
      "instances": [
        {
          "schema_version": 2,
          "attributes": {
            "alias": [
              {
                "evaluate_target_health": true,
                "name": "opalink-prod-load-balancer-1076415687.us-east-1.elb.amazonaws.com",
                "zone_id": "Z35SXDOTRQ7X7K"
              }
            ],
            "allow_overwrite": null,
            "cidr_routing_policy": [],
            "failover_routing_policy": [],
            "fqdn": "api.opalinkapp.com",
            "geolocation_routing_policy": [],
            "geoproximity_routing_policy": [],
            "health_check_id": "",
            "id": "Z0646496AAPDQ6U578F3_api.opalinkapp.com_A",
            "latency_routing_policy": [],
            "multivalue_answer_routing_policy": false,
            "name": "api.opalinkapp.com",
            "records": [],
            "set_identifier": "",
            "timeouts": null,
            "ttl": 0,
            "type": "A",
            "weighted_routing_policy": [],
            "zone_id": "Z0646496AAPDQ6U578F3"
          },
          "sensitive_attributes": [],
          "identity_schema_version": 0,
          "identity": {
            "account_id": "263427518575",
            "name": "api.opalinkapp.com",
            "set_identifier": null,
            "type": "A",
            "zone_id": "Z0646496AAPDQ6U578F3"
          },
          "private": "eyJlMmJmYjczMC1lY2FhLTExZTYtOGY4OC0zNDM2M2JjN2M0YzAiOnsiY3JlYXRlIjoxODAwMDAwMDAwMDAwLCJkZWxldGUiOjE4MDAwMDAwMDAwMDAsInVwZGF0ZSI6MTgwMDAwMDAwMDAwMH0sInNjaGVtYV92ZXJzaW9uIjoiMiJ9",
          "dependencies": [
            "module.load_balancer.aws_lb.lb",
            "module.load_balancer.aws_security_group.lb_sg",
            "module.route53.aws_route53_zone.zone",
            "module.vpc.aws_subnet.public_subnet1",
            "module.vpc.aws_subnet.public_subnet2",
            "module.vpc.aws_subnet.public_subnet3",
            "module.vpc.aws_vpc.vpc"
          ]
        }
      ]
    },
    {
      "module": "module.route53",
      "mode": "managed",
      "type": "aws_route53_record",
      "name": "api_cert_validation",
      "provider": "provider[\"registry.terraform.io/hashicorp/aws\"]",
      "instances": [
        {
          "schema_version": 2,
          "attributes": {
            "alias": [],
            "allow_overwrite": null,
            "cidr_routing_policy": [],
            "failover_routing_policy": [],
            "fqdn": "_d9ec23083772e228078644541f71eddf.api.opalinkapp.com",
            "geolocation_routing_policy": [],
            "geoproximity_routing_policy": [],
            "health_check_id": "",
            "id": "Z0646496AAPDQ6U578F3__d9ec23083772e228078644541f71eddf.api.opalinkapp.com._CNAME",
            "latency_routing_policy": [],
            "multivalue_answer_routing_policy": false,
            "name": "_d9ec23083772e228078644541f71eddf.api.opalinkapp.com",
            "records": [
              "_db80afdb0b95a33937b961c90d482b9f.tftwdmzmwn.acm-validations.aws."
            ],
            "set_identifier": "",
            "timeouts": null,
            "ttl": 300,
            "type": "CNAME",
            "weighted_routing_policy": [],
            "zone_id": "Z0646496AAPDQ6U578F3"
          },
          "sensitive_attributes": [],
          "identity_schema_version": 0,
          "identity": {
            "account_id": "263427518575",
            "name": "_d9ec23083772e228078644541f71eddf.api.opalinkapp.com",
            "set_identifier": null,
            "type": "CNAME",
            "zone_id": "Z0646496AAPDQ6U578F3"
          },
          "private": "eyJlMmJmYjczMC1lY2FhLTExZTYtOGY4OC0zNDM2M2JjN2M0YzAiOnsiY3JlYXRlIjoxODAwMDAwMDAwMDAwLCJkZWxldGUiOjE4MDAwMDAwMDAwMDAsInVwZGF0ZSI6MTgwMDAwMDAwMDAwMH0sInNjaGVtYV92ZXJzaW9uIjoiMiJ9",
          "dependencies": [
            "module.acm.aws_acm_certificate.cert",
            "module.route53.aws_route53_zone.zone"
          ]
        }
      ]
    },
    {
      "module": "module.route53",
      "mode": "managed",
      "type": "aws_route53_zone",
      "name": "zone",
      "provider": "provider[\"registry.terraform.io/hashicorp/aws\"]",
      "instances": [
        {
          "schema_version": 0,
          "attributes": {
            "arn": "arn:aws:route53:::hostedzone/Z0646496AAPDQ6U578F3",
            "comment": "",
            "delegation_set_id": "",
            "force_destroy": null,
            "id": "Z0646496AAPDQ6U578F3",
            "name": "opalinkapp.com",
            "name_servers": [
              "ns-1485.awsdns-57.org",
              "ns-1795.awsdns-32.co.uk",
              "ns-266.awsdns-33.com",
              "ns-597.awsdns-10.net"
            ],
            "primary_name_server": "ns-1795.awsdns-32.co.uk",
            "tags": {},
            "tags_all": {},
            "timeouts": null,
            "vpc": [],
            "zone_id": "Z0646496AAPDQ6U578F3"
          },
          "sensitive_attributes": [],
          "identity_schema_version": 0,
          "private": "eyJlMmJmYjczMC1lY2FhLTExZTYtOGY4OC0zNDM2M2JjN2M0YzAiOnsiY3JlYXRlIjoxODAwMDAwMDAwMDAwLCJkZWxldGUiOjE4MDAwMDAwMDAwMDAsInVwZGF0ZSI6MTgwMDAwMDAwMDAwMH0sInNjaGVtYV92ZXJzaW9uIjoiMCJ9"
        }
      ]
    },
    {
      "module": "module.secrets",
      "mode": "managed",
      "type": "aws_secretsmanager_secret",
      "name": "accounting_secrets",
      "provider": "provider[\"registry.terraform.io/hashicorp/aws\"]",
      "instances": [
        {
          "schema_version": 0,
          "attributes": {
            "arn": "arn:aws:secretsmanager:us-east-1:263427518575:secret:opalink/prod/accounting-ApgplJ",
            "description": "",
            "force_overwrite_replica_secret": null,
            "id": "arn:aws:secretsmanager:us-east-1:263427518575:secret:opalink/prod/accounting-ApgplJ",
            "kms_key_id": "",
            "name": "opalink/prod/accounting",
            "name_prefix": "",
            "policy": "",
            "recovery_window_in_days": null,
            "region": "us-east-1",
            "replica": [],
            "tags": {},
            "tags_all": {}
          },
          "sensitive_attributes": [],
          "identity_schema_version": 0,
          "identity": {
            "arn": "arn:aws:secretsmanager:us-east-1:263427518575:secret:opalink/prod/accounting-ApgplJ"
          },
          "private": "eyJzY2hlbWFfdmVyc2lvbiI6IjAifQ=="
        }
      ]
    },
    {
      "module": "module.secrets",
      "mode": "managed",
      "type": "aws_secretsmanager_secret",
      "name": "app_secrets",
      "provider": "provider[\"registry.terraform.io/hashicorp/aws\"]",
      "instances": [
        {
          "schema_version": 0,
          "attributes": {
            "arn": "arn:aws:secretsmanager:us-east-1:263427518575:secret:opalink/prod/app-secreats-LRAUm9",
            "description": "",
            "force_overwrite_replica_secret": null,
            "id": "arn:aws:secretsmanager:us-east-1:263427518575:secret:opalink/prod/app-secreats-LRAUm9",
            "kms_key_id": "",
            "name": "opalink/prod/app-secreats",
            "name_prefix": "",
            "policy": "",
            "recovery_window_in_days": null,
            "region": "us-east-1",
            "replica": [],
            "tags": {},
            "tags_all": {}
          },
          "sensitive_attributes": [],
          "identity_schema_version": 0,
          "identity": {
            "arn": "arn:aws:secretsmanager:us-east-1:263427518575:secret:opalink/prod/app-secreats-LRAUm9"
          },
          "private": "eyJzY2hlbWFfdmVyc2lvbiI6IjAifQ=="
        }
      ]
    },
    {
      "module": "module.vpc",
      "mode": "managed",
      "type": "aws_eip",
      "name": "nat_eip",
      "provider": "provider[\"registry.terraform.io/hashicorp/aws\"]",
      "instances": [
        {
          "schema_version": 0,
          "attributes": {
            "address": null,
            "allocation_id": "eipalloc-01b86559deb7d93ce",
            "arn": "arn:aws:ec2:us-east-1:263427518575:elastic-ip/eipalloc-01b86559deb7d93ce",
            "associate_with_private_ip": null,
            "association_id": "eipassoc-0eba54374915ff81f",
            "carrier_ip": "",
            "customer_owned_ip": "",
            "customer_owned_ipv4_pool": "",
            "domain": "vpc",
            "id": "eipalloc-01b86559deb7d93ce",
            "instance": "",
            "ipam_pool_id": null,
            "network_border_group": "us-east-1",
            "network_interface": "eni-008cecde3cac9e558",
            "private_dns": "ip-192-168-10-60.ec2.internal",
            "private_ip": "192.168.10.60",
            "ptr_record": "",
            "public_dns": "ec2-3-225-123-158.compute-1.amazonaws.com",
            "public_ip": "3.225.123.158",
            "public_ipv4_pool": "amazon",
            "region": "us-east-1",
            "tags": {},
            "tags_all": {},
            "timeouts": null
          },
          "sensitive_attributes": [],
          "identity_schema_version": 0,
          "private": "eyJlMmJmYjczMC1lY2FhLTExZTYtOGY4OC0zNDM2M2JjN2M0YzAiOnsiZGVsZXRlIjoxODAwMDAwMDAwMDAsInJlYWQiOjkwMDAwMDAwMDAwMCwidXBkYXRlIjozMDAwMDAwMDAwMDB9LCJzY2hlbWFfdmVyc2lvbiI6IjAifQ=="
        }
      ]
    },
    {
      "module": "module.vpc",
      "mode": "managed",
      "type": "aws_internet_gateway",
      "name": "internet_gateway",
      "provider": "provider[\"registry.terraform.io/hashicorp/aws\"]",
      "instances": [
        {
          "schema_version": 0,
          "attributes": {
            "arn": "arn:aws:ec2:us-east-1:263427518575:internet-gateway/igw-07acdab1ea3769889",
            "id": "igw-07acdab1ea3769889",
            "owner_id": "263427518575",
            "region": "us-east-1",
            "tags": {
              "Name": "opalink-production-internet-gateway"
            },
            "tags_all": {
              "Name": "opalink-production-internet-gateway"
            },
            "timeouts": null,
            "vpc_id": "vpc-061e967e475b80600"
          },
          "sensitive_attributes": [],
          "identity_schema_version": 0,
          "private": "eyJlMmJmYjczMC1lY2FhLTExZTYtOGY4OC0zNDM2M2JjN2M0YzAiOnsiY3JlYXRlIjoxMjAwMDAwMDAwMDAwLCJkZWxldGUiOjEyMDAwMDAwMDAwMDAsInVwZGF0ZSI6MTIwMDAwMDAwMDAwMH0sInNjaGVtYV92ZXJzaW9uIjoiMCJ9",
          "dependencies": [
            "module.vpc.aws_vpc.vpc"
          ]
        }
      ]
    },
    {
      "module": "module.vpc",
      "mode": "managed",
      "type": "aws_nat_gateway",
      "name": "nat_gateway",
      "provider": "provider[\"registry.terraform.io/hashicorp/aws\"]",
      "instances": [
        {
          "schema_version": 0,
          "attributes": {
            "allocation_id": "eipalloc-01b86559deb7d93ce",
            "association_id": "eipassoc-0eba54374915ff81f",
            "connectivity_type": "public",
            "id": "nat-07fe67219857c257d",
            "network_interface_id": "eni-008cecde3cac9e558",
            "private_ip": "192.168.10.60",
            "public_ip": "3.225.123.158",
            "region": "us-east-1",
            "secondary_allocation_ids": [],
            "secondary_private_ip_address_count": 0,
            "secondary_private_ip_addresses": [],
            "subnet_id": "subnet-02487c5434c9a1bf7",
            "tags": {
              "Name": "opalink-prod-nat-gateway"
            },
            "tags_all": {
              "Name": "opalink-prod-nat-gateway"
            },
            "timeouts": null
          },
          "sensitive_attributes": [],
          "identity_schema_version": 0,
          "private": "eyJlMmJmYjczMC1lY2FhLTExZTYtOGY4OC0zNDM2M2JjN2M0YzAiOnsiY3JlYXRlIjo2MDAwMDAwMDAwMDAsImRlbGV0ZSI6MTgwMDAwMDAwMDAwMCwidXBkYXRlIjo2MDAwMDAwMDAwMDB9LCJzY2hlbWFfdmVyc2lvbiI6IjAifQ==",
          "dependencies": [
            "module.vpc.aws_eip.nat_eip",
            "module.vpc.aws_subnet.public_subnet1",
            "module.vpc.aws_vpc.vpc"
          ]
        }
      ]
    },
    {
      "module": "module.vpc",
      "mode": "managed",
      "type": "aws_route",
      "name": "private_route_table_app",
      "provider": "provider[\"registry.terraform.io/hashicorp/aws\"]",
      "instances": [
        {
          "schema_version": 0,
          "attributes": {
            "carrier_gateway_id": "",
            "core_network_arn": "",
            "destination_cidr_block": "0.0.0.0/0",
            "destination_ipv6_cidr_block": "",
            "destination_prefix_list_id": "",
            "egress_only_gateway_id": "",
            "gateway_id": "",
            "id": "r-rtb-060a57ce909bbf5d01080289494",
            "instance_id": "",
            "instance_owner_id": "",
            "local_gateway_id": "",
            "nat_gateway_id": "nat-07fe67219857c257d",
            "network_interface_id": "",
            "origin": "CreateRoute",
            "region": "us-east-1",
            "route_table_id": "rtb-060a57ce909bbf5d0",
            "state": "active",
            "timeouts": null,
            "transit_gateway_id": "",
            "vpc_endpoint_id": "",
            "vpc_peering_connection_id": ""
          },
          "sensitive_attributes": [],
          "identity_schema_version": 0,
          "identity": {
            "account_id": "263427518575",
            "destination_cidr_block": "0.0.0.0/0",
            "destination_ipv6_cidr_block": null,
            "destination_prefix_list_id": null,
            "region": "us-east-1",
            "route_table_id": "rtb-060a57ce909bbf5d0"
          },
          "private": "eyJlMmJmYjczMC1lY2FhLTExZTYtOGY4OC0zNDM2M2JjN2M0YzAiOnsiY3JlYXRlIjozMDAwMDAwMDAwMDAsImRlbGV0ZSI6MzAwMDAwMDAwMDAwLCJ1cGRhdGUiOjEyMDAwMDAwMDAwMH0sInNjaGVtYV92ZXJzaW9uIjoiMCJ9",
          "dependencies": [
            "module.vpc.aws_eip.nat_eip",
            "module.vpc.aws_nat_gateway.nat_gateway",
            "module.vpc.aws_route_table.private_route_table_app",
            "module.vpc.aws_subnet.public_subnet1",
            "module.vpc.aws_vpc.vpc"
          ]
        }
      ]
    },
    {
      "module": "module.vpc",
      "mode": "managed",
      "type": "aws_route",
      "name": "private_route_table_db",
      "provider": "provider[\"registry.terraform.io/hashicorp/aws\"]",
      "instances": [
        {
          "schema_version": 0,
          "attributes": {
            "carrier_gateway_id": "",
            "core_network_arn": "",
            "destination_cidr_block": "0.0.0.0/0",
            "destination_ipv6_cidr_block": "",
            "destination_prefix_list_id": "",
            "egress_only_gateway_id": "",
            "gateway_id": "",
            "id": "r-rtb-0054fc85cbf7da9331080289494",
            "instance_id": "",
            "instance_owner_id": "",
            "local_gateway_id": "",
            "nat_gateway_id": "nat-07fe67219857c257d",
            "network_interface_id": "",
            "origin": "CreateRoute",
            "region": "us-east-1",
            "route_table_id": "rtb-0054fc85cbf7da933",
            "state": "active",
            "timeouts": null,
            "transit_gateway_id": "",
            "vpc_endpoint_id": "",
            "vpc_peering_connection_id": ""
          },
          "sensitive_attributes": [],
          "identity_schema_version": 0,
          "identity": {
            "account_id": "263427518575",
            "destination_cidr_block": "0.0.0.0/0",
            "destination_ipv6_cidr_block": null,
            "destination_prefix_list_id": null,
            "region": "us-east-1",
            "route_table_id": "rtb-0054fc85cbf7da933"
          },
          "private": "eyJlMmJmYjczMC1lY2FhLTExZTYtOGY4OC0zNDM2M2JjN2M0YzAiOnsiY3JlYXRlIjozMDAwMDAwMDAwMDAsImRlbGV0ZSI6MzAwMDAwMDAwMDAwLCJ1cGRhdGUiOjEyMDAwMDAwMDAwMH0sInNjaGVtYV92ZXJzaW9uIjoiMCJ9",
          "dependencies": [
            "module.vpc.aws_eip.nat_eip",
            "module.vpc.aws_nat_gateway.nat_gateway",
            "module.vpc.aws_route_table.private_route_table_db",
            "module.vpc.aws_subnet.public_subnet1",
            "module.vpc.aws_vpc.vpc"
          ]
        }
      ]
    },
    {
      "module": "module.vpc",
      "mode": "managed",
      "type": "aws_route",
      "name": "public_route",
      "provider": "provider[\"registry.terraform.io/hashicorp/aws\"]",
      "instances": [
        {
          "schema_version": 0,
          "attributes": {
            "carrier_gateway_id": "",
            "core_network_arn": "",
            "destination_cidr_block": "0.0.0.0/0",
            "destination_ipv6_cidr_block": "",
            "destination_prefix_list_id": "",
            "egress_only_gateway_id": "",
            "gateway_id": "igw-07acdab1ea3769889",
            "id": "r-rtb-03bca50c9854c102a1080289494",
            "instance_id": "",
            "instance_owner_id": "",
            "local_gateway_id": "",
            "nat_gateway_id": "",
            "network_interface_id": "",
            "origin": "CreateRoute",
            "region": "us-east-1",
            "route_table_id": "rtb-03bca50c9854c102a",
            "state": "active",
            "timeouts": null,
            "transit_gateway_id": "",
            "vpc_endpoint_id": "",
            "vpc_peering_connection_id": ""
          },
          "sensitive_attributes": [],
          "identity_schema_version": 0,
          "identity": {
            "account_id": "263427518575",
            "destination_cidr_block": "0.0.0.0/0",
            "destination_ipv6_cidr_block": null,
            "destination_prefix_list_id": null,
            "region": "us-east-1",
            "route_table_id": "rtb-03bca50c9854c102a"
          },
          "private": "eyJlMmJmYjczMC1lY2FhLTExZTYtOGY4OC0zNDM2M2JjN2M0YzAiOnsiY3JlYXRlIjozMDAwMDAwMDAwMDAsImRlbGV0ZSI6MzAwMDAwMDAwMDAwLCJ1cGRhdGUiOjEyMDAwMDAwMDAwMH0sInNjaGVtYV92ZXJzaW9uIjoiMCJ9",
          "dependencies": [
            "module.vpc.aws_internet_gateway.internet_gateway",
            "module.vpc.aws_route_table.public_route_table",
            "module.vpc.aws_vpc.vpc"
          ]
        }
      ]
    },
    {
      "module": "module.vpc",
      "mode": "managed",
      "type": "aws_route_table",
      "name": "private_route_table_app",
      "provider": "provider[\"registry.terraform.io/hashicorp/aws\"]",
      "instances": [
        {
          "schema_version": 0,
          "attributes": {
            "arn": "arn:aws:ec2:us-east-1:263427518575:route-table/rtb-060a57ce909bbf5d0",
            "id": "rtb-060a57ce909bbf5d0",
            "owner_id": "263427518575",
            "propagating_vgws": [],
            "region": "us-east-1",
            "route": [
              {
                "carrier_gateway_id": "",
                "cidr_block": "0.0.0.0/0",
                "core_network_arn": "",
                "destination_prefix_list_id": "",
                "egress_only_gateway_id": "",
                "gateway_id": "",
                "ipv6_cidr_block": "",
                "local_gateway_id": "",
                "nat_gateway_id": "nat-07fe67219857c257d",
                "network_interface_id": "",
                "transit_gateway_id": "",
                "vpc_endpoint_id": "",
                "vpc_peering_connection_id": ""
              }
            ],
            "tags": {
              "Name": "opalink-prod-private-route-table-app"
            },
            "tags_all": {
              "Name": "opalink-prod-private-route-table-app"
            },
            "timeouts": null,
            "vpc_id": "vpc-061e967e475b80600"
          },
          "sensitive_attributes": [],
          "identity_schema_version": 0,
          "identity": {
            "account_id": "263427518575",
            "id": "rtb-060a57ce909bbf5d0",
            "region": "us-east-1"
          },
          "private": "eyJlMmJmYjczMC1lY2FhLTExZTYtOGY4OC0zNDM2M2JjN2M0YzAiOnsiY3JlYXRlIjozMDAwMDAwMDAwMDAsImRlbGV0ZSI6MzAwMDAwMDAwMDAwLCJ1cGRhdGUiOjEyMDAwMDAwMDAwMH0sInNjaGVtYV92ZXJzaW9uIjoiMCJ9",
          "dependencies": [
            "module.vpc.aws_vpc.vpc"
          ]
        }
      ]
    },
    {
      "module": "module.vpc",
      "mode": "managed",
      "type": "aws_route_table",
      "name": "private_route_table_db",
      "provider": "provider[\"registry.terraform.io/hashicorp/aws\"]",
      "instances": [
        {
          "schema_version": 0,
          "attributes": {
            "arn": "arn:aws:ec2:us-east-1:263427518575:route-table/rtb-0054fc85cbf7da933",
            "id": "rtb-0054fc85cbf7da933",
            "owner_id": "263427518575",
            "propagating_vgws": [],
            "region": "us-east-1",
            "route": [
              {
                "carrier_gateway_id": "",
                "cidr_block": "0.0.0.0/0",
                "core_network_arn": "",
                "destination_prefix_list_id": "",
                "egress_only_gateway_id": "",
                "gateway_id": "",
                "ipv6_cidr_block": "",
                "local_gateway_id": "",
                "nat_gateway_id": "nat-07fe67219857c257d",
                "network_interface_id": "",
                "transit_gateway_id": "",
                "vpc_endpoint_id": "",
                "vpc_peering_connection_id": ""
              }
            ],
            "tags": {
              "Name": "opalink-prod-private-route-table-db"
            },
            "tags_all": {
              "Name": "opalink-prod-private-route-table-db"
            },
            "timeouts": null,
            "vpc_id": "vpc-061e967e475b80600"
          },
          "sensitive_attributes": [],
          "identity_schema_version": 0,
          "identity": {
            "account_id": "263427518575",
            "id": "rtb-0054fc85cbf7da933",
            "region": "us-east-1"
          },
          "private": "eyJlMmJmYjczMC1lY2FhLTExZTYtOGY4OC0zNDM2M2JjN2M0YzAiOnsiY3JlYXRlIjozMDAwMDAwMDAwMDAsImRlbGV0ZSI6MzAwMDAwMDAwMDAwLCJ1cGRhdGUiOjEyMDAwMDAwMDAwMH0sInNjaGVtYV92ZXJzaW9uIjoiMCJ9",
          "dependencies": [
            "module.vpc.aws_vpc.vpc"
          ]
        }
      ]
    },
    {
      "module": "module.vpc",
      "mode": "managed",
      "type": "aws_route_table",
      "name": "public_route_table",
      "provider": "provider[\"registry.terraform.io/hashicorp/aws\"]",
      "instances": [
        {
          "schema_version": 0,
          "attributes": {
            "arn": "arn:aws:ec2:us-east-1:263427518575:route-table/rtb-03bca50c9854c102a",
            "id": "rtb-03bca50c9854c102a",
            "owner_id": "263427518575",
            "propagating_vgws": [],
            "region": "us-east-1",
            "route": [
              {
                "carrier_gateway_id": "",
                "cidr_block": "0.0.0.0/0",
                "core_network_arn": "",
                "destination_prefix_list_id": "",
                "egress_only_gateway_id": "",
                "gateway_id": "igw-07acdab1ea3769889",
                "ipv6_cidr_block": "",
                "local_gateway_id": "",
                "nat_gateway_id": "",
                "network_interface_id": "",
                "transit_gateway_id": "",
                "vpc_endpoint_id": "",
                "vpc_peering_connection_id": ""
              }
            ],
            "tags": {
              "Name": "opalink-prod-public-route-table"
            },
            "tags_all": {
              "Name": "opalink-prod-public-route-table"
            },
            "timeouts": null,
            "vpc_id": "vpc-061e967e475b80600"
          },
          "sensitive_attributes": [],
          "identity_schema_version": 0,
          "identity": {
            "account_id": "263427518575",
            "id": "rtb-03bca50c9854c102a",
            "region": "us-east-1"
          },
          "private": "eyJlMmJmYjczMC1lY2FhLTExZTYtOGY4OC0zNDM2M2JjN2M0YzAiOnsiY3JlYXRlIjozMDAwMDAwMDAwMDAsImRlbGV0ZSI6MzAwMDAwMDAwMDAwLCJ1cGRhdGUiOjEyMDAwMDAwMDAwMH0sInNjaGVtYV92ZXJzaW9uIjoiMCJ9",
          "dependencies": [
            "module.vpc.aws_vpc.vpc"
          ]
        }
      ]
    },
    {
      "module": "module.vpc",
      "mode": "managed",
      "type": "aws_route_table_association",
      "name": "private_route_table_app_association1",
      "provider": "provider[\"registry.terraform.io/hashicorp/aws\"]",
      "instances": [
        {
          "schema_version": 0,
          "attributes": {
            "gateway_id": "",
            "id": "rtbassoc-04632901e4400398c",
            "region": "us-east-1",
            "route_table_id": "rtb-060a57ce909bbf5d0",
            "subnet_id": "subnet-07d7e43e5ac5d45df",
            "timeouts": null
          },
          "sensitive_attributes": [],
          "identity_schema_version": 0,
          "private": "eyJlMmJmYjczMC1lY2FhLTExZTYtOGY4OC0zNDM2M2JjN2M0YzAiOnsiY3JlYXRlIjozMDAwMDAwMDAwMDAsImRlbGV0ZSI6MzAwMDAwMDAwMDAwLCJ1cGRhdGUiOjEyMDAwMDAwMDAwMH0sInNjaGVtYV92ZXJzaW9uIjoiMCJ9",
          "dependencies": [
            "module.vpc.aws_route_table.private_route_table_app",
            "module.vpc.aws_subnet.pvt_subnet1",
            "module.vpc.aws_vpc.vpc"
          ]
        }
      ]
    },
    {
      "module": "module.vpc",
      "mode": "managed",
      "type": "aws_route_table_association",
      "name": "private_route_table_app_association2",
      "provider": "provider[\"registry.terraform.io/hashicorp/aws\"]",
      "instances": [
        {
          "schema_version": 0,
          "attributes": {
            "gateway_id": "",
            "id": "rtbassoc-0f323b3d65ae22626",
            "region": "us-east-1",
            "route_table_id": "rtb-060a57ce909bbf5d0",
            "subnet_id": "subnet-024eae79168ce7b83",
            "timeouts": null
          },
          "sensitive_attributes": [],
          "identity_schema_version": 0,
          "private": "eyJlMmJmYjczMC1lY2FhLTExZTYtOGY4OC0zNDM2M2JjN2M0YzAiOnsiY3JlYXRlIjozMDAwMDAwMDAwMDAsImRlbGV0ZSI6MzAwMDAwMDAwMDAwLCJ1cGRhdGUiOjEyMDAwMDAwMDAwMH0sInNjaGVtYV92ZXJzaW9uIjoiMCJ9",
          "dependencies": [
            "module.vpc.aws_route_table.private_route_table_app",
            "module.vpc.aws_subnet.pvt_subnet2",
            "module.vpc.aws_vpc.vpc"
          ]
        }
      ]
    },
    {
      "module": "module.vpc",
      "mode": "managed",
      "type": "aws_route_table_association",
      "name": "private_route_table_app_association3",
      "provider": "provider[\"registry.terraform.io/hashicorp/aws\"]",
      "instances": [
        {
          "schema_version": 0,
          "attributes": {
            "gateway_id": "",
            "id": "rtbassoc-075935c350b081212",
            "region": "us-east-1",
            "route_table_id": "rtb-060a57ce909bbf5d0",
            "subnet_id": "subnet-0b69f9d961f0d658e",
            "timeouts": null
          },
          "sensitive_attributes": [],
          "identity_schema_version": 0,
          "private": "eyJlMmJmYjczMC1lY2FhLTExZTYtOGY4OC0zNDM2M2JjN2M0YzAiOnsiY3JlYXRlIjozMDAwMDAwMDAwMDAsImRlbGV0ZSI6MzAwMDAwMDAwMDAwLCJ1cGRhdGUiOjEyMDAwMDAwMDAwMH0sInNjaGVtYV92ZXJzaW9uIjoiMCJ9",
          "dependencies": [
            "module.vpc.aws_route_table.private_route_table_app",
            "module.vpc.aws_subnet.pvt_subnet3",
            "module.vpc.aws_vpc.vpc"
          ]
        }
      ]
    },
    {
      "module": "module.vpc",
      "mode": "managed",
      "type": "aws_route_table_association",
      "name": "private_rt_assoc_db4",
      "provider": "provider[\"registry.terraform.io/hashicorp/aws\"]",
      "instances": [
        {
          "schema_version": 0,
          "attributes": {
            "gateway_id": "",
            "id": "rtbassoc-062b354ce7bc0fe4e",
            "region": "us-east-1",
            "route_table_id": "rtb-0054fc85cbf7da933",
            "subnet_id": "subnet-0e5d6d6215084f01a",
            "timeouts": null
          },
          "sensitive_attributes": [],
          "identity_schema_version": 0,
          "private": "eyJlMmJmYjczMC1lY2FhLTExZTYtOGY4OC0zNDM2M2JjN2M0YzAiOnsiY3JlYXRlIjozMDAwMDAwMDAwMDAsImRlbGV0ZSI6MzAwMDAwMDAwMDAwLCJ1cGRhdGUiOjEyMDAwMDAwMDAwMH0sInNjaGVtYV92ZXJzaW9uIjoiMCJ9",
          "dependencies": [
            "module.vpc.aws_route_table.private_route_table_db",
            "module.vpc.aws_subnet.pvt_subnet4",
            "module.vpc.aws_vpc.vpc"
          ]
        }
      ]
    },
    {
      "module": "module.vpc",
      "mode": "managed",
      "type": "aws_route_table_association",
      "name": "private_rt_assoc_db5",
      "provider": "provider[\"registry.terraform.io/hashicorp/aws\"]",
      "instances": [
        {
          "schema_version": 0,
          "attributes": {
            "gateway_id": "",
            "id": "rtbassoc-0c4318129f977bc06",
            "region": "us-east-1",
            "route_table_id": "rtb-0054fc85cbf7da933",
            "subnet_id": "subnet-0e04253ebd8aaba34",
            "timeouts": null
          },
          "sensitive_attributes": [],
          "identity_schema_version": 0,
          "private": "eyJlMmJmYjczMC1lY2FhLTExZTYtOGY4OC0zNDM2M2JjN2M0YzAiOnsiY3JlYXRlIjozMDAwMDAwMDAwMDAsImRlbGV0ZSI6MzAwMDAwMDAwMDAwLCJ1cGRhdGUiOjEyMDAwMDAwMDAwMH0sInNjaGVtYV92ZXJzaW9uIjoiMCJ9",
          "dependencies": [
            "module.vpc.aws_route_table.private_route_table_db",
            "module.vpc.aws_subnet.pvt_subnet5",
            "module.vpc.aws_vpc.vpc"
          ]
        }
      ]
    },
    {
      "module": "module.vpc",
      "mode": "managed",
      "type": "aws_route_table_association",
      "name": "private_rt_assoc_db6",
      "provider": "provider[\"registry.terraform.io/hashicorp/aws\"]",
      "instances": [
        {
          "schema_version": 0,
          "attributes": {
            "gateway_id": "",
            "id": "rtbassoc-0cec00b6245b20a7a",
            "region": "us-east-1",
            "route_table_id": "rtb-0054fc85cbf7da933",
            "subnet_id": "subnet-09b4075cfd7920e9b",
            "timeouts": null
          },
          "sensitive_attributes": [],
          "identity_schema_version": 0,
          "private": "eyJlMmJmYjczMC1lY2FhLTExZTYtOGY4OC0zNDM2M2JjN2M0YzAiOnsiY3JlYXRlIjozMDAwMDAwMDAwMDAsImRlbGV0ZSI6MzAwMDAwMDAwMDAwLCJ1cGRhdGUiOjEyMDAwMDAwMDAwMH0sInNjaGVtYV92ZXJzaW9uIjoiMCJ9",
          "dependencies": [
            "module.vpc.aws_route_table.private_route_table_db",
            "module.vpc.aws_subnet.pvt_subnet6",
            "module.vpc.aws_vpc.vpc"
          ]
        }
      ]
    },
    {
      "module": "module.vpc",
      "mode": "managed",
      "type": "aws_route_table_association",
      "name": "public_rt_assoc",
      "provider": "provider[\"registry.terraform.io/hashicorp/aws\"]",
      "instances": [
        {
          "schema_version": 0,
          "attributes": {
            "gateway_id": "",
            "id": "rtbassoc-075871b85b5801334",
            "region": "us-east-1",
            "route_table_id": "rtb-03bca50c9854c102a",
            "subnet_id": "subnet-02487c5434c9a1bf7",
            "timeouts": null
          },
          "sensitive_attributes": [],
          "identity_schema_version": 0,
          "private": "eyJlMmJmYjczMC1lY2FhLTExZTYtOGY4OC0zNDM2M2JjN2M0YzAiOnsiY3JlYXRlIjozMDAwMDAwMDAwMDAsImRlbGV0ZSI6MzAwMDAwMDAwMDAwLCJ1cGRhdGUiOjEyMDAwMDAwMDAwMH0sInNjaGVtYV92ZXJzaW9uIjoiMCJ9",
          "dependencies": [
            "module.vpc.aws_route_table.public_route_table",
            "module.vpc.aws_subnet.public_subnet1",
            "module.vpc.aws_vpc.vpc"
          ]
        }
      ]
    },
    {
      "module": "module.vpc",
      "mode": "managed",
      "type": "aws_route_table_association",
      "name": "public_rt_assoc2",
      "provider": "provider[\"registry.terraform.io/hashicorp/aws\"]",
      "instances": [
        {
          "schema_version": 0,
          "attributes": {
            "gateway_id": "",
            "id": "rtbassoc-0f36798f99b7add71",
            "region": "us-east-1",
            "route_table_id": "rtb-03bca50c9854c102a",
            "subnet_id": "subnet-0f5a75808c0b61c48",
            "timeouts": null
          },
          "sensitive_attributes": [],
          "identity_schema_version": 0,
          "private": "eyJlMmJmYjczMC1lY2FhLTExZTYtOGY4OC0zNDM2M2JjN2M0YzAiOnsiY3JlYXRlIjozMDAwMDAwMDAwMDAsImRlbGV0ZSI6MzAwMDAwMDAwMDAwLCJ1cGRhdGUiOjEyMDAwMDAwMDAwMH0sInNjaGVtYV92ZXJzaW9uIjoiMCJ9",
          "dependencies": [
            "module.vpc.aws_route_table.public_route_table",
            "module.vpc.aws_subnet.public_subnet2",
            "module.vpc.aws_vpc.vpc"
          ]
        }
      ]
    },
    {
      "module": "module.vpc",
      "mode": "managed",
      "type": "aws_route_table_association",
      "name": "public_rt_assoc3",
      "provider": "provider[\"registry.terraform.io/hashicorp/aws\"]",
      "instances": [
        {
          "schema_version": 0,
          "attributes": {
            "gateway_id": "",
            "id": "rtbassoc-0254209d3aa164d6a",
            "region": "us-east-1",
            "route_table_id": "rtb-03bca50c9854c102a",
            "subnet_id": "subnet-0005db19f81ad9a92",
            "timeouts": null
          },
          "sensitive_attributes": [],
          "identity_schema_version": 0,
          "private": "eyJlMmJmYjczMC1lY2FhLTExZTYtOGY4OC0zNDM2M2JjN2M0YzAiOnsiY3JlYXRlIjozMDAwMDAwMDAwMDAsImRlbGV0ZSI6MzAwMDAwMDAwMDAwLCJ1cGRhdGUiOjEyMDAwMDAwMDAwMH0sInNjaGVtYV92ZXJzaW9uIjoiMCJ9",
          "dependencies": [
            "module.vpc.aws_route_table.public_route_table",
            "module.vpc.aws_subnet.public_subnet3",
            "module.vpc.aws_vpc.vpc"
          ]
        }
      ]
    },
    {
      "module": "module.vpc",
      "mode": "managed",
      "type": "aws_subnet",
      "name": "public_subnet1",
      "provider": "provider[\"registry.terraform.io/hashicorp/aws\"]",
      "instances": [
        {
          "schema_version": 1,
          "attributes": {
            "arn": "arn:aws:ec2:us-east-1:263427518575:subnet/subnet-02487c5434c9a1bf7",
            "assign_ipv6_address_on_creation": false,
            "availability_zone": "us-east-1a",
            "availability_zone_id": "use1-az2",
            "cidr_block": "192.168.10.0/24",
            "customer_owned_ipv4_pool": "",
            "enable_dns64": false,
            "enable_lni_at_device_index": 0,
            "enable_resource_name_dns_a_record_on_launch": false,
            "enable_resource_name_dns_aaaa_record_on_launch": false,
            "id": "subnet-02487c5434c9a1bf7",
            "ipv6_cidr_block": "",
            "ipv6_cidr_block_association_id": "",
            "ipv6_native": false,
            "map_customer_owned_ip_on_launch": false,
            "map_public_ip_on_launch": false,
            "outpost_arn": "",
            "owner_id": "263427518575",
            "private_dns_hostname_type_on_launch": "ip-name",
            "region": "us-east-1",
            "tags": {
              "Name": "opalink-prod-public-subnet1-useast-1a"
            },
            "tags_all": {
              "Name": "opalink-prod-public-subnet1-useast-1a"
            },
            "timeouts": null,
            "vpc_id": "vpc-061e967e475b80600"
          },
          "sensitive_attributes": [],
          "identity_schema_version": 0,
          "identity": {
            "account_id": "263427518575",
            "id": "subnet-02487c5434c9a1bf7",
            "region": "us-east-1"
          },
          "private": "eyJlMmJmYjczMC1lY2FhLTExZTYtOGY4OC0zNDM2M2JjN2M0YzAiOnsiY3JlYXRlIjo2MDAwMDAwMDAwMDAsImRlbGV0ZSI6MTIwMDAwMDAwMDAwMH0sInNjaGVtYV92ZXJzaW9uIjoiMSJ9",
          "dependencies": [
            "module.vpc.aws_vpc.vpc"
          ]
        }
      ]
    },
    {
      "module": "module.vpc",
      "mode": "managed",
      "type": "aws_subnet",
      "name": "public_subnet2",
      "provider": "provider[\"registry.terraform.io/hashicorp/aws\"]",
      "instances": [
        {
          "schema_version": 1,
          "attributes": {
            "arn": "arn:aws:ec2:us-east-1:263427518575:subnet/subnet-0f5a75808c0b61c48",
            "assign_ipv6_address_on_creation": false,
            "availability_zone": "us-east-1b",
            "availability_zone_id": "use1-az4",
            "cidr_block": "192.168.40.0/24",
            "customer_owned_ipv4_pool": "",
            "enable_dns64": false,
            "enable_lni_at_device_index": 0,
            "enable_resource_name_dns_a_record_on_launch": false,
            "enable_resource_name_dns_aaaa_record_on_launch": false,
            "id": "subnet-0f5a75808c0b61c48",
            "ipv6_cidr_block": "",
            "ipv6_cidr_block_association_id": "",
            "ipv6_native": false,
            "map_customer_owned_ip_on_launch": false,
            "map_public_ip_on_launch": false,
            "outpost_arn": "",
            "owner_id": "263427518575",
            "private_dns_hostname_type_on_launch": "ip-name",
            "region": "us-east-1",
            "tags": {
              "Name": "opalink-prod-public-subnet2-useast-1b"
            },
            "tags_all": {
              "Name": "opalink-prod-public-subnet2-useast-1b"
            },
            "timeouts": null,
            "vpc_id": "vpc-061e967e475b80600"
          },
          "sensitive_attributes": [],
          "identity_schema_version": 0,
          "identity": {
            "account_id": "263427518575",
            "id": "subnet-0f5a75808c0b61c48",
            "region": "us-east-1"
          },
          "private": "eyJlMmJmYjczMC1lY2FhLTExZTYtOGY4OC0zNDM2M2JjN2M0YzAiOnsiY3JlYXRlIjo2MDAwMDAwMDAwMDAsImRlbGV0ZSI6MTIwMDAwMDAwMDAwMH0sInNjaGVtYV92ZXJzaW9uIjoiMSJ9",
          "dependencies": [
            "module.vpc.aws_vpc.vpc"
          ]
        }
      ]
    },
    {
      "module": "module.vpc",
      "mode": "managed",
      "type": "aws_subnet",
      "name": "public_subnet3",
      "provider": "provider[\"registry.terraform.io/hashicorp/aws\"]",
      "instances": [
        {
          "schema_version": 1,
          "attributes": {
            "arn": "arn:aws:ec2:us-east-1:263427518575:subnet/subnet-0005db19f81ad9a92",
            "assign_ipv6_address_on_creation": false,
            "availability_zone": "us-east-1c",
            "availability_zone_id": "use1-az6",
            "cidr_block": "192.168.70.0/24",
            "customer_owned_ipv4_pool": "",
            "enable_dns64": false,
            "enable_lni_at_device_index": 0,
            "enable_resource_name_dns_a_record_on_launch": false,
            "enable_resource_name_dns_aaaa_record_on_launch": false,
            "id": "subnet-0005db19f81ad9a92",
            "ipv6_cidr_block": "",
            "ipv6_cidr_block_association_id": "",
            "ipv6_native": false,
            "map_customer_owned_ip_on_launch": false,
            "map_public_ip_on_launch": false,
            "outpost_arn": "",
            "owner_id": "263427518575",
            "private_dns_hostname_type_on_launch": "ip-name",
            "region": "us-east-1",
            "tags": {
              "Name": "opalink-prod-public-subnet3-useast-1c"
            },
            "tags_all": {
              "Name": "opalink-prod-public-subnet3-useast-1c"
            },
            "timeouts": null,
            "vpc_id": "vpc-061e967e475b80600"
          },
          "sensitive_attributes": [],
          "identity_schema_version": 0,
          "identity": {
            "account_id": "263427518575",
            "id": "subnet-0005db19f81ad9a92",
            "region": "us-east-1"
          },
          "private": "eyJlMmJmYjczMC1lY2FhLTExZTYtOGY4OC0zNDM2M2JjN2M0YzAiOnsiY3JlYXRlIjo2MDAwMDAwMDAwMDAsImRlbGV0ZSI6MTIwMDAwMDAwMDAwMH0sInNjaGVtYV92ZXJzaW9uIjoiMSJ9",
          "dependencies": [
            "module.vpc.aws_vpc.vpc"
          ]
        }
      ]
    },
    {
      "module": "module.vpc",
      "mode": "managed",
      "type": "aws_subnet",
      "name": "pvt_subnet1",
      "provider": "provider[\"registry.terraform.io/hashicorp/aws\"]",
      "instances": [
        {
          "schema_version": 1,
          "attributes": {
            "arn": "arn:aws:ec2:us-east-1:263427518575:subnet/subnet-07d7e43e5ac5d45df",
            "assign_ipv6_address_on_creation": false,
            "availability_zone": "us-east-1a",
            "availability_zone_id": "use1-az2",
            "cidr_block": "192.168.100.0/24",
            "customer_owned_ipv4_pool": "",
            "enable_dns64": false,
            "enable_lni_at_device_index": 0,
            "enable_resource_name_dns_a_record_on_launch": false,
            "enable_resource_name_dns_aaaa_record_on_launch": false,
            "id": "subnet-07d7e43e5ac5d45df",
            "ipv6_cidr_block": "",
            "ipv6_cidr_block_association_id": "",
            "ipv6_native": false,
            "map_customer_owned_ip_on_launch": false,
            "map_public_ip_on_launch": false,
            "outpost_arn": "",
            "owner_id": "263427518575",
            "private_dns_hostname_type_on_launch": "ip-name",
            "region": "us-east-1",
            "tags": {
              "Name": "opalink-prod-private-subnet1-useast-1a-app"
            },
            "tags_all": {
              "Name": "opalink-prod-private-subnet1-useast-1a-app"
            },
            "timeouts": null,
            "vpc_id": "vpc-061e967e475b80600"
          },
          "sensitive_attributes": [],
          "identity_schema_version": 0,
          "identity": {
            "account_id": "263427518575",
            "id": "subnet-07d7e43e5ac5d45df",
            "region": "us-east-1"
          },
          "private": "eyJlMmJmYjczMC1lY2FhLTExZTYtOGY4OC0zNDM2M2JjN2M0YzAiOnsiY3JlYXRlIjo2MDAwMDAwMDAwMDAsImRlbGV0ZSI6MTIwMDAwMDAwMDAwMH0sInNjaGVtYV92ZXJzaW9uIjoiMSJ9",
          "dependencies": [
            "module.vpc.aws_vpc.vpc"
          ]
        }
      ]
    },
    {
      "module": "module.vpc",
      "mode": "managed",
      "type": "aws_subnet",
      "name": "pvt_subnet2",
      "provider": "provider[\"registry.terraform.io/hashicorp/aws\"]",
      "instances": [
        {
          "schema_version": 1,
          "attributes": {
            "arn": "arn:aws:ec2:us-east-1:263427518575:subnet/subnet-024eae79168ce7b83",
            "assign_ipv6_address_on_creation": false,
            "availability_zone": "us-east-1b",
            "availability_zone_id": "use1-az4",
            "cidr_block": "192.168.130.0/24",
            "customer_owned_ipv4_pool": "",
            "enable_dns64": false,
            "enable_lni_at_device_index": 0,
            "enable_resource_name_dns_a_record_on_launch": false,
            "enable_resource_name_dns_aaaa_record_on_launch": false,
            "id": "subnet-024eae79168ce7b83",
            "ipv6_cidr_block": "",
            "ipv6_cidr_block_association_id": "",
            "ipv6_native": false,
            "map_customer_owned_ip_on_launch": false,
            "map_public_ip_on_launch": false,
            "outpost_arn": "",
            "owner_id": "263427518575",
            "private_dns_hostname_type_on_launch": "ip-name",
            "region": "us-east-1",
            "tags": {
              "Name": "opalink-prod-private-subnet2-useast-1b-app"
            },
            "tags_all": {
              "Name": "opalink-prod-private-subnet2-useast-1b-app"
            },
            "timeouts": null,
            "vpc_id": "vpc-061e967e475b80600"
          },
          "sensitive_attributes": [],
          "identity_schema_version": 0,
          "identity": {
            "account_id": "263427518575",
            "id": "subnet-024eae79168ce7b83",
            "region": "us-east-1"
          },
          "private": "eyJlMmJmYjczMC1lY2FhLTExZTYtOGY4OC0zNDM2M2JjN2M0YzAiOnsiY3JlYXRlIjo2MDAwMDAwMDAwMDAsImRlbGV0ZSI6MTIwMDAwMDAwMDAwMH0sInNjaGVtYV92ZXJzaW9uIjoiMSJ9",
          "dependencies": [
            "module.vpc.aws_vpc.vpc"
          ]
        }
      ]
    },
    {
      "module": "module.vpc",
      "mode": "managed",
      "type": "aws_subnet",
      "name": "pvt_subnet3",
      "provider": "provider[\"registry.terraform.io/hashicorp/aws\"]",
      "instances": [
        {
          "schema_version": 1,
          "attributes": {
            "arn": "arn:aws:ec2:us-east-1:263427518575:subnet/subnet-0b69f9d961f0d658e",
            "assign_ipv6_address_on_creation": false,
            "availability_zone": "us-east-1c",
            "availability_zone_id": "use1-az6",
            "cidr_block": "192.168.160.0/24",
            "customer_owned_ipv4_pool": "",
            "enable_dns64": false,
            "enable_lni_at_device_index": 0,
            "enable_resource_name_dns_a_record_on_launch": false,
            "enable_resource_name_dns_aaaa_record_on_launch": false,
            "id": "subnet-0b69f9d961f0d658e",
            "ipv6_cidr_block": "",
            "ipv6_cidr_block_association_id": "",
            "ipv6_native": false,
            "map_customer_owned_ip_on_launch": false,
            "map_public_ip_on_launch": false,
            "outpost_arn": "",
            "owner_id": "263427518575",
            "private_dns_hostname_type_on_launch": "ip-name",
            "region": "us-east-1",
            "tags": {
              "Name": "opalink-prod-private-subnet3-useast-1c-app"
            },
            "tags_all": {
              "Name": "opalink-prod-private-subnet3-useast-1c-app"
            },
            "timeouts": null,
            "vpc_id": "vpc-061e967e475b80600"
          },
          "sensitive_attributes": [],
          "identity_schema_version": 0,
          "identity": {
            "account_id": "263427518575",
            "id": "subnet-0b69f9d961f0d658e",
            "region": "us-east-1"
          },
          "private": "eyJlMmJmYjczMC1lY2FhLTExZTYtOGY4OC0zNDM2M2JjN2M0YzAiOnsiY3JlYXRlIjo2MDAwMDAwMDAwMDAsImRlbGV0ZSI6MTIwMDAwMDAwMDAwMH0sInNjaGVtYV92ZXJzaW9uIjoiMSJ9",
          "dependencies": [
            "module.vpc.aws_vpc.vpc"
          ]
        }
      ]
    },
    {
      "module": "module.vpc",
      "mode": "managed",
      "type": "aws_subnet",
      "name": "pvt_subnet4",
      "provider": "provider[\"registry.terraform.io/hashicorp/aws\"]",
      "instances": [
        {
          "schema_version": 1,
          "attributes": {
            "arn": "arn:aws:ec2:us-east-1:263427518575:subnet/subnet-0e5d6d6215084f01a",
            "assign_ipv6_address_on_creation": false,
            "availability_zone": "us-east-1a",
            "availability_zone_id": "use1-az2",
            "cidr_block": "192.168.190.0/24",
            "customer_owned_ipv4_pool": "",
            "enable_dns64": false,
            "enable_lni_at_device_index": 0,
            "enable_resource_name_dns_a_record_on_launch": false,
            "enable_resource_name_dns_aaaa_record_on_launch": false,
            "id": "subnet-0e5d6d6215084f01a",
            "ipv6_cidr_block": "",
            "ipv6_cidr_block_association_id": "",
            "ipv6_native": false,
            "map_customer_owned_ip_on_launch": false,
            "map_public_ip_on_launch": false,
            "outpost_arn": "",
            "owner_id": "263427518575",
            "private_dns_hostname_type_on_launch": "ip-name",
            "region": "us-east-1",
            "tags": {
              "Name": "opalink-prod-private-subnet4-useast-1a-db"
            },
            "tags_all": {
              "Name": "opalink-prod-private-subnet4-useast-1a-db"
            },
            "timeouts": null,
            "vpc_id": "vpc-061e967e475b80600"
          },
          "sensitive_attributes": [],
          "identity_schema_version": 0,
          "identity": {
            "account_id": "263427518575",
            "id": "subnet-0e5d6d6215084f01a",
            "region": "us-east-1"
          },
          "private": "eyJlMmJmYjczMC1lY2FhLTExZTYtOGY4OC0zNDM2M2JjN2M0YzAiOnsiY3JlYXRlIjo2MDAwMDAwMDAwMDAsImRlbGV0ZSI6MTIwMDAwMDAwMDAwMH0sInNjaGVtYV92ZXJzaW9uIjoiMSJ9",
          "dependencies": [
            "module.vpc.aws_vpc.vpc"
          ]
        }
      ]
    },
    {
      "module": "module.vpc",
      "mode": "managed",
      "type": "aws_subnet",
      "name": "pvt_subnet5",
      "provider": "provider[\"registry.terraform.io/hashicorp/aws\"]",
      "instances": [
        {
          "schema_version": 1,
          "attributes": {
            "arn": "arn:aws:ec2:us-east-1:263427518575:subnet/subnet-0e04253ebd8aaba34",
            "assign_ipv6_address_on_creation": false,
            "availability_zone": "us-east-1b",
            "availability_zone_id": "use1-az4",
            "cidr_block": "192.168.220.0/24",
            "customer_owned_ipv4_pool": "",
            "enable_dns64": false,
            "enable_lni_at_device_index": 0,
            "enable_resource_name_dns_a_record_on_launch": false,
            "enable_resource_name_dns_aaaa_record_on_launch": false,
            "id": "subnet-0e04253ebd8aaba34",
            "ipv6_cidr_block": "",
            "ipv6_cidr_block_association_id": "",
            "ipv6_native": false,
            "map_customer_owned_ip_on_launch": false,
            "map_public_ip_on_launch": false,
            "outpost_arn": "",
            "owner_id": "263427518575",
            "private_dns_hostname_type_on_launch": "ip-name",
            "region": "us-east-1",
            "tags": {
              "Name": "opalink-prod-private-subnet5-useast-1b-db"
            },
            "tags_all": {
              "Name": "opalink-prod-private-subnet5-useast-1b-db"
            },
            "timeouts": null,
            "vpc_id": "vpc-061e967e475b80600"
          },
          "sensitive_attributes": [],
          "identity_schema_version": 0,
          "identity": {
            "account_id": "263427518575",
            "id": "subnet-0e04253ebd8aaba34",
            "region": "us-east-1"
          },
          "private": "eyJlMmJmYjczMC1lY2FhLTExZTYtOGY4OC0zNDM2M2JjN2M0YzAiOnsiY3JlYXRlIjo2MDAwMDAwMDAwMDAsImRlbGV0ZSI6MTIwMDAwMDAwMDAwMH0sInNjaGVtYV92ZXJzaW9uIjoiMSJ9",
          "dependencies": [
            "module.vpc.aws_vpc.vpc"
          ]
        }
      ]
    },
    {
      "module": "module.vpc",
      "mode": "managed",
      "type": "aws_subnet",
      "name": "pvt_subnet6",
      "provider": "provider[\"registry.terraform.io/hashicorp/aws\"]",
      "instances": [
        {
          "schema_version": 1,
          "attributes": {
            "arn": "arn:aws:ec2:us-east-1:263427518575:subnet/subnet-09b4075cfd7920e9b",
            "assign_ipv6_address_on_creation": false,
            "availability_zone": "us-east-1c",
            "availability_zone_id": "use1-az6",
            "cidr_block": "192.168.250.0/24",
            "customer_owned_ipv4_pool": "",
            "enable_dns64": false,
            "enable_lni_at_device_index": 0,
            "enable_resource_name_dns_a_record_on_launch": false,
            "enable_resource_name_dns_aaaa_record_on_launch": false,
            "id": "subnet-09b4075cfd7920e9b",
            "ipv6_cidr_block": "",
            "ipv6_cidr_block_association_id": "",
            "ipv6_native": false,
            "map_customer_owned_ip_on_launch": false,
            "map_public_ip_on_launch": false,
            "outpost_arn": "",
            "owner_id": "263427518575",
            "private_dns_hostname_type_on_launch": "ip-name",
            "region": "us-east-1",
            "tags": {
              "Name": "opalink-prod-private-subnet6-useast-1c-db"
            },
            "tags_all": {
              "Name": "opalink-prod-private-subnet6-useast-1c-db"
            },
            "timeouts": null,
            "vpc_id": "vpc-061e967e475b80600"
          },
          "sensitive_attributes": [],
          "identity_schema_version": 0,
          "identity": {
            "account_id": "263427518575",
            "id": "subnet-09b4075cfd7920e9b",
            "region": "us-east-1"
          },
          "private": "eyJlMmJmYjczMC1lY2FhLTExZTYtOGY4OC0zNDM2M2JjN2M0YzAiOnsiY3JlYXRlIjo2MDAwMDAwMDAwMDAsImRlbGV0ZSI6MTIwMDAwMDAwMDAwMH0sInNjaGVtYV92ZXJzaW9uIjoiMSJ9",
          "dependencies": [
            "module.vpc.aws_vpc.vpc"
          ]
        }
      ]
    },
    {
      "module": "module.vpc",
      "mode": "managed",
      "type": "aws_vpc",
      "name": "vpc",
      "provider": "provider[\"registry.terraform.io/hashicorp/aws\"]",
      "instances": [
        {
          "schema_version": 1,
          "attributes": {
            "arn": "arn:aws:ec2:us-east-1:263427518575:vpc/vpc-061e967e475b80600",
            "assign_generated_ipv6_cidr_block": false,
            "cidr_block": "192.168.0.0/16",
            "default_network_acl_id": "acl-08c5b67635e665130",
            "default_route_table_id": "rtb-0eed272021c26a1b6",
            "default_security_group_id": "sg-04b009d3c33ae0ca7",
            "dhcp_options_id": "dopt-0eba5a469c9ac6b39",
            "enable_dns_hostnames": false,
            "enable_dns_support": true,
            "enable_network_address_usage_metrics": false,
            "id": "vpc-061e967e475b80600",
            "instance_tenancy": "default",
            "ipv4_ipam_pool_id": null,
            "ipv4_netmask_length": null,
            "ipv6_association_id": "",
            "ipv6_cidr_block": "",
            "ipv6_cidr_block_network_border_group": "",
            "ipv6_ipam_pool_id": "",
            "ipv6_netmask_length": 0,
            "main_route_table_id": "rtb-0eed272021c26a1b6",
            "owner_id": "263427518575",
            "region": "us-east-1",
            "tags": {
              "Name": "opalink-prod"
            },
            "tags_all": {
              "Name": "opalink-prod"
            }
          },
          "sensitive_attributes": [],
          "identity_schema_version": 0,
          "identity": {
            "account_id": "263427518575",
            "id": "vpc-061e967e475b80600",
            "region": "us-east-1"
          },
          "private": "eyJzY2hlbWFfdmVyc2lvbiI6IjEifQ=="
        }
      ]
    }
  ],
  "check_results": null
}
